// !$*UTF8*$!
{
	archiveVersion = 1;
	classes = {
	};
	objectVersion = 46;
	objects = {

/* Begin PBXBuildFile section */
		3B3440411DA24AF90027412A /* PandaSession.swift in Sources */ = {isa = PBXBuildFile; fileRef = 3B3440401DA24AF90027412A /* PandaSession.swift */; };
		3B3440421DA24AF90027412A /* PandaSession.swift in Sources */ = {isa = PBXBuildFile; fileRef = 3B3440401DA24AF90027412A /* PandaSession.swift */; };
		3B3440441DA24D280027412A /* User.swift in Sources */ = {isa = PBXBuildFile; fileRef = 3B3440431DA24D280027412A /* User.swift */; };
		3B3440451DA24D280027412A /* User.swift in Sources */ = {isa = PBXBuildFile; fileRef = 3B3440431DA24D280027412A /* User.swift */; };
		3B3440471DA293E30027412A /* SessionChannelHandler.swift in Sources */ = {isa = PBXBuildFile; fileRef = 3B3440461DA293E30027412A /* SessionChannelHandler.swift */; };
		3B3440481DA293E30027412A /* SessionChannelHandler.swift in Sources */ = {isa = PBXBuildFile; fileRef = 3B3440461DA293E30027412A /* SessionChannelHandler.swift */; };
		3B38AB961DA10E0C0011EF08 /* Panda.framework in Frameworks */ = {isa = PBXBuildFile; fileRef = 3B38AB8C1DA10E0C0011EF08 /* Panda.framework */; };
		3B38AB9B1DA10E0C0011EF08 /* PandaTests.swift in Sources */ = {isa = PBXBuildFile; fileRef = 3B38AB9A1DA10E0C0011EF08 /* PandaTests.swift */; };
		3B38ABB01DA10E7F0011EF08 /* ChannelHandler.swift in Sources */ = {isa = PBXBuildFile; fileRef = 3B38ABA61DA10E7F0011EF08 /* ChannelHandler.swift */; };
		3B38ABB11DA10E7F0011EF08 /* ConnectedState.swift in Sources */ = {isa = PBXBuildFile; fileRef = 3B38ABA71DA10E7F0011EF08 /* ConnectedState.swift */; };
		3B38ABB21DA10E7F0011EF08 /* DisconnectedState.swift in Sources */ = {isa = PBXBuildFile; fileRef = 3B38ABA81DA10E7F0011EF08 /* DisconnectedState.swift */; };
		3B38ABB31DA10E7F0011EF08 /* Estimate.swift in Sources */ = {isa = PBXBuildFile; fileRef = 3B38ABA91DA10E7F0011EF08 /* Estimate.swift */; };
		3B38ABB41DA10E7F0011EF08 /* EstimationChannelHandler.swift in Sources */ = {isa = PBXBuildFile; fileRef = 3B38ABAA1DA10E7F0011EF08 /* EstimationChannelHandler.swift */; };
		3B38ABB51DA10E7F0011EF08 /* Info.plist in Resources */ = {isa = PBXBuildFile; fileRef = 3B38ABAB1DA10E7F0011EF08 /* Info.plist */; };
		3B38ABB61DA10E7F0011EF08 /* Panda.h in Headers */ = {isa = PBXBuildFile; fileRef = 3B38ABAC1DA10E7F0011EF08 /* Panda.h */; settings = {ATTRIBUTES = (Public, ); }; };
		3B38ABB71DA10E7F0011EF08 /* PandaAPI.swift in Sources */ = {isa = PBXBuildFile; fileRef = 3B38ABAD1DA10E7F0011EF08 /* PandaAPI.swift */; };
		3B38ABB81DA10E7F0011EF08 /* PandaConnection.swift in Sources */ = {isa = PBXBuildFile; fileRef = 3B38ABAE1DA10E7F0011EF08 /* PandaConnection.swift */; };
		3B38ABB91DA10E7F0011EF08 /* PlaygroundChannelHandler.swift in Sources */ = {isa = PBXBuildFile; fileRef = 3B38ABAF1DA10E7F0011EF08 /* PlaygroundChannelHandler.swift */; };
		3B5A27E41DA19DA500E55B01 /* Channel.swift in Sources */ = {isa = PBXBuildFile; fileRef = 3B5A27821DA19D6500E55B01 /* Channel.swift */; };
		3B5A27E51DA19DA500E55B01 /* Presence.swift in Sources */ = {isa = PBXBuildFile; fileRef = 3B5A27831DA19D6500E55B01 /* Presence.swift */; };
		3B5A27E61DA19DA500E55B01 /* Push.swift in Sources */ = {isa = PBXBuildFile; fileRef = 3B5A27841DA19D6500E55B01 /* Push.swift */; };
		3B5A27E71DA19DA500E55B01 /* Response.swift in Sources */ = {isa = PBXBuildFile; fileRef = 3B5A27851DA19D6500E55B01 /* Response.swift */; };
		3B5A27E81DA19DA500E55B01 /* Socket.swift in Sources */ = {isa = PBXBuildFile; fileRef = 3B5A27861DA19D6500E55B01 /* Socket.swift */; };
		3B5A27E91DA19DA600E55B01 /* Channel.swift in Sources */ = {isa = PBXBuildFile; fileRef = 3B5A27821DA19D6500E55B01 /* Channel.swift */; };
		3B5A27EA1DA19DA600E55B01 /* Presence.swift in Sources */ = {isa = PBXBuildFile; fileRef = 3B5A27831DA19D6500E55B01 /* Presence.swift */; };
		3B5A27EB1DA19DA600E55B01 /* Push.swift in Sources */ = {isa = PBXBuildFile; fileRef = 3B5A27841DA19D6500E55B01 /* Push.swift */; };
		3B5A27EC1DA19DA600E55B01 /* Response.swift in Sources */ = {isa = PBXBuildFile; fileRef = 3B5A27851DA19D6500E55B01 /* Response.swift */; };
		3B5A27ED1DA19DA600E55B01 /* Socket.swift in Sources */ = {isa = PBXBuildFile; fileRef = 3B5A27861DA19D6500E55B01 /* Socket.swift */; };
		3B607D511DA1296E008D7A82 /* Panda.framework in Frameworks */ = {isa = PBXBuildFile; fileRef = 3B607D481DA1296E008D7A82 /* Panda.framework */; };
		3B607D561DA1296E008D7A82 /* Panda_macOSTests.swift in Sources */ = {isa = PBXBuildFile; fileRef = 3B607D551DA1296E008D7A82 /* Panda_macOSTests.swift */; };
		3B607D661DA15C57008D7A82 /* ChannelHandler.swift in Sources */ = {isa = PBXBuildFile; fileRef = 3B38ABA61DA10E7F0011EF08 /* ChannelHandler.swift */; };
		3B607D671DA15C57008D7A82 /* ConnectedState.swift in Sources */ = {isa = PBXBuildFile; fileRef = 3B38ABA71DA10E7F0011EF08 /* ConnectedState.swift */; };
		3B607D681DA15C57008D7A82 /* DisconnectedState.swift in Sources */ = {isa = PBXBuildFile; fileRef = 3B38ABA81DA10E7F0011EF08 /* DisconnectedState.swift */; };
		3B607D691DA15C57008D7A82 /* Estimate.swift in Sources */ = {isa = PBXBuildFile; fileRef = 3B38ABA91DA10E7F0011EF08 /* Estimate.swift */; };
		3B607D6A1DA15C57008D7A82 /* EstimationChannelHandler.swift in Sources */ = {isa = PBXBuildFile; fileRef = 3B38ABAA1DA10E7F0011EF08 /* EstimationChannelHandler.swift */; };
		3B607D6B1DA15C57008D7A82 /* PandaAPI.swift in Sources */ = {isa = PBXBuildFile; fileRef = 3B38ABAD1DA10E7F0011EF08 /* PandaAPI.swift */; };
		3B607D6C1DA15C57008D7A82 /* PandaConnection.swift in Sources */ = {isa = PBXBuildFile; fileRef = 3B38ABAE1DA10E7F0011EF08 /* PandaConnection.swift */; };
		3B607D6D1DA15C57008D7A82 /* PlaygroundChannelHandler.swift in Sources */ = {isa = PBXBuildFile; fileRef = 3B38ABAF1DA10E7F0011EF08 /* PlaygroundChannelHandler.swift */; };
		3B607D6F1DA15C9A008D7A82 /* Panda.h in Headers */ = {isa = PBXBuildFile; fileRef = 3B38ABAC1DA10E7F0011EF08 /* Panda.h */; settings = {ATTRIBUTES = (Public, ); }; };
		3B69C94B1DDF7947005E8122 /* UserEstimation.swift in Sources */ = {isa = PBXBuildFile; fileRef = 3B69C94A1DDF7947005E8122 /* UserEstimation.swift */; };
		3B69C94C1DDF7947005E8122 /* UserEstimation.swift in Sources */ = {isa = PBXBuildFile; fileRef = 3B69C94A1DDF7947005E8122 /* UserEstimation.swift */; };
		3B73031A1DA1A14D0000C028 /* Starscream.framework in Frameworks */ = {isa = PBXBuildFile; fileRef = 3B5A28381DA19E5000E55B01 /* Starscream.framework */; };
		3B7303211DA1A4C00000C028 /* Starscream.framework in Frameworks */ = {isa = PBXBuildFile; fileRef = 3B5A28341DA19E5000E55B01 /* Starscream.framework */; };
		3B7567D91DE2288700AB0A0C /* RxSocket.swift in Sources */ = {isa = PBXBuildFile; fileRef = 3B7567D81DE2288700AB0A0C /* RxSocket.swift */; };
		3B7567DA1DE2288700AB0A0C /* RxSocket.swift in Sources */ = {isa = PBXBuildFile; fileRef = 3B7567D81DE2288700AB0A0C /* RxSocket.swift */; };
		3B80CCC61DB281D3001BB547 /* RxSwift.framework in Frameworks */ = {isa = PBXBuildFile; fileRef = 3B80CC9F1DB2819C001BB547 /* RxSwift.framework */; };
		3B812E231DE4DE8600BD55E4 /* RxChannel.swift in Sources */ = {isa = PBXBuildFile; fileRef = 3B812E221DE4DE8600BD55E4 /* RxChannel.swift */; };
		3B812E241DE4DE8600BD55E4 /* RxChannel.swift in Sources */ = {isa = PBXBuildFile; fileRef = 3B812E221DE4DE8600BD55E4 /* RxChannel.swift */; };
/* End PBXBuildFile section */

/* Begin PBXContainerItemProxy section */
		3B38AB971DA10E0C0011EF08 /* PBXContainerItemProxy */ = {
			isa = PBXContainerItemProxy;
			containerPortal = 3B38AB831DA10E0C0011EF08 /* Project object */;
			proxyType = 1;
			remoteGlobalIDString = 3B38AB8B1DA10E0C0011EF08;
			remoteInfo = Panda;
		};
		3B5A27C51DA19D6500E55B01 /* PBXContainerItemProxy */ = {
			isa = PBXContainerItemProxy;
			containerPortal = 3B5A27761DA19D6500E55B01 /* Birdsong.xcodeproj */;
			proxyType = 2;
			remoteGlobalIDString = 607FACD01AFB9204008FA782;
			remoteInfo = Birdsong_Example;
		};
		3B5A27C71DA19D6500E55B01 /* PBXContainerItemProxy */ = {
			isa = PBXContainerItemProxy;
			containerPortal = 3B5A27761DA19D6500E55B01 /* Birdsong.xcodeproj */;
			proxyType = 2;
			remoteGlobalIDString = 607FACE51AFB9204008FA782;
			remoteInfo = Birdsong_Tests;
		};
		3B5A28261DA19E5000E55B01 /* PBXContainerItemProxy */ = {
			isa = PBXContainerItemProxy;
			containerPortal = 3B5A27FE1DA19E5000E55B01 /* Autobahn.xcodeproj */;
			proxyType = 2;
			remoteGlobalIDString = 5C178E1C1B62D0B900A97204;
			remoteInfo = Autobahn;
		};
		3B5A28281DA19E5000E55B01 /* PBXContainerItemProxy */ = {
			isa = PBXContainerItemProxy;
			containerPortal = 3B5A27FE1DA19E5000E55B01 /* Autobahn.xcodeproj */;
			proxyType = 2;
			remoteGlobalIDString = 5C178E311B62D0B900A97204;
			remoteInfo = AutobahnTests;
		};
		3B5A282B1DA19E5000E55B01 /* PBXContainerItemProxy */ = {
			isa = PBXContainerItemProxy;
			containerPortal = 3B5A280F1DA19E5000E55B01 /* SimpleTest.xcodeproj */;
			proxyType = 2;
			remoteGlobalIDString = 5C765ADB199A6DAA003D9110;
			remoteInfo = SimpleTest;
		};
		3B5A28331DA19E5000E55B01 /* PBXContainerItemProxy */ = {
			isa = PBXContainerItemProxy;
			containerPortal = 3B5A281E1DA19E5000E55B01 /* Starscream.xcodeproj */;
			proxyType = 2;
			remoteGlobalIDString = 6B3E79E619D48B7F006071F7;
			remoteInfo = "Starscream iOS";
		};
		3B5A28351DA19E5000E55B01 /* PBXContainerItemProxy */ = {
			isa = PBXContainerItemProxy;
			containerPortal = 3B5A281E1DA19E5000E55B01 /* Starscream.xcodeproj */;
			proxyType = 2;
			remoteGlobalIDString = 6B3E79F119D48B7F006071F7;
			remoteInfo = "Starscream iOSTests";
		};
		3B5A28371DA19E5000E55B01 /* PBXContainerItemProxy */ = {
			isa = PBXContainerItemProxy;
			containerPortal = 3B5A281E1DA19E5000E55B01 /* Starscream.xcodeproj */;
			proxyType = 2;
			remoteGlobalIDString = D9C3E35F19E48FF1009FC285;
			remoteInfo = "Starscream OSX";
		};
		3B5A28391DA19E5000E55B01 /* PBXContainerItemProxy */ = {
			isa = PBXContainerItemProxy;
			containerPortal = 3B5A281E1DA19E5000E55B01 /* Starscream.xcodeproj */;
			proxyType = 2;
			remoteGlobalIDString = D9C3E36919E48FF1009FC285;
			remoteInfo = "Starscream OSXTests";
		};
		3B5A283B1DA19E5000E55B01 /* PBXContainerItemProxy */ = {
			isa = PBXContainerItemProxy;
			containerPortal = 3B5A281E1DA19E5000E55B01 /* Starscream.xcodeproj */;
			proxyType = 2;
			remoteGlobalIDString = 091277971BD673A70003036D;
			remoteInfo = "Starscream tvOS";
		};
		3B5A283D1DA19E5000E55B01 /* PBXContainerItemProxy */ = {
			isa = PBXContainerItemProxy;
			containerPortal = 3B5A281E1DA19E5000E55B01 /* Starscream.xcodeproj */;
			proxyType = 2;
			remoteGlobalIDString = 091277A01BD673A70003036D;
			remoteInfo = "Starscream tvOSTests";
		};
		3B607D521DA1296E008D7A82 /* PBXContainerItemProxy */ = {
			isa = PBXContainerItemProxy;
			containerPortal = 3B38AB831DA10E0C0011EF08 /* Project object */;
			proxyType = 1;
			remoteGlobalIDString = 3B607D471DA1296E008D7A82;
			remoteInfo = "Panda macOS";
		};
		3B80CC9E1DB2819C001BB547 /* PBXContainerItemProxy */ = {
			isa = PBXContainerItemProxy;
			containerPortal = 3B80CC871DB2819B001BB547 /* Rx.xcodeproj */;
			proxyType = 2;
			remoteGlobalIDString = C8A56AD71AD7424700B4673B;
			remoteInfo = "RxSwift-iOS";
		};
		3B80CCA01DB2819C001BB547 /* PBXContainerItemProxy */ = {
			isa = PBXContainerItemProxy;
			containerPortal = 3B80CC871DB2819B001BB547 /* Rx.xcodeproj */;
			proxyType = 2;
			remoteGlobalIDString = C88BB8711B07E5ED0064D411;
			remoteInfo = "RxSwift-OSX";
		};
		3B80CCA21DB2819C001BB547 /* PBXContainerItemProxy */ = {
			isa = PBXContainerItemProxy;
			containerPortal = 3B80CC871DB2819B001BB547 /* Rx.xcodeproj */;
			proxyType = 2;
			remoteGlobalIDString = D2EA280C1BB9B5A200880ED3;
			remoteInfo = "RxSwift-tvOS";
		};
		3B80CCA41DB2819C001BB547 /* PBXContainerItemProxy */ = {
			isa = PBXContainerItemProxy;
			containerPortal = 3B80CC871DB2819B001BB547 /* Rx.xcodeproj */;
			proxyType = 2;
			remoteGlobalIDString = C8F0C0021BBBFB8B001B112F;
			remoteInfo = "RxSwift-watchOS";
		};
		3B80CCA61DB2819C001BB547 /* PBXContainerItemProxy */ = {
			isa = PBXContainerItemProxy;
			containerPortal = 3B80CC871DB2819B001BB547 /* Rx.xcodeproj */;
			proxyType = 2;
			remoteGlobalIDString = C809396D1B8A71760088E94D;
			remoteInfo = "RxCocoa-iOS";
		};
		3B80CCA81DB2819C001BB547 /* PBXContainerItemProxy */ = {
			isa = PBXContainerItemProxy;
			containerPortal = 3B80CC871DB2819B001BB547 /* Rx.xcodeproj */;
			proxyType = 2;
			remoteGlobalIDString = C80939E71B8A71840088E94D;
			remoteInfo = "RxCocoa-OSX";
		};
		3B80CCAA1DB2819C001BB547 /* PBXContainerItemProxy */ = {
			isa = PBXContainerItemProxy;
			containerPortal = 3B80CC871DB2819B001BB547 /* Rx.xcodeproj */;
			proxyType = 2;
			remoteGlobalIDString = D2138C751BB9BE9800339B5C;
			remoteInfo = "RxCocoa-tvOS";
		};
		3B80CCAC1DB2819C001BB547 /* PBXContainerItemProxy */ = {
			isa = PBXContainerItemProxy;
			containerPortal = 3B80CC871DB2819B001BB547 /* Rx.xcodeproj */;
			proxyType = 2;
			remoteGlobalIDString = C8F0C04B1BBBFBB9001B112F;
			remoteInfo = "RxCocoa-watchOS";
		};
		3B80CCAE1DB2819C001BB547 /* PBXContainerItemProxy */ = {
			isa = PBXContainerItemProxy;
			containerPortal = 3B80CC871DB2819B001BB547 /* Rx.xcodeproj */;
			proxyType = 2;
			remoteGlobalIDString = C8093BC71B8A71F00088E94D;
			remoteInfo = "RxBlocking-iOS";
		};
		3B80CCB01DB2819C001BB547 /* PBXContainerItemProxy */ = {
			isa = PBXContainerItemProxy;
			containerPortal = 3B80CC871DB2819B001BB547 /* Rx.xcodeproj */;
			proxyType = 2;
			remoteGlobalIDString = C8093C451B8A71FC0088E94D;
			remoteInfo = "RxBlocking-OSX";
		};
		3B80CCB21DB2819C001BB547 /* PBXContainerItemProxy */ = {
			isa = PBXContainerItemProxy;
			containerPortal = 3B80CC871DB2819B001BB547 /* Rx.xcodeproj */;
			proxyType = 2;
			remoteGlobalIDString = D2EBEB811BB9B99D003A27DC;
			remoteInfo = "RxBlocking-tvOS";
		};
		3B80CCB41DB2819C001BB547 /* PBXContainerItemProxy */ = {
			isa = PBXContainerItemProxy;
			containerPortal = 3B80CC871DB2819B001BB547 /* Rx.xcodeproj */;
			proxyType = 2;
			remoteGlobalIDString = C8F0C0581BBBFBCE001B112F;
			remoteInfo = "RxBlocking-watchOS";
		};
		3B80CCB61DB2819C001BB547 /* PBXContainerItemProxy */ = {
			isa = PBXContainerItemProxy;
			containerPortal = 3B80CC871DB2819B001BB547 /* Rx.xcodeproj */;
			proxyType = 2;
			remoteGlobalIDString = C88FA50C1C25C44800CCFEA4;
			remoteInfo = "RxTest-iOS";
		};
		3B80CCB81DB2819C001BB547 /* PBXContainerItemProxy */ = {
			isa = PBXContainerItemProxy;
			containerPortal = 3B80CC871DB2819B001BB547 /* Rx.xcodeproj */;
			proxyType = 2;
			remoteGlobalIDString = C88FA51D1C25C4B500CCFEA4;
			remoteInfo = "RxTest-OSX";
		};
		3B80CCBA1DB2819C001BB547 /* PBXContainerItemProxy */ = {
			isa = PBXContainerItemProxy;
			containerPortal = 3B80CC871DB2819B001BB547 /* Rx.xcodeproj */;
			proxyType = 2;
			remoteGlobalIDString = C88FA52E1C25C4C000CCFEA4;
			remoteInfo = "RxTest-tvOS";
		};
		3B80CCBC1DB2819C001BB547 /* PBXContainerItemProxy */ = {
			isa = PBXContainerItemProxy;
			containerPortal = 3B80CC871DB2819B001BB547 /* Rx.xcodeproj */;
			proxyType = 2;
			remoteGlobalIDString = C88FA53F1C25C4CC00CCFEA4;
			remoteInfo = "RxTest-watchOS";
		};
		3B80CCBE1DB2819C001BB547 /* PBXContainerItemProxy */ = {
			isa = PBXContainerItemProxy;
			containerPortal = 3B80CC871DB2819B001BB547 /* Rx.xcodeproj */;
			proxyType = 2;
			remoteGlobalIDString = C83508C31C386F6F0027C24C;
			remoteInfo = "AllTests-iOS";
		};
		3B80CCC01DB2819C001BB547 /* PBXContainerItemProxy */ = {
			isa = PBXContainerItemProxy;
			containerPortal = 3B80CC871DB2819B001BB547 /* Rx.xcodeproj */;
			proxyType = 2;
			remoteGlobalIDString = C83509841C38740E0027C24C;
			remoteInfo = "AllTests-tvOS";
		};
		3B80CCC21DB2819C001BB547 /* PBXContainerItemProxy */ = {
			isa = PBXContainerItemProxy;
			containerPortal = 3B80CC871DB2819B001BB547 /* Rx.xcodeproj */;
			proxyType = 2;
			remoteGlobalIDString = C83509941C38742C0027C24C;
			remoteInfo = "AllTests-OSX";
		};
		3B80CCC41DB2819C001BB547 /* PBXContainerItemProxy */ = {
			isa = PBXContainerItemProxy;
			containerPortal = 3B80CC871DB2819B001BB547 /* Rx.xcodeproj */;
			proxyType = 2;
			remoteGlobalIDString = C85BA04B1C3878740075D68E;
			remoteInfo = PerformanceTests;
		};
/* End PBXContainerItemProxy section */

/* Begin PBXFileReference section */
		3B3440401DA24AF90027412A /* PandaSession.swift */ = {isa = PBXFileReference; fileEncoding = 4; lastKnownFileType = sourcecode.swift; lineEnding = 0; path = PandaSession.swift; sourceTree = "<group>"; xcLanguageSpecificationIdentifier = xcode.lang.swift; };
		3B3440431DA24D280027412A /* User.swift */ = {isa = PBXFileReference; fileEncoding = 4; lastKnownFileType = sourcecode.swift; path = User.swift; sourceTree = "<group>"; };
		3B3440461DA293E30027412A /* SessionChannelHandler.swift */ = {isa = PBXFileReference; fileEncoding = 4; lastKnownFileType = sourcecode.swift; lineEnding = 0; path = SessionChannelHandler.swift; sourceTree = "<group>"; xcLanguageSpecificationIdentifier = xcode.lang.swift; };
		3B38AB8C1DA10E0C0011EF08 /* Panda.framework */ = {isa = PBXFileReference; explicitFileType = wrapper.framework; includeInIndex = 0; path = Panda.framework; sourceTree = BUILT_PRODUCTS_DIR; };
		3B38AB951DA10E0C0011EF08 /* PandaTests.xctest */ = {isa = PBXFileReference; explicitFileType = wrapper.cfbundle; includeInIndex = 0; path = PandaTests.xctest; sourceTree = BUILT_PRODUCTS_DIR; };
		3B38AB9A1DA10E0C0011EF08 /* PandaTests.swift */ = {isa = PBXFileReference; lastKnownFileType = sourcecode.swift; path = PandaTests.swift; sourceTree = "<group>"; };
		3B38AB9C1DA10E0C0011EF08 /* Info.plist */ = {isa = PBXFileReference; lastKnownFileType = text.plist.xml; path = Info.plist; sourceTree = "<group>"; };
		3B38ABA61DA10E7F0011EF08 /* ChannelHandler.swift */ = {isa = PBXFileReference; fileEncoding = 4; lastKnownFileType = sourcecode.swift; path = ChannelHandler.swift; sourceTree = "<group>"; };
		3B38ABA71DA10E7F0011EF08 /* ConnectedState.swift */ = {isa = PBXFileReference; fileEncoding = 4; lastKnownFileType = sourcecode.swift; path = ConnectedState.swift; sourceTree = "<group>"; };
		3B38ABA81DA10E7F0011EF08 /* DisconnectedState.swift */ = {isa = PBXFileReference; fileEncoding = 4; lastKnownFileType = sourcecode.swift; path = DisconnectedState.swift; sourceTree = "<group>"; };
		3B38ABA91DA10E7F0011EF08 /* Estimate.swift */ = {isa = PBXFileReference; fileEncoding = 4; lastKnownFileType = sourcecode.swift; path = Estimate.swift; sourceTree = "<group>"; };
		3B38ABAA1DA10E7F0011EF08 /* EstimationChannelHandler.swift */ = {isa = PBXFileReference; fileEncoding = 4; lastKnownFileType = sourcecode.swift; path = EstimationChannelHandler.swift; sourceTree = "<group>"; };
		3B38ABAB1DA10E7F0011EF08 /* Info.plist */ = {isa = PBXFileReference; fileEncoding = 4; lastKnownFileType = text.plist.xml; path = Info.plist; sourceTree = "<group>"; };
		3B38ABAC1DA10E7F0011EF08 /* Panda.h */ = {isa = PBXFileReference; fileEncoding = 4; lastKnownFileType = sourcecode.c.h; path = Panda.h; sourceTree = "<group>"; };
		3B38ABAD1DA10E7F0011EF08 /* PandaAPI.swift */ = {isa = PBXFileReference; fileEncoding = 4; lastKnownFileType = sourcecode.swift; path = PandaAPI.swift; sourceTree = "<group>"; };
		3B38ABAE1DA10E7F0011EF08 /* PandaConnection.swift */ = {isa = PBXFileReference; fileEncoding = 4; lastKnownFileType = sourcecode.swift; path = PandaConnection.swift; sourceTree = "<group>"; };
		3B38ABAF1DA10E7F0011EF08 /* PlaygroundChannelHandler.swift */ = {isa = PBXFileReference; fileEncoding = 4; lastKnownFileType = sourcecode.swift; path = PlaygroundChannelHandler.swift; sourceTree = "<group>"; };
		3B5A276C1DA19D6500E55B01 /* .gitignore */ = {isa = PBXFileReference; lastKnownFileType = text; path = .gitignore; sourceTree = "<group>"; };
		3B5A276D1DA19D6500E55B01 /* Birdsong.podspec */ = {isa = PBXFileReference; lastKnownFileType = text; path = Birdsong.podspec; sourceTree = "<group>"; };
		3B5A27701DA19D6500E55B01 /* AppDelegate.swift */ = {isa = PBXFileReference; lastKnownFileType = sourcecode.swift; path = AppDelegate.swift; sourceTree = "<group>"; };
		3B5A27721DA19D6500E55B01 /* Base */ = {isa = PBXFileReference; lastKnownFileType = file.xib; name = Base; path = Base.lproj/LaunchScreen.xib; sourceTree = "<group>"; };
		3B5A27731DA19D6500E55B01 /* Images.xcassets */ = {isa = PBXFileReference; lastKnownFileType = folder.assetcatalog; path = Images.xcassets; sourceTree = "<group>"; };
		3B5A27741DA19D6500E55B01 /* Info.plist */ = {isa = PBXFileReference; lastKnownFileType = text.plist.xml; path = Info.plist; sourceTree = "<group>"; };
		3B5A27751DA19D6500E55B01 /* ViewController.swift */ = {isa = PBXFileReference; lastKnownFileType = sourcecode.swift; path = ViewController.swift; sourceTree = "<group>"; };
		3B5A27761DA19D6500E55B01 /* Birdsong.xcodeproj */ = {isa = PBXFileReference; lastKnownFileType = "wrapper.pb-project"; path = Birdsong.xcodeproj; sourceTree = "<group>"; };
		3B5A27791DA19D6500E55B01 /* Birdsong.xcworkspace */ = {isa = PBXFileReference; lastKnownFileType = wrapper.workspace; path = Birdsong.xcworkspace; sourceTree = "<group>"; };
		3B5A277A1DA19D6500E55B01 /* Podfile */ = {isa = PBXFileReference; lastKnownFileType = text; path = Podfile; sourceTree = "<group>"; };
		3B5A277B1DA19D6500E55B01 /* Podfile.lock */ = {isa = PBXFileReference; lastKnownFileType = text; path = Podfile.lock; sourceTree = "<group>"; };
		3B5A277D1DA19D6500E55B01 /* Info.plist */ = {isa = PBXFileReference; lastKnownFileType = text.plist.xml; path = Info.plist; sourceTree = "<group>"; };
		3B5A277E1DA19D6500E55B01 /* Tests.swift */ = {isa = PBXFileReference; lastKnownFileType = sourcecode.swift; path = Tests.swift; sourceTree = "<group>"; };
		3B5A277F1DA19D6500E55B01 /* LICENSE */ = {isa = PBXFileReference; lastKnownFileType = text; path = LICENSE; sourceTree = "<group>"; };
		3B5A27801DA19D6500E55B01 /* README.md */ = {isa = PBXFileReference; lastKnownFileType = net.daringfireball.markdown; path = README.md; sourceTree = "<group>"; };
		3B5A27821DA19D6500E55B01 /* Channel.swift */ = {isa = PBXFileReference; lastKnownFileType = sourcecode.swift; path = Channel.swift; sourceTree = "<group>"; };
		3B5A27831DA19D6500E55B01 /* Presence.swift */ = {isa = PBXFileReference; lastKnownFileType = sourcecode.swift; path = Presence.swift; sourceTree = "<group>"; };
		3B5A27841DA19D6500E55B01 /* Push.swift */ = {isa = PBXFileReference; lastKnownFileType = sourcecode.swift; path = Push.swift; sourceTree = "<group>"; };
		3B5A27851DA19D6500E55B01 /* Response.swift */ = {isa = PBXFileReference; lastKnownFileType = sourcecode.swift; path = Response.swift; sourceTree = "<group>"; };
		3B5A27861DA19D6500E55B01 /* Socket.swift */ = {isa = PBXFileReference; lastKnownFileType = sourcecode.swift; path = Socket.swift; sourceTree = "<group>"; };
		3B5A27EF1DA19E5000E55B01 /* .gitignore */ = {isa = PBXFileReference; lastKnownFileType = text; path = .gitignore; sourceTree = "<group>"; };
		3B5A27F01DA19E5000E55B01 /* .swift-version */ = {isa = PBXFileReference; lastKnownFileType = text; path = ".swift-version"; sourceTree = "<group>"; };
		3B5A27F11DA19E5000E55B01 /* CHANGELOG.md */ = {isa = PBXFileReference; lastKnownFileType = net.daringfireball.markdown; path = CHANGELOG.md; sourceTree = "<group>"; };
		3B5A27F41DA19E5000E55B01 /* .gitignore */ = {isa = PBXFileReference; lastKnownFileType = text; path = .gitignore; sourceTree = "<group>"; };
		3B5A27F61DA19E5000E55B01 /* AppDelegate.swift */ = {isa = PBXFileReference; lastKnownFileType = sourcecode.swift; path = AppDelegate.swift; sourceTree = "<group>"; };
		3B5A27F81DA19E5000E55B01 /* Base */ = {isa = PBXFileReference; lastKnownFileType = file.xib; name = Base; path = Base.lproj/LaunchScreen.xib; sourceTree = "<group>"; };
		3B5A27FA1DA19E5000E55B01 /* Base */ = {isa = PBXFileReference; lastKnownFileType = file.storyboard; name = Base; path = Base.lproj/Main.storyboard; sourceTree = "<group>"; };
		3B5A27FB1DA19E5000E55B01 /* Images.xcassets */ = {isa = PBXFileReference; lastKnownFileType = folder.assetcatalog; path = Images.xcassets; sourceTree = "<group>"; };
		3B5A27FC1DA19E5000E55B01 /* Info.plist */ = {isa = PBXFileReference; lastKnownFileType = text.plist.xml; path = Info.plist; sourceTree = "<group>"; };
		3B5A27FD1DA19E5000E55B01 /* ViewController.swift */ = {isa = PBXFileReference; lastKnownFileType = sourcecode.swift; path = ViewController.swift; sourceTree = "<group>"; };
		3B5A27FE1DA19E5000E55B01 /* Autobahn.xcodeproj */ = {isa = PBXFileReference; lastKnownFileType = "wrapper.pb-project"; path = Autobahn.xcodeproj; sourceTree = "<group>"; };
		3B5A28031DA19E5000E55B01 /* AutobahnTests.swift */ = {isa = PBXFileReference; lastKnownFileType = sourcecode.swift; path = AutobahnTests.swift; sourceTree = "<group>"; };
		3B5A28041DA19E5000E55B01 /* Info.plist */ = {isa = PBXFileReference; lastKnownFileType = text.plist.xml; path = Info.plist; sourceTree = "<group>"; };
		3B5A28061DA19E5000E55B01 /* .gitignore */ = {isa = PBXFileReference; lastKnownFileType = text; path = .gitignore; sourceTree = "<group>"; };
		3B5A28071DA19E5000E55B01 /* README.md */ = {isa = PBXFileReference; lastKnownFileType = net.daringfireball.markdown; path = README.md; sourceTree = "<group>"; };
		3B5A28091DA19E5000E55B01 /* AppDelegate.swift */ = {isa = PBXFileReference; lastKnownFileType = sourcecode.swift; path = AppDelegate.swift; sourceTree = "<group>"; };
		3B5A280B1DA19E5000E55B01 /* Base */ = {isa = PBXFileReference; lastKnownFileType = file.storyboard; name = Base; path = Base.lproj/Main.storyboard; sourceTree = "<group>"; };
		3B5A280C1DA19E5000E55B01 /* Images.xcassets */ = {isa = PBXFileReference; lastKnownFileType = folder.assetcatalog; path = Images.xcassets; sourceTree = "<group>"; };
		3B5A280D1DA19E5000E55B01 /* Info.plist */ = {isa = PBXFileReference; lastKnownFileType = text.plist.xml; path = Info.plist; sourceTree = "<group>"; };
		3B5A280E1DA19E5000E55B01 /* ViewController.swift */ = {isa = PBXFileReference; lastKnownFileType = sourcecode.swift; path = ViewController.swift; sourceTree = "<group>"; };
		3B5A280F1DA19E5000E55B01 /* SimpleTest.xcodeproj */ = {isa = PBXFileReference; lastKnownFileType = "wrapper.pb-project"; path = SimpleTest.xcodeproj; sourceTree = "<group>"; };
		3B5A28131DA19E5000E55B01 /* ws-server.rb */ = {isa = PBXFileReference; lastKnownFileType = text.script.ruby; path = "ws-server.rb"; sourceTree = "<group>"; };
		3B5A28141DA19E5000E55B01 /* LICENSE */ = {isa = PBXFileReference; lastKnownFileType = text; path = LICENSE; sourceTree = "<group>"; };
		3B5A28151DA19E5000E55B01 /* Package.swift */ = {isa = PBXFileReference; lastKnownFileType = sourcecode.swift; path = Package.swift; sourceTree = "<group>"; };
		3B5A28161DA19E5000E55B01 /* README.md */ = {isa = PBXFileReference; lastKnownFileType = net.daringfireball.markdown; path = README.md; sourceTree = "<group>"; };
		3B5A28181DA19E5000E55B01 /* Info-tvOS.plist */ = {isa = PBXFileReference; lastKnownFileType = text.plist.xml; path = "Info-tvOS.plist"; sourceTree = "<group>"; };
		3B5A28191DA19E5000E55B01 /* Info.plist */ = {isa = PBXFileReference; lastKnownFileType = text.plist.xml; path = Info.plist; sourceTree = "<group>"; };
		3B5A281A1DA19E5000E55B01 /* SSLSecurity.swift */ = {isa = PBXFileReference; lastKnownFileType = sourcecode.swift; path = SSLSecurity.swift; sourceTree = "<group>"; };
		3B5A281B1DA19E5000E55B01 /* Starscream.h */ = {isa = PBXFileReference; lastKnownFileType = sourcecode.c.h; path = Starscream.h; sourceTree = "<group>"; };
		3B5A281C1DA19E5000E55B01 /* WebSocket.swift */ = {isa = PBXFileReference; lastKnownFileType = sourcecode.swift; path = WebSocket.swift; sourceTree = "<group>"; };
		3B5A281D1DA19E5000E55B01 /* Starscream.podspec */ = {isa = PBXFileReference; lastKnownFileType = text; path = Starscream.podspec; sourceTree = "<group>"; };
		3B5A281E1DA19E5000E55B01 /* Starscream.xcodeproj */ = {isa = PBXFileReference; lastKnownFileType = "wrapper.pb-project"; path = Starscream.xcodeproj; sourceTree = "<group>"; };
		3B5A28221DA19E5000E55B01 /* Info.plist */ = {isa = PBXFileReference; lastKnownFileType = text.plist.xml; path = Info.plist; sourceTree = "<group>"; };
		3B5A28231DA19E5000E55B01 /* StarscreamTests.swift */ = {isa = PBXFileReference; lastKnownFileType = sourcecode.swift; path = StarscreamTests.swift; sourceTree = "<group>"; };
		3B607D481DA1296E008D7A82 /* Panda.framework */ = {isa = PBXFileReference; explicitFileType = wrapper.framework; includeInIndex = 0; path = Panda.framework; sourceTree = BUILT_PRODUCTS_DIR; };
		3B607D4A1DA1296E008D7A82 /* Panda macOS.h */ = {isa = PBXFileReference; lastKnownFileType = sourcecode.c.h; path = "Panda macOS.h"; sourceTree = "<group>"; };
		3B607D4B1DA1296E008D7A82 /* Info.plist */ = {isa = PBXFileReference; lastKnownFileType = text.plist.xml; path = Info.plist; sourceTree = "<group>"; };
		3B607D501DA1296E008D7A82 /* Panda macOSTests.xctest */ = {isa = PBXFileReference; explicitFileType = wrapper.cfbundle; includeInIndex = 0; path = "Panda macOSTests.xctest"; sourceTree = BUILT_PRODUCTS_DIR; };
		3B607D551DA1296E008D7A82 /* Panda_macOSTests.swift */ = {isa = PBXFileReference; lastKnownFileType = sourcecode.swift; path = Panda_macOSTests.swift; sourceTree = "<group>"; };
		3B607D571DA1296E008D7A82 /* Info.plist */ = {isa = PBXFileReference; lastKnownFileType = text.plist.xml; path = Info.plist; sourceTree = "<group>"; };
		3B607D701DA161F4008D7A82 /* Birdsong.framework */ = {isa = PBXFileReference; lastKnownFileType = wrapper.framework; name = Birdsong.framework; path = "../../../Library/Developer/Xcode/DerivedData/Panda_Electric-abzkcothuxehpycgppfltxmgjhcp/Build/Products/Debug/Birdsong-OSX/Birdsong.framework"; sourceTree = "<group>"; };
		3B607D721DA161F9008D7A82 /* Starscream.framework */ = {isa = PBXFileReference; lastKnownFileType = wrapper.framework; name = Starscream.framework; path = "../../../Library/Developer/Xcode/DerivedData/Panda_Electric-abzkcothuxehpycgppfltxmgjhcp/Build/Products/Debug/Starscream-OSX/Starscream.framework"; sourceTree = "<group>"; };
		3B607D761DA171C7008D7A82 /* Birdsong.framework */ = {isa = PBXFileReference; lastKnownFileType = wrapper.framework; name = Birdsong.framework; path = "../../../Library/Developer/Xcode/DerivedData/Panda_Electric-abzkcothuxehpycgppfltxmgjhcp/Build/Products/Debug/Birdsong/Birdsong.framework"; sourceTree = "<group>"; };
		3B607D781DA171CB008D7A82 /* Starscream.framework */ = {isa = PBXFileReference; lastKnownFileType = wrapper.framework; name = Starscream.framework; path = "../../../Library/Developer/Xcode/DerivedData/Panda_Electric-abzkcothuxehpycgppfltxmgjhcp/Build/Products/Debug/Starscream/Starscream.framework"; sourceTree = "<group>"; };
		3B69C94A1DDF7947005E8122 /* UserEstimation.swift */ = {isa = PBXFileReference; fileEncoding = 4; lastKnownFileType = sourcecode.swift; path = UserEstimation.swift; sourceTree = "<group>"; };
		3B7567D81DE2288700AB0A0C /* RxSocket.swift */ = {isa = PBXFileReference; fileEncoding = 4; lastKnownFileType = sourcecode.swift; path = RxSocket.swift; sourceTree = "<group>"; };
		3B80CC871DB2819B001BB547 /* Rx.xcodeproj */ = {isa = PBXFileReference; lastKnownFileType = "wrapper.pb-project"; name = Rx.xcodeproj; path = Dependencies/External/RxSwift/Rx.xcodeproj; sourceTree = SOURCE_ROOT; };
		3B812E221DE4DE8600BD55E4 /* RxChannel.swift */ = {isa = PBXFileReference; fileEncoding = 4; lastKnownFileType = sourcecode.swift; path = RxChannel.swift; sourceTree = "<group>"; };
/* End PBXFileReference section */

/* Begin PBXFrameworksBuildPhase section */
		3B38AB881DA10E0C0011EF08 /* Frameworks */ = {
			isa = PBXFrameworksBuildPhase;
			buildActionMask = 2147483647;
			files = (
				3B80CCC61DB281D3001BB547 /* RxSwift.framework in Frameworks */,
				3B7303211DA1A4C00000C028 /* Starscream.framework in Frameworks */,
			);
			runOnlyForDeploymentPostprocessing = 0;
		};
		3B38AB921DA10E0C0011EF08 /* Frameworks */ = {
			isa = PBXFrameworksBuildPhase;
			buildActionMask = 2147483647;
			files = (
				3B38AB961DA10E0C0011EF08 /* Panda.framework in Frameworks */,
			);
			runOnlyForDeploymentPostprocessing = 0;
		};
		3B607D441DA1296E008D7A82 /* Frameworks */ = {
			isa = PBXFrameworksBuildPhase;
			buildActionMask = 2147483647;
			files = (
				3B73031A1DA1A14D0000C028 /* Starscream.framework in Frameworks */,
			);
			runOnlyForDeploymentPostprocessing = 0;
		};
		3B607D4D1DA1296E008D7A82 /* Frameworks */ = {
			isa = PBXFrameworksBuildPhase;
			buildActionMask = 2147483647;
			files = (
				3B607D511DA1296E008D7A82 /* Panda.framework in Frameworks */,
			);
			runOnlyForDeploymentPostprocessing = 0;
		};
/* End PBXFrameworksBuildPhase section */

/* Begin PBXGroup section */
		3B34403D1DA24A730027412A /* Channel Handlers */ = {
			isa = PBXGroup;
			children = (
				3B7567B81DE2285D00AB0A0C /* Socket */,
				3B38ABA61DA10E7F0011EF08 /* ChannelHandler.swift */,
				3B38ABAF1DA10E7F0011EF08 /* PlaygroundChannelHandler.swift */,
				3B38ABAA1DA10E7F0011EF08 /* EstimationChannelHandler.swift */,
				3B3440461DA293E30027412A /* SessionChannelHandler.swift */,
			);
			name = "Channel Handlers";
			sourceTree = "<group>";
		};
		3B34403E1DA24AC10027412A /* States */ = {
			isa = PBXGroup;
			children = (
				3B38ABA71DA10E7F0011EF08 /* ConnectedState.swift */,
				3B38ABA81DA10E7F0011EF08 /* DisconnectedState.swift */,
			);
			name = States;
			sourceTree = "<group>";
		};
		3B34403F1DA24ACD0027412A /* Model */ = {
			isa = PBXGroup;
			children = (
				3B38ABA91DA10E7F0011EF08 /* Estimate.swift */,
				3B69C94A1DDF7947005E8122 /* UserEstimation.swift */,
				3B3440431DA24D280027412A /* User.swift */,
				3B3440401DA24AF90027412A /* PandaSession.swift */,
			);
			name = Model;
			sourceTree = "<group>";
		};
		3B38AB821DA10E0C0011EF08 = {
			isa = PBXGroup;
			children = (
				3B38AB8E1DA10E0C0011EF08 /* Panda */,
				3B38AB991DA10E0C0011EF08 /* PandaTests */,
				3B607D491DA1296E008D7A82 /* Panda macOS */,
				3B607D541DA1296E008D7A82 /* Panda macOSTests */,
				3B38AB8D1DA10E0C0011EF08 /* Products */,
				48305C885422E3A680732399 /* Frameworks */,
			);
			sourceTree = "<group>";
		};
		3B38AB8D1DA10E0C0011EF08 /* Products */ = {
			isa = PBXGroup;
			children = (
				3B38AB8C1DA10E0C0011EF08 /* Panda.framework */,
				3B38AB951DA10E0C0011EF08 /* PandaTests.xctest */,
				3B607D481DA1296E008D7A82 /* Panda.framework */,
				3B607D501DA1296E008D7A82 /* Panda macOSTests.xctest */,
			);
			name = Products;
			sourceTree = "<group>";
		};
		3B38AB8E1DA10E0C0011EF08 /* Panda */ = {
			isa = PBXGroup;
			children = (
				3B34403F1DA24ACD0027412A /* Model */,
				3B34403E1DA24AC10027412A /* States */,
				3B34403D1DA24A730027412A /* Channel Handlers */,
				3B38ABAD1DA10E7F0011EF08 /* PandaAPI.swift */,
				3B38ABAE1DA10E7F0011EF08 /* PandaConnection.swift */,
				3B38ABAB1DA10E7F0011EF08 /* Info.plist */,
				3B38ABAC1DA10E7F0011EF08 /* Panda.h */,
				3B5A26931DA19CC200E55B01 /* Dependencies */,
			);
			path = Panda;
			sourceTree = "<group>";
		};
		3B38AB991DA10E0C0011EF08 /* PandaTests */ = {
			isa = PBXGroup;
			children = (
				3B38AB9A1DA10E0C0011EF08 /* PandaTests.swift */,
				3B38AB9C1DA10E0C0011EF08 /* Info.plist */,
			);
			path = PandaTests;
			sourceTree = "<group>";
		};
		3B5A26931DA19CC200E55B01 /* Dependencies */ = {
			isa = PBXGroup;
			children = (
				3B80CC861DB28190001BB547 /* RxSwift */,
				3B5A27EE1DA19E5000E55B01 /* Starscream */,
				3B5A276B1DA19D6500E55B01 /* Birdsong */,
			);
			name = Dependencies;
			sourceTree = "<group>";
		};
		3B5A276B1DA19D6500E55B01 /* Birdsong */ = {
			isa = PBXGroup;
			children = (
				3B5A276C1DA19D6500E55B01 /* .gitignore */,
				3B5A276D1DA19D6500E55B01 /* Birdsong.podspec */,
				3B5A276E1DA19D6500E55B01 /* Example */,
				3B5A277F1DA19D6500E55B01 /* LICENSE */,
				3B5A27801DA19D6500E55B01 /* README.md */,
				3B5A27811DA19D6500E55B01 /* Source */,
			);
			name = Birdsong;
			path = Dependencies/External/Birdsong;
			sourceTree = SOURCE_ROOT;
		};
		3B5A276E1DA19D6500E55B01 /* Example */ = {
			isa = PBXGroup;
			children = (
				3B5A276F1DA19D6500E55B01 /* Birdsong */,
				3B5A27761DA19D6500E55B01 /* Birdsong.xcodeproj */,
				3B5A27791DA19D6500E55B01 /* Birdsong.xcworkspace */,
				3B5A277A1DA19D6500E55B01 /* Podfile */,
				3B5A277B1DA19D6500E55B01 /* Podfile.lock */,
				3B5A277C1DA19D6500E55B01 /* Tests */,
			);
			path = Example;
			sourceTree = "<group>";
		};
		3B5A276F1DA19D6500E55B01 /* Birdsong */ = {
			isa = PBXGroup;
			children = (
				3B5A27701DA19D6500E55B01 /* AppDelegate.swift */,
				3B5A27711DA19D6500E55B01 /* LaunchScreen.xib */,
				3B5A27731DA19D6500E55B01 /* Images.xcassets */,
				3B5A27741DA19D6500E55B01 /* Info.plist */,
				3B5A27751DA19D6500E55B01 /* ViewController.swift */,
			);
			path = Birdsong;
			sourceTree = "<group>";
		};
		3B5A27771DA19D6500E55B01 /* Products */ = {
			isa = PBXGroup;
			children = (
				3B5A27C61DA19D6500E55B01 /* Birdsong_Example.app */,
				3B5A27C81DA19D6500E55B01 /* Birdsong_Tests.xctest */,
			);
			name = Products;
			sourceTree = "<group>";
		};
		3B5A277C1DA19D6500E55B01 /* Tests */ = {
			isa = PBXGroup;
			children = (
				3B5A277D1DA19D6500E55B01 /* Info.plist */,
				3B5A277E1DA19D6500E55B01 /* Tests.swift */,
			);
			path = Tests;
			sourceTree = "<group>";
		};
		3B5A27811DA19D6500E55B01 /* Source */ = {
			isa = PBXGroup;
			children = (
				3B5A27821DA19D6500E55B01 /* Channel.swift */,
				3B5A27831DA19D6500E55B01 /* Presence.swift */,
				3B5A27841DA19D6500E55B01 /* Push.swift */,
				3B5A27851DA19D6500E55B01 /* Response.swift */,
				3B5A27861DA19D6500E55B01 /* Socket.swift */,
			);
			path = Source;
			sourceTree = "<group>";
		};
		3B5A27EE1DA19E5000E55B01 /* Starscream */ = {
			isa = PBXGroup;
			children = (
				3B5A27EF1DA19E5000E55B01 /* .gitignore */,
				3B5A27F01DA19E5000E55B01 /* .swift-version */,
				3B5A27F11DA19E5000E55B01 /* CHANGELOG.md */,
				3B5A27F21DA19E5000E55B01 /* examples */,
				3B5A28141DA19E5000E55B01 /* LICENSE */,
				3B5A28151DA19E5000E55B01 /* Package.swift */,
				3B5A28161DA19E5000E55B01 /* README.md */,
				3B5A28171DA19E5000E55B01 /* Source */,
				3B5A281D1DA19E5000E55B01 /* Starscream.podspec */,
				3B5A281E1DA19E5000E55B01 /* Starscream.xcodeproj */,
				3B5A28211DA19E5000E55B01 /* Tests */,
			);
			name = Starscream;
			path = ../Dependencies/External/Starscream;
			sourceTree = "<group>";
		};
		3B5A27F21DA19E5000E55B01 /* examples */ = {
			isa = PBXGroup;
			children = (
				3B5A27F31DA19E5000E55B01 /* AutobahnTest */,
				3B5A28051DA19E5000E55B01 /* SimpleTest */,
			);
			path = examples;
			sourceTree = "<group>";
		};
		3B5A27F31DA19E5000E55B01 /* AutobahnTest */ = {
			isa = PBXGroup;
			children = (
				3B5A27F41DA19E5000E55B01 /* .gitignore */,
				3B5A27F51DA19E5000E55B01 /* Autobahn */,
				3B5A27FE1DA19E5000E55B01 /* Autobahn.xcodeproj */,
				3B5A28021DA19E5000E55B01 /* AutobahnTests */,
			);
			path = AutobahnTest;
			sourceTree = "<group>";
		};
		3B5A27F51DA19E5000E55B01 /* Autobahn */ = {
			isa = PBXGroup;
			children = (
				3B5A27F61DA19E5000E55B01 /* AppDelegate.swift */,
				3B5A27F71DA19E5000E55B01 /* LaunchScreen.xib */,
				3B5A27F91DA19E5000E55B01 /* Main.storyboard */,
				3B5A27FB1DA19E5000E55B01 /* Images.xcassets */,
				3B5A27FC1DA19E5000E55B01 /* Info.plist */,
				3B5A27FD1DA19E5000E55B01 /* ViewController.swift */,
			);
			path = Autobahn;
			sourceTree = "<group>";
		};
		3B5A27FF1DA19E5000E55B01 /* Products */ = {
			isa = PBXGroup;
			children = (
				3B5A28271DA19E5000E55B01 /* Autobahn.app */,
				3B5A28291DA19E5000E55B01 /* AutobahnTests.xctest */,
			);
			name = Products;
			sourceTree = "<group>";
		};
		3B5A28021DA19E5000E55B01 /* AutobahnTests */ = {
			isa = PBXGroup;
			children = (
				3B5A28031DA19E5000E55B01 /* AutobahnTests.swift */,
				3B5A28041DA19E5000E55B01 /* Info.plist */,
			);
			path = AutobahnTests;
			sourceTree = "<group>";
		};
		3B5A28051DA19E5000E55B01 /* SimpleTest */ = {
			isa = PBXGroup;
			children = (
				3B5A28061DA19E5000E55B01 /* .gitignore */,
				3B5A28071DA19E5000E55B01 /* README.md */,
				3B5A28081DA19E5000E55B01 /* SimpleTest */,
				3B5A280F1DA19E5000E55B01 /* SimpleTest.xcodeproj */,
				3B5A28131DA19E5000E55B01 /* ws-server.rb */,
			);
			path = SimpleTest;
			sourceTree = "<group>";
		};
		3B5A28081DA19E5000E55B01 /* SimpleTest */ = {
			isa = PBXGroup;
			children = (
				3B5A28091DA19E5000E55B01 /* AppDelegate.swift */,
				3B5A280A1DA19E5000E55B01 /* Main.storyboard */,
				3B5A280C1DA19E5000E55B01 /* Images.xcassets */,
				3B5A280D1DA19E5000E55B01 /* Info.plist */,
				3B5A280E1DA19E5000E55B01 /* ViewController.swift */,
			);
			path = SimpleTest;
			sourceTree = "<group>";
		};
		3B5A28101DA19E5000E55B01 /* Products */ = {
			isa = PBXGroup;
			children = (
				3B5A282C1DA19E5000E55B01 /* SimpleTest.app */,
			);
			name = Products;
			sourceTree = "<group>";
		};
		3B5A28171DA19E5000E55B01 /* Source */ = {
			isa = PBXGroup;
			children = (
				3B5A28181DA19E5000E55B01 /* Info-tvOS.plist */,
				3B5A28191DA19E5000E55B01 /* Info.plist */,
				3B5A281A1DA19E5000E55B01 /* SSLSecurity.swift */,
				3B5A281B1DA19E5000E55B01 /* Starscream.h */,
				3B5A281C1DA19E5000E55B01 /* WebSocket.swift */,
			);
			path = Source;
			sourceTree = "<group>";
		};
		3B5A281F1DA19E5000E55B01 /* Products */ = {
			isa = PBXGroup;
			children = (
				3B5A28341DA19E5000E55B01 /* Starscream.framework */,
				3B5A28361DA19E5000E55B01 /* Starscream iOSTests.xctest */,
				3B5A28381DA19E5000E55B01 /* Starscream.framework */,
				3B5A283A1DA19E5000E55B01 /* Starscream OSXTests.xctest */,
				3B5A283C1DA19E5000E55B01 /* Starscream.framework */,
				3B5A283E1DA19E5000E55B01 /* Starscream tvOSTests.xctest */,
			);
			name = Products;
			sourceTree = "<group>";
		};
		3B5A28211DA19E5000E55B01 /* Tests */ = {
			isa = PBXGroup;
			children = (
				3B5A28221DA19E5000E55B01 /* Info.plist */,
				3B5A28231DA19E5000E55B01 /* StarscreamTests.swift */,
			);
			path = Tests;
			sourceTree = "<group>";
		};
		3B607D491DA1296E008D7A82 /* Panda macOS */ = {
			isa = PBXGroup;
			children = (
				3B607D4A1DA1296E008D7A82 /* Panda macOS.h */,
				3B607D4B1DA1296E008D7A82 /* Info.plist */,
			);
			path = "Panda macOS";
			sourceTree = "<group>";
		};
		3B607D541DA1296E008D7A82 /* Panda macOSTests */ = {
			isa = PBXGroup;
			children = (
				3B607D551DA1296E008D7A82 /* Panda_macOSTests.swift */,
				3B607D571DA1296E008D7A82 /* Info.plist */,
			);
			path = "Panda macOSTests";
			sourceTree = "<group>";
		};
		3B7567B81DE2285D00AB0A0C /* Socket */ = {
			isa = PBXGroup;
			children = (
				3B7567D81DE2288700AB0A0C /* RxSocket.swift */,
				3B812E221DE4DE8600BD55E4 /* RxChannel.swift */,
			);
			name = Socket;
			sourceTree = "<group>";
		};
		3B80CC861DB28190001BB547 /* RxSwift */ = {
			isa = PBXGroup;
			children = (
				3B80CC871DB2819B001BB547 /* Rx.xcodeproj */,
			);
			name = RxSwift;
			sourceTree = "<group>";
		};
		3B80CC881DB2819B001BB547 /* Products */ = {
			isa = PBXGroup;
			children = (
				3B80CC9F1DB2819C001BB547 /* RxSwift.framework */,
				3B80CCA11DB2819C001BB547 /* RxSwift.framework */,
				3B80CCA31DB2819C001BB547 /* RxSwift.framework */,
				3B80CCA51DB2819C001BB547 /* RxSwift.framework */,
				3B80CCA71DB2819C001BB547 /* RxCocoa.framework */,
				3B80CCA91DB2819C001BB547 /* RxCocoa.framework */,
				3B80CCAB1DB2819C001BB547 /* RxCocoa.framework */,
				3B80CCAD1DB2819C001BB547 /* RxCocoa.framework */,
				3B80CCAF1DB2819C001BB547 /* RxBlocking.framework */,
				3B80CCB11DB2819C001BB547 /* RxBlocking.framework */,
				3B80CCB31DB2819C001BB547 /* RxBlocking.framework */,
				3B80CCB51DB2819C001BB547 /* RxBlocking.framework */,
				3B80CCB71DB2819C001BB547 /* RxTest.framework */,
				3B80CCB91DB2819C001BB547 /* RxTest.framework */,
				3B80CCBB1DB2819C001BB547 /* RxTest.framework */,
				3B80CCBD1DB2819C001BB547 /* RxTest.framework */,
				3B80CCBF1DB2819C001BB547 /* AllTests-iOS.xctest */,
				3B80CCC11DB2819C001BB547 /* AllTests-tvOS.xctest */,
				3B80CCC31DB2819C001BB547 /* AllTests-macOS.xctest */,
				3B80CCC51DB2819C001BB547 /* PerformanceTests.app */,
			);
			name = Products;
			sourceTree = "<group>";
		};
		48305C885422E3A680732399 /* Frameworks */ = {
			isa = PBXGroup;
			children = (
				3B607D781DA171CB008D7A82 /* Starscream.framework */,
				3B607D761DA171C7008D7A82 /* Birdsong.framework */,
				3B607D721DA161F9008D7A82 /* Starscream.framework */,
				3B607D701DA161F4008D7A82 /* Birdsong.framework */,
			);
			name = Frameworks;
			sourceTree = "<group>";
		};
/* End PBXGroup section */

/* Begin PBXHeadersBuildPhase section */
		3B38AB891DA10E0C0011EF08 /* Headers */ = {
			isa = PBXHeadersBuildPhase;
			buildActionMask = 2147483647;
			files = (
				3B38ABB61DA10E7F0011EF08 /* Panda.h in Headers */,
			);
			runOnlyForDeploymentPostprocessing = 0;
		};
		3B607D451DA1296E008D7A82 /* Headers */ = {
			isa = PBXHeadersBuildPhase;
			buildActionMask = 2147483647;
			files = (
				3B607D6F1DA15C9A008D7A82 /* Panda.h in Headers */,
			);
			runOnlyForDeploymentPostprocessing = 0;
		};
/* End PBXHeadersBuildPhase section */

/* Begin PBXNativeTarget section */
		3B38AB8B1DA10E0C0011EF08 /* Panda */ = {
			isa = PBXNativeTarget;
			buildConfigurationList = 3B38ABA01DA10E0C0011EF08 /* Build configuration list for PBXNativeTarget "Panda" */;
			buildPhases = (
				3B38AB871DA10E0C0011EF08 /* Sources */,
				3B38AB881DA10E0C0011EF08 /* Frameworks */,
				3B38AB891DA10E0C0011EF08 /* Headers */,
				3B38AB8A1DA10E0C0011EF08 /* Resources */,
			);
			buildRules = (
			);
			dependencies = (
			);
			name = Panda;
			productName = Panda;
			productReference = 3B38AB8C1DA10E0C0011EF08 /* Panda.framework */;
			productType = "com.apple.product-type.framework";
		};
		3B38AB941DA10E0C0011EF08 /* PandaTests */ = {
			isa = PBXNativeTarget;
			buildConfigurationList = 3B38ABA31DA10E0C0011EF08 /* Build configuration list for PBXNativeTarget "PandaTests" */;
			buildPhases = (
				3B38AB911DA10E0C0011EF08 /* Sources */,
				3B38AB921DA10E0C0011EF08 /* Frameworks */,
				3B38AB931DA10E0C0011EF08 /* Resources */,
			);
			buildRules = (
			);
			dependencies = (
				3B38AB981DA10E0C0011EF08 /* PBXTargetDependency */,
			);
			name = PandaTests;
			productName = PandaTests;
			productReference = 3B38AB951DA10E0C0011EF08 /* PandaTests.xctest */;
			productType = "com.apple.product-type.bundle.unit-test";
		};
		3B607D471DA1296E008D7A82 /* Panda macOS */ = {
			isa = PBXNativeTarget;
			buildConfigurationList = 3B607D5D1DA1296E008D7A82 /* Build configuration list for PBXNativeTarget "Panda macOS" */;
			buildPhases = (
				3B607D431DA1296E008D7A82 /* Sources */,
				3B607D441DA1296E008D7A82 /* Frameworks */,
				3B607D451DA1296E008D7A82 /* Headers */,
				3B607D461DA1296E008D7A82 /* Resources */,
			);
			buildRules = (
			);
			dependencies = (
			);
			name = "Panda macOS";
			productName = "Panda macOS";
			productReference = 3B607D481DA1296E008D7A82 /* Panda.framework */;
			productType = "com.apple.product-type.framework";
		};
		3B607D4F1DA1296E008D7A82 /* Panda macOSTests */ = {
			isa = PBXNativeTarget;
			buildConfigurationList = 3B607D5E1DA1296E008D7A82 /* Build configuration list for PBXNativeTarget "Panda macOSTests" */;
			buildPhases = (
				3B607D4C1DA1296E008D7A82 /* Sources */,
				3B607D4D1DA1296E008D7A82 /* Frameworks */,
				3B607D4E1DA1296E008D7A82 /* Resources */,
			);
			buildRules = (
			);
			dependencies = (
				3B607D531DA1296E008D7A82 /* PBXTargetDependency */,
			);
			name = "Panda macOSTests";
			productName = "Panda macOSTests";
			productReference = 3B607D501DA1296E008D7A82 /* Panda macOSTests.xctest */;
			productType = "com.apple.product-type.bundle.unit-test";
		};
/* End PBXNativeTarget section */

/* Begin PBXProject section */
		3B38AB831DA10E0C0011EF08 /* Project object */ = {
			isa = PBXProject;
			attributes = {
				LastSwiftUpdateCheck = 0800;
				LastUpgradeCheck = 0800;
				ORGANIZATIONNAME = "Martin Kim Dung-Pham";
				TargetAttributes = {
					3B38AB8B1DA10E0C0011EF08 = {
						CreatedOnToolsVersion = 8.0;
						DevelopmentTeam = X29V4JPQ55;
						LastSwiftMigration = 0800;
						ProvisioningStyle = Automatic;
					};
					3B38AB941DA10E0C0011EF08 = {
						CreatedOnToolsVersion = 8.0;
						DevelopmentTeam = X29V4JPQ55;
						ProvisioningStyle = Automatic;
					};
					3B607D471DA1296E008D7A82 = {
						CreatedOnToolsVersion = 8.0;
						DevelopmentTeam = X29V4JPQ55;
						ProvisioningStyle = Automatic;
					};
					3B607D4F1DA1296E008D7A82 = {
						CreatedOnToolsVersion = 8.0;
						DevelopmentTeam = X29V4JPQ55;
						ProvisioningStyle = Automatic;
					};
				};
			};
			buildConfigurationList = 3B38AB861DA10E0C0011EF08 /* Build configuration list for PBXProject "Panda" */;
			compatibilityVersion = "Xcode 3.2";
			developmentRegion = English;
			hasScannedForEncodings = 0;
			knownRegions = (
				en,
				Base,
			);
			mainGroup = 3B38AB821DA10E0C0011EF08;
			productRefGroup = 3B38AB8D1DA10E0C0011EF08 /* Products */;
			projectDirPath = "";
			projectReferences = (
				{
					ProductGroup = 3B5A27FF1DA19E5000E55B01 /* Products */;
					ProjectRef = 3B5A27FE1DA19E5000E55B01 /* Autobahn.xcodeproj */;
				},
				{
					ProductGroup = 3B5A27771DA19D6500E55B01 /* Products */;
					ProjectRef = 3B5A27761DA19D6500E55B01 /* Birdsong.xcodeproj */;
				},
				{
					ProductGroup = 3B80CC881DB2819B001BB547 /* Products */;
					ProjectRef = 3B80CC871DB2819B001BB547 /* Rx.xcodeproj */;
				},
				{
					ProductGroup = 3B5A28101DA19E5000E55B01 /* Products */;
					ProjectRef = 3B5A280F1DA19E5000E55B01 /* SimpleTest.xcodeproj */;
				},
				{
					ProductGroup = 3B5A281F1DA19E5000E55B01 /* Products */;
					ProjectRef = 3B5A281E1DA19E5000E55B01 /* Starscream.xcodeproj */;
				},
			);
			projectRoot = "";
			targets = (
				3B38AB8B1DA10E0C0011EF08 /* Panda */,
				3B38AB941DA10E0C0011EF08 /* PandaTests */,
				3B607D471DA1296E008D7A82 /* Panda macOS */,
				3B607D4F1DA1296E008D7A82 /* Panda macOSTests */,
			);
		};
/* End PBXProject section */

/* Begin PBXReferenceProxy section */
		3B5A27C61DA19D6500E55B01 /* Birdsong_Example.app */ = {
			isa = PBXReferenceProxy;
			fileType = wrapper.application;
			path = Birdsong_Example.app;
			remoteRef = 3B5A27C51DA19D6500E55B01 /* PBXContainerItemProxy */;
			sourceTree = BUILT_PRODUCTS_DIR;
		};
		3B5A27C81DA19D6500E55B01 /* Birdsong_Tests.xctest */ = {
			isa = PBXReferenceProxy;
			fileType = wrapper.cfbundle;
			path = Birdsong_Tests.xctest;
			remoteRef = 3B5A27C71DA19D6500E55B01 /* PBXContainerItemProxy */;
			sourceTree = BUILT_PRODUCTS_DIR;
		};
		3B5A28271DA19E5000E55B01 /* Autobahn.app */ = {
			isa = PBXReferenceProxy;
			fileType = wrapper.application;
			path = Autobahn.app;
			remoteRef = 3B5A28261DA19E5000E55B01 /* PBXContainerItemProxy */;
			sourceTree = BUILT_PRODUCTS_DIR;
		};
		3B5A28291DA19E5000E55B01 /* AutobahnTests.xctest */ = {
			isa = PBXReferenceProxy;
			fileType = wrapper.cfbundle;
			path = AutobahnTests.xctest;
			remoteRef = 3B5A28281DA19E5000E55B01 /* PBXContainerItemProxy */;
			sourceTree = BUILT_PRODUCTS_DIR;
		};
		3B5A282C1DA19E5000E55B01 /* SimpleTest.app */ = {
			isa = PBXReferenceProxy;
			fileType = wrapper.application;
			path = SimpleTest.app;
			remoteRef = 3B5A282B1DA19E5000E55B01 /* PBXContainerItemProxy */;
			sourceTree = BUILT_PRODUCTS_DIR;
		};
		3B5A28341DA19E5000E55B01 /* Starscream.framework */ = {
			isa = PBXReferenceProxy;
			fileType = wrapper.framework;
			path = Starscream.framework;
			remoteRef = 3B5A28331DA19E5000E55B01 /* PBXContainerItemProxy */;
			sourceTree = BUILT_PRODUCTS_DIR;
		};
		3B5A28361DA19E5000E55B01 /* Starscream iOSTests.xctest */ = {
			isa = PBXReferenceProxy;
			fileType = wrapper.cfbundle;
			path = "Starscream iOSTests.xctest";
			remoteRef = 3B5A28351DA19E5000E55B01 /* PBXContainerItemProxy */;
			sourceTree = BUILT_PRODUCTS_DIR;
		};
		3B5A28381DA19E5000E55B01 /* Starscream.framework */ = {
			isa = PBXReferenceProxy;
			fileType = wrapper.framework;
			path = Starscream.framework;
			remoteRef = 3B5A28371DA19E5000E55B01 /* PBXContainerItemProxy */;
			sourceTree = BUILT_PRODUCTS_DIR;
		};
		3B5A283A1DA19E5000E55B01 /* Starscream OSXTests.xctest */ = {
			isa = PBXReferenceProxy;
			fileType = wrapper.cfbundle;
			path = "Starscream OSXTests.xctest";
			remoteRef = 3B5A28391DA19E5000E55B01 /* PBXContainerItemProxy */;
			sourceTree = BUILT_PRODUCTS_DIR;
		};
		3B5A283C1DA19E5000E55B01 /* Starscream.framework */ = {
			isa = PBXReferenceProxy;
			fileType = wrapper.framework;
			path = Starscream.framework;
			remoteRef = 3B5A283B1DA19E5000E55B01 /* PBXContainerItemProxy */;
			sourceTree = BUILT_PRODUCTS_DIR;
		};
		3B5A283E1DA19E5000E55B01 /* Starscream tvOSTests.xctest */ = {
			isa = PBXReferenceProxy;
			fileType = wrapper.cfbundle;
			path = "Starscream tvOSTests.xctest";
			remoteRef = 3B5A283D1DA19E5000E55B01 /* PBXContainerItemProxy */;
			sourceTree = BUILT_PRODUCTS_DIR;
		};
		3B80CC9F1DB2819C001BB547 /* RxSwift.framework */ = {
			isa = PBXReferenceProxy;
			fileType = wrapper.framework;
			path = RxSwift.framework;
			remoteRef = 3B80CC9E1DB2819C001BB547 /* PBXContainerItemProxy */;
			sourceTree = BUILT_PRODUCTS_DIR;
		};
		3B80CCA11DB2819C001BB547 /* RxSwift.framework */ = {
			isa = PBXReferenceProxy;
			fileType = wrapper.framework;
			path = RxSwift.framework;
			remoteRef = 3B80CCA01DB2819C001BB547 /* PBXContainerItemProxy */;
			sourceTree = BUILT_PRODUCTS_DIR;
		};
		3B80CCA31DB2819C001BB547 /* RxSwift.framework */ = {
			isa = PBXReferenceProxy;
			fileType = wrapper.framework;
			path = RxSwift.framework;
			remoteRef = 3B80CCA21DB2819C001BB547 /* PBXContainerItemProxy */;
			sourceTree = BUILT_PRODUCTS_DIR;
		};
		3B80CCA51DB2819C001BB547 /* RxSwift.framework */ = {
			isa = PBXReferenceProxy;
			fileType = wrapper.framework;
			path = RxSwift.framework;
			remoteRef = 3B80CCA41DB2819C001BB547 /* PBXContainerItemProxy */;
			sourceTree = BUILT_PRODUCTS_DIR;
		};
		3B80CCA71DB2819C001BB547 /* RxCocoa.framework */ = {
			isa = PBXReferenceProxy;
			fileType = wrapper.framework;
			path = RxCocoa.framework;
			remoteRef = 3B80CCA61DB2819C001BB547 /* PBXContainerItemProxy */;
			sourceTree = BUILT_PRODUCTS_DIR;
		};
		3B80CCA91DB2819C001BB547 /* RxCocoa.framework */ = {
			isa = PBXReferenceProxy;
			fileType = wrapper.framework;
			path = RxCocoa.framework;
			remoteRef = 3B80CCA81DB2819C001BB547 /* PBXContainerItemProxy */;
			sourceTree = BUILT_PRODUCTS_DIR;
		};
		3B80CCAB1DB2819C001BB547 /* RxCocoa.framework */ = {
			isa = PBXReferenceProxy;
			fileType = wrapper.framework;
			path = RxCocoa.framework;
			remoteRef = 3B80CCAA1DB2819C001BB547 /* PBXContainerItemProxy */;
			sourceTree = BUILT_PRODUCTS_DIR;
		};
		3B80CCAD1DB2819C001BB547 /* RxCocoa.framework */ = {
			isa = PBXReferenceProxy;
			fileType = wrapper.framework;
			path = RxCocoa.framework;
			remoteRef = 3B80CCAC1DB2819C001BB547 /* PBXContainerItemProxy */;
			sourceTree = BUILT_PRODUCTS_DIR;
		};
		3B80CCAF1DB2819C001BB547 /* RxBlocking.framework */ = {
			isa = PBXReferenceProxy;
			fileType = wrapper.framework;
			path = RxBlocking.framework;
			remoteRef = 3B80CCAE1DB2819C001BB547 /* PBXContainerItemProxy */;
			sourceTree = BUILT_PRODUCTS_DIR;
		};
		3B80CCB11DB2819C001BB547 /* RxBlocking.framework */ = {
			isa = PBXReferenceProxy;
			fileType = wrapper.framework;
			path = RxBlocking.framework;
			remoteRef = 3B80CCB01DB2819C001BB547 /* PBXContainerItemProxy */;
			sourceTree = BUILT_PRODUCTS_DIR;
		};
		3B80CCB31DB2819C001BB547 /* RxBlocking.framework */ = {
			isa = PBXReferenceProxy;
			fileType = wrapper.framework;
			path = RxBlocking.framework;
			remoteRef = 3B80CCB21DB2819C001BB547 /* PBXContainerItemProxy */;
			sourceTree = BUILT_PRODUCTS_DIR;
		};
		3B80CCB51DB2819C001BB547 /* RxBlocking.framework */ = {
			isa = PBXReferenceProxy;
			fileType = wrapper.framework;
			path = RxBlocking.framework;
			remoteRef = 3B80CCB41DB2819C001BB547 /* PBXContainerItemProxy */;
			sourceTree = BUILT_PRODUCTS_DIR;
		};
		3B80CCB71DB2819C001BB547 /* RxTest.framework */ = {
			isa = PBXReferenceProxy;
			fileType = wrapper.framework;
			path = RxTest.framework;
			remoteRef = 3B80CCB61DB2819C001BB547 /* PBXContainerItemProxy */;
			sourceTree = BUILT_PRODUCTS_DIR;
		};
		3B80CCB91DB2819C001BB547 /* RxTest.framework */ = {
			isa = PBXReferenceProxy;
			fileType = wrapper.framework;
			path = RxTest.framework;
			remoteRef = 3B80CCB81DB2819C001BB547 /* PBXContainerItemProxy */;
			sourceTree = BUILT_PRODUCTS_DIR;
		};
		3B80CCBB1DB2819C001BB547 /* RxTest.framework */ = {
			isa = PBXReferenceProxy;
			fileType = wrapper.framework;
			path = RxTest.framework;
			remoteRef = 3B80CCBA1DB2819C001BB547 /* PBXContainerItemProxy */;
			sourceTree = BUILT_PRODUCTS_DIR;
		};
		3B80CCBD1DB2819C001BB547 /* RxTest.framework */ = {
			isa = PBXReferenceProxy;
			fileType = wrapper.framework;
			path = RxTest.framework;
			remoteRef = 3B80CCBC1DB2819C001BB547 /* PBXContainerItemProxy */;
			sourceTree = BUILT_PRODUCTS_DIR;
		};
		3B80CCBF1DB2819C001BB547 /* AllTests-iOS.xctest */ = {
			isa = PBXReferenceProxy;
			fileType = wrapper.cfbundle;
			path = "AllTests-iOS.xctest";
			remoteRef = 3B80CCBE1DB2819C001BB547 /* PBXContainerItemProxy */;
			sourceTree = BUILT_PRODUCTS_DIR;
		};
		3B80CCC11DB2819C001BB547 /* AllTests-tvOS.xctest */ = {
			isa = PBXReferenceProxy;
			fileType = wrapper.cfbundle;
			path = "AllTests-tvOS.xctest";
			remoteRef = 3B80CCC01DB2819C001BB547 /* PBXContainerItemProxy */;
			sourceTree = BUILT_PRODUCTS_DIR;
		};
		3B80CCC31DB2819C001BB547 /* AllTests-macOS.xctest */ = {
			isa = PBXReferenceProxy;
			fileType = wrapper.cfbundle;
			path = "AllTests-macOS.xctest";
			remoteRef = 3B80CCC21DB2819C001BB547 /* PBXContainerItemProxy */;
			sourceTree = BUILT_PRODUCTS_DIR;
		};
		3B80CCC51DB2819C001BB547 /* PerformanceTests.app */ = {
			isa = PBXReferenceProxy;
			fileType = wrapper.application;
			path = PerformanceTests.app;
			remoteRef = 3B80CCC41DB2819C001BB547 /* PBXContainerItemProxy */;
			sourceTree = BUILT_PRODUCTS_DIR;
		};
/* End PBXReferenceProxy section */

/* Begin PBXResourcesBuildPhase section */
		3B38AB8A1DA10E0C0011EF08 /* Resources */ = {
			isa = PBXResourcesBuildPhase;
			buildActionMask = 2147483647;
			files = (
				3B38ABB51DA10E7F0011EF08 /* Info.plist in Resources */,
			);
			runOnlyForDeploymentPostprocessing = 0;
		};
		3B38AB931DA10E0C0011EF08 /* Resources */ = {
			isa = PBXResourcesBuildPhase;
			buildActionMask = 2147483647;
			files = (
			);
			runOnlyForDeploymentPostprocessing = 0;
		};
		3B607D461DA1296E008D7A82 /* Resources */ = {
			isa = PBXResourcesBuildPhase;
			buildActionMask = 2147483647;
			files = (
			);
			runOnlyForDeploymentPostprocessing = 0;
		};
		3B607D4E1DA1296E008D7A82 /* Resources */ = {
			isa = PBXResourcesBuildPhase;
			buildActionMask = 2147483647;
			files = (
			);
			runOnlyForDeploymentPostprocessing = 0;
		};
/* End PBXResourcesBuildPhase section */

/* Begin PBXSourcesBuildPhase section */
		3B38AB871DA10E0C0011EF08 /* Sources */ = {
			isa = PBXSourcesBuildPhase;
			buildActionMask = 2147483647;
			files = (
				3B38ABB01DA10E7F0011EF08 /* ChannelHandler.swift in Sources */,
				3B812E231DE4DE8600BD55E4 /* RxChannel.swift in Sources */,
				3B3440471DA293E30027412A /* SessionChannelHandler.swift in Sources */,
				3B38ABB81DA10E7F0011EF08 /* PandaConnection.swift in Sources */,
				3B5A27E81DA19DA500E55B01 /* Socket.swift in Sources */,
				3B69C94B1DDF7947005E8122 /* UserEstimation.swift in Sources */,
				3B3440411DA24AF90027412A /* PandaSession.swift in Sources */,
				3B5A27E41DA19DA500E55B01 /* Channel.swift in Sources */,
				3B38ABB31DA10E7F0011EF08 /* Estimate.swift in Sources */,
				3B38ABB11DA10E7F0011EF08 /* ConnectedState.swift in Sources */,
				3B5A27E71DA19DA500E55B01 /* Response.swift in Sources */,
				3B3440441DA24D280027412A /* User.swift in Sources */,
				3B38ABB41DA10E7F0011EF08 /* EstimationChannelHandler.swift in Sources */,
				3B38ABB91DA10E7F0011EF08 /* PlaygroundChannelHandler.swift in Sources */,
				3B5A27E61DA19DA500E55B01 /* Push.swift in Sources */,
				3B7567D91DE2288700AB0A0C /* RxSocket.swift in Sources */,
				3B38ABB21DA10E7F0011EF08 /* DisconnectedState.swift in Sources */,
				3B38ABB71DA10E7F0011EF08 /* PandaAPI.swift in Sources */,
				3B5A27E51DA19DA500E55B01 /* Presence.swift in Sources */,
			);
			runOnlyForDeploymentPostprocessing = 0;
		};
		3B38AB911DA10E0C0011EF08 /* Sources */ = {
			isa = PBXSourcesBuildPhase;
			buildActionMask = 2147483647;
			files = (
				3B38AB9B1DA10E0C0011EF08 /* PandaTests.swift in Sources */,
			);
			runOnlyForDeploymentPostprocessing = 0;
		};
		3B607D431DA1296E008D7A82 /* Sources */ = {
			isa = PBXSourcesBuildPhase;
			buildActionMask = 2147483647;
			files = (
				3B607D661DA15C57008D7A82 /* ChannelHandler.swift in Sources */,
				3B812E241DE4DE8600BD55E4 /* RxChannel.swift in Sources */,
				3B3440481DA293E30027412A /* SessionChannelHandler.swift in Sources */,
				3B607D6C1DA15C57008D7A82 /* PandaConnection.swift in Sources */,
				3B5A27ED1DA19DA600E55B01 /* Socket.swift in Sources */,
				3B69C94C1DDF7947005E8122 /* UserEstimation.swift in Sources */,
				3B3440421DA24AF90027412A /* PandaSession.swift in Sources */,
				3B5A27E91DA19DA600E55B01 /* Channel.swift in Sources */,
				3B607D691DA15C57008D7A82 /* Estimate.swift in Sources */,
				3B607D671DA15C57008D7A82 /* ConnectedState.swift in Sources */,
				3B5A27EC1DA19DA600E55B01 /* Response.swift in Sources */,
				3B3440451DA24D280027412A /* User.swift in Sources */,
				3B607D6A1DA15C57008D7A82 /* EstimationChannelHandler.swift in Sources */,
				3B607D6D1DA15C57008D7A82 /* PlaygroundChannelHandler.swift in Sources */,
				3B5A27EB1DA19DA600E55B01 /* Push.swift in Sources */,
				3B7567DA1DE2288700AB0A0C /* RxSocket.swift in Sources */,
				3B607D681DA15C57008D7A82 /* DisconnectedState.swift in Sources */,
				3B607D6B1DA15C57008D7A82 /* PandaAPI.swift in Sources */,
				3B5A27EA1DA19DA600E55B01 /* Presence.swift in Sources */,
			);
			runOnlyForDeploymentPostprocessing = 0;
		};
		3B607D4C1DA1296E008D7A82 /* Sources */ = {
			isa = PBXSourcesBuildPhase;
			buildActionMask = 2147483647;
			files = (
				3B607D561DA1296E008D7A82 /* Panda_macOSTests.swift in Sources */,
			);
			runOnlyForDeploymentPostprocessing = 0;
		};
/* End PBXSourcesBuildPhase section */

/* Begin PBXTargetDependency section */
		3B38AB981DA10E0C0011EF08 /* PBXTargetDependency */ = {
			isa = PBXTargetDependency;
			target = 3B38AB8B1DA10E0C0011EF08 /* Panda */;
			targetProxy = 3B38AB971DA10E0C0011EF08 /* PBXContainerItemProxy */;
		};
		3B607D531DA1296E008D7A82 /* PBXTargetDependency */ = {
			isa = PBXTargetDependency;
			target = 3B607D471DA1296E008D7A82 /* Panda macOS */;
			targetProxy = 3B607D521DA1296E008D7A82 /* PBXContainerItemProxy */;
		};
/* End PBXTargetDependency section */

/* Begin PBXVariantGroup section */
		3B5A27711DA19D6500E55B01 /* LaunchScreen.xib */ = {
			isa = PBXVariantGroup;
			children = (
				3B5A27721DA19D6500E55B01 /* Base */,
			);
			name = LaunchScreen.xib;
			sourceTree = "<group>";
		};
		3B5A27F71DA19E5000E55B01 /* LaunchScreen.xib */ = {
			isa = PBXVariantGroup;
			children = (
				3B5A27F81DA19E5000E55B01 /* Base */,
			);
			name = LaunchScreen.xib;
			sourceTree = "<group>";
		};
		3B5A27F91DA19E5000E55B01 /* Main.storyboard */ = {
			isa = PBXVariantGroup;
			children = (
				3B5A27FA1DA19E5000E55B01 /* Base */,
			);
			name = Main.storyboard;
			sourceTree = "<group>";
		};
		3B5A280A1DA19E5000E55B01 /* Main.storyboard */ = {
			isa = PBXVariantGroup;
			children = (
				3B5A280B1DA19E5000E55B01 /* Base */,
			);
			name = Main.storyboard;
			sourceTree = "<group>";
		};
/* End PBXVariantGroup section */

/* Begin XCBuildConfiguration section */
		3B38AB9E1DA10E0C0011EF08 /* Debug */ = {
			isa = XCBuildConfiguration;
			buildSettings = {
				ALWAYS_SEARCH_USER_PATHS = NO;
				CLANG_ANALYZER_NONNULL = YES;
				CLANG_CXX_LANGUAGE_STANDARD = "gnu++0x";
				CLANG_CXX_LIBRARY = "libc++";
				CLANG_ENABLE_MODULES = YES;
				CLANG_ENABLE_OBJC_ARC = YES;
				CLANG_WARN_BOOL_CONVERSION = YES;
				CLANG_WARN_CONSTANT_CONVERSION = YES;
				CLANG_WARN_DIRECT_OBJC_ISA_USAGE = YES_ERROR;
				CLANG_WARN_DOCUMENTATION_COMMENTS = YES;
				CLANG_WARN_EMPTY_BODY = YES;
				CLANG_WARN_ENUM_CONVERSION = YES;
				CLANG_WARN_INFINITE_RECURSION = YES;
				CLANG_WARN_INT_CONVERSION = YES;
				CLANG_WARN_OBJC_ROOT_CLASS = YES_ERROR;
				CLANG_WARN_SUSPICIOUS_MOVES = YES;
				CLANG_WARN_UNREACHABLE_CODE = YES;
				CLANG_WARN__DUPLICATE_METHOD_MATCH = YES;
				"CODE_SIGN_IDENTITY[sdk=iphoneos*]" = "iPhone Developer";
				COPY_PHASE_STRIP = NO;
				CURRENT_PROJECT_VERSION = 1;
				DEBUG_INFORMATION_FORMAT = dwarf;
				ENABLE_STRICT_OBJC_MSGSEND = YES;
				ENABLE_TESTABILITY = YES;
				GCC_C_LANGUAGE_STANDARD = gnu99;
				GCC_DYNAMIC_NO_PIC = NO;
				GCC_NO_COMMON_BLOCKS = YES;
				GCC_OPTIMIZATION_LEVEL = 0;
				GCC_PREPROCESSOR_DEFINITIONS = (
					"DEBUG=1",
					"$(inherited)",
				);
				GCC_WARN_64_TO_32_BIT_CONVERSION = YES;
				GCC_WARN_ABOUT_RETURN_TYPE = YES_ERROR;
				GCC_WARN_UNDECLARED_SELECTOR = YES;
				GCC_WARN_UNINITIALIZED_AUTOS = YES_AGGRESSIVE;
				GCC_WARN_UNUSED_FUNCTION = YES;
				GCC_WARN_UNUSED_VARIABLE = YES;
				IPHONEOS_DEPLOYMENT_TARGET = 10.0;
				MODULE_NAME = "";
				MTL_ENABLE_DEBUG_INFO = YES;
				ONLY_ACTIVE_ARCH = YES;
				PRODUCT_NAME = Panda;
				SDKROOT = iphoneos;
				SWIFT_ACTIVE_COMPILATION_CONDITIONS = DEBUG;
				SWIFT_OPTIMIZATION_LEVEL = "-Onone";
				SWIFT_VERSION = 3.0;
				TARGETED_DEVICE_FAMILY = "1,2";
				VERSIONING_SYSTEM = "apple-generic";
				VERSION_INFO_PREFIX = "";
			};
			name = Debug;
		};
		3B38AB9F1DA10E0C0011EF08 /* Release */ = {
			isa = XCBuildConfiguration;
			buildSettings = {
				ALWAYS_SEARCH_USER_PATHS = NO;
				CLANG_ANALYZER_NONNULL = YES;
				CLANG_CXX_LANGUAGE_STANDARD = "gnu++0x";
				CLANG_CXX_LIBRARY = "libc++";
				CLANG_ENABLE_MODULES = YES;
				CLANG_ENABLE_OBJC_ARC = YES;
				CLANG_WARN_BOOL_CONVERSION = YES;
				CLANG_WARN_CONSTANT_CONVERSION = YES;
				CLANG_WARN_DIRECT_OBJC_ISA_USAGE = YES_ERROR;
				CLANG_WARN_DOCUMENTATION_COMMENTS = YES;
				CLANG_WARN_EMPTY_BODY = YES;
				CLANG_WARN_ENUM_CONVERSION = YES;
				CLANG_WARN_INFINITE_RECURSION = YES;
				CLANG_WARN_INT_CONVERSION = YES;
				CLANG_WARN_OBJC_ROOT_CLASS = YES_ERROR;
				CLANG_WARN_SUSPICIOUS_MOVES = YES;
				CLANG_WARN_UNREACHABLE_CODE = YES;
				CLANG_WARN__DUPLICATE_METHOD_MATCH = YES;
				"CODE_SIGN_IDENTITY[sdk=iphoneos*]" = "iPhone Developer";
				COPY_PHASE_STRIP = NO;
				CURRENT_PROJECT_VERSION = 1;
				DEBUG_INFORMATION_FORMAT = "dwarf-with-dsym";
				ENABLE_NS_ASSERTIONS = NO;
				ENABLE_STRICT_OBJC_MSGSEND = YES;
				GCC_C_LANGUAGE_STANDARD = gnu99;
				GCC_NO_COMMON_BLOCKS = YES;
				GCC_WARN_64_TO_32_BIT_CONVERSION = YES;
				GCC_WARN_ABOUT_RETURN_TYPE = YES_ERROR;
				GCC_WARN_UNDECLARED_SELECTOR = YES;
				GCC_WARN_UNINITIALIZED_AUTOS = YES_AGGRESSIVE;
				GCC_WARN_UNUSED_FUNCTION = YES;
				GCC_WARN_UNUSED_VARIABLE = YES;
				IPHONEOS_DEPLOYMENT_TARGET = 10.0;
				MODULE_NAME = "";
				MTL_ENABLE_DEBUG_INFO = NO;
				PRODUCT_NAME = Panda;
				SDKROOT = iphoneos;
				SWIFT_OPTIMIZATION_LEVEL = "-Owholemodule";
				SWIFT_VERSION = 3.0;
				TARGETED_DEVICE_FAMILY = "1,2";
				VALIDATE_PRODUCT = YES;
				VERSIONING_SYSTEM = "apple-generic";
				VERSION_INFO_PREFIX = "";
			};
			name = Release;
		};
		3B38ABA11DA10E0C0011EF08 /* Debug */ = {
			isa = XCBuildConfiguration;
			buildSettings = {
				CLANG_ENABLE_MODULES = YES;
				CODE_SIGN_IDENTITY = "";
				DEFINES_MODULE = YES;
				DEVELOPMENT_TEAM = X29V4JPQ55;
				DYLIB_COMPATIBILITY_VERSION = 1;
				DYLIB_CURRENT_VERSION = 1;
				DYLIB_INSTALL_NAME_BASE = "@rpath";
				INFOPLIST_FILE = Panda/Info.plist;
				INSTALL_PATH = "$(LOCAL_LIBRARY_DIR)/Frameworks";
				LD_RUNPATH_SEARCH_PATHS = "$(inherited) @executable_path/Frameworks @loader_path/Frameworks";
				PRODUCT_BUNDLE_IDENTIFIER = com.elbedev.Panda;
				PRODUCT_NAME = "$(TARGET_NAME)";
				SKIP_INSTALL = YES;
				SWIFT_OPTIMIZATION_LEVEL = "-Onone";
				SWIFT_VERSION = 3.0;
			};
			name = Debug;
		};
		3B38ABA21DA10E0C0011EF08 /* Release */ = {
			isa = XCBuildConfiguration;
			buildSettings = {
				CLANG_ENABLE_MODULES = YES;
				CODE_SIGN_IDENTITY = "";
				DEFINES_MODULE = YES;
				DEVELOPMENT_TEAM = X29V4JPQ55;
				DYLIB_COMPATIBILITY_VERSION = 1;
				DYLIB_CURRENT_VERSION = 1;
				DYLIB_INSTALL_NAME_BASE = "@rpath";
				INFOPLIST_FILE = Panda/Info.plist;
				INSTALL_PATH = "$(LOCAL_LIBRARY_DIR)/Frameworks";
				LD_RUNPATH_SEARCH_PATHS = "$(inherited) @executable_path/Frameworks @loader_path/Frameworks";
				PRODUCT_BUNDLE_IDENTIFIER = com.elbedev.Panda;
				PRODUCT_NAME = "$(TARGET_NAME)";
				SKIP_INSTALL = YES;
				SWIFT_VERSION = 3.0;
			};
			name = Release;
		};
		3B38ABA41DA10E0C0011EF08 /* Debug */ = {
			isa = XCBuildConfiguration;
			buildSettings = {
				DEVELOPMENT_TEAM = X29V4JPQ55;
				INFOPLIST_FILE = PandaTests/Info.plist;
				LD_RUNPATH_SEARCH_PATHS = "$(inherited) @executable_path/Frameworks @loader_path/Frameworks";
				PRODUCT_BUNDLE_IDENTIFIER = com.elbedev.PandaTests;
				PRODUCT_NAME = "$(TARGET_NAME)";
				SWIFT_VERSION = 3.0;
			};
			name = Debug;
		};
		3B38ABA51DA10E0C0011EF08 /* Release */ = {
			isa = XCBuildConfiguration;
			buildSettings = {
				DEVELOPMENT_TEAM = X29V4JPQ55;
				INFOPLIST_FILE = PandaTests/Info.plist;
				LD_RUNPATH_SEARCH_PATHS = "$(inherited) @executable_path/Frameworks @loader_path/Frameworks";
				PRODUCT_BUNDLE_IDENTIFIER = com.elbedev.PandaTests;
				PRODUCT_NAME = "$(TARGET_NAME)";
				SWIFT_VERSION = 3.0;
			};
			name = Release;
		};
		3B607D591DA1296E008D7A82 /* Debug */ = {
			isa = XCBuildConfiguration;
			buildSettings = {
				CODE_SIGN_IDENTITY = "-";
				COMBINE_HIDPI_IMAGES = YES;
				DEFINES_MODULE = YES;
				DEVELOPMENT_TEAM = X29V4JPQ55;
				DSTROOT = "/tmp/$(PROJECT_NAME)-macOS.dst";
				DYLIB_COMPATIBILITY_VERSION = 1;
				DYLIB_CURRENT_VERSION = 1;
				DYLIB_INSTALL_NAME_BASE = "@rpath";
				FRAMEWORK_SEARCH_PATHS = (
					"$(inherited)",
					"$(PROJECT_DIR)/build/Debug-iphoneos",
				);
				FRAMEWORK_VERSION = A;
				INFOPLIST_FILE = "Panda macOS/Info.plist";
				INSTALL_PATH = "$(LOCAL_LIBRARY_DIR)/Frameworks";
				LD_RUNPATH_SEARCH_PATHS = "$(inherited) @executable_path/../Frameworks @loader_path/Frameworks";
				MACOSX_DEPLOYMENT_TARGET = 10.11;
				PRODUCT_BUNDLE_IDENTIFIER = "com.elbedev.Panda-macOS";
				SDKROOT = macosx;
				SKIP_INSTALL = YES;
				SWIFT_VERSION = 3.0;
			};
			name = Debug;
		};
		3B607D5A1DA1296E008D7A82 /* Release */ = {
			isa = XCBuildConfiguration;
			buildSettings = {
				CODE_SIGN_IDENTITY = "-";
				COMBINE_HIDPI_IMAGES = YES;
				DEFINES_MODULE = YES;
				DEVELOPMENT_TEAM = X29V4JPQ55;
				DSTROOT = "/tmp/$(PROJECT_NAME)-macOS.dst";
				DYLIB_COMPATIBILITY_VERSION = 1;
				DYLIB_CURRENT_VERSION = 1;
				DYLIB_INSTALL_NAME_BASE = "@rpath";
				FRAMEWORK_SEARCH_PATHS = (
					"$(inherited)",
					"$(PROJECT_DIR)/build/Debug-iphoneos",
				);
				FRAMEWORK_VERSION = A;
				INFOPLIST_FILE = "Panda macOS/Info.plist";
				INSTALL_PATH = "$(LOCAL_LIBRARY_DIR)/Frameworks";
				LD_RUNPATH_SEARCH_PATHS = "$(inherited) @executable_path/../Frameworks @loader_path/Frameworks";
				MACOSX_DEPLOYMENT_TARGET = 10.11;
				PRODUCT_BUNDLE_IDENTIFIER = "com.elbedev.Panda-macOS";
				SDKROOT = macosx;
				SKIP_INSTALL = YES;
				SWIFT_VERSION = 3.0;
			};
			name = Release;
		};
		3B607D5B1DA1296E008D7A82 /* Debug */ = {
			isa = XCBuildConfiguration;
			buildSettings = {
				CODE_SIGN_IDENTITY = "-";
				COMBINE_HIDPI_IMAGES = YES;
				DEVELOPMENT_TEAM = X29V4JPQ55;
				INFOPLIST_FILE = "Panda macOSTests/Info.plist";
				LD_RUNPATH_SEARCH_PATHS = "$(inherited) @executable_path/../Frameworks @loader_path/../Frameworks";
				MACOSX_DEPLOYMENT_TARGET = 10.12;
				PRODUCT_BUNDLE_IDENTIFIER = "com.elbedev.Panda-macOSTests";
				PRODUCT_NAME = "$(TARGET_NAME)";
				SDKROOT = macosx;
				SWIFT_VERSION = 3.0;
			};
			name = Debug;
		};
		3B607D5C1DA1296E008D7A82 /* Release */ = {
			isa = XCBuildConfiguration;
			buildSettings = {
				CODE_SIGN_IDENTITY = "-";
				COMBINE_HIDPI_IMAGES = YES;
				DEVELOPMENT_TEAM = X29V4JPQ55;
				INFOPLIST_FILE = "Panda macOSTests/Info.plist";
				LD_RUNPATH_SEARCH_PATHS = "$(inherited) @executable_path/../Frameworks @loader_path/../Frameworks";
				MACOSX_DEPLOYMENT_TARGET = 10.12;
				PRODUCT_BUNDLE_IDENTIFIER = "com.elbedev.Panda-macOSTests";
				PRODUCT_NAME = "$(TARGET_NAME)";
				SDKROOT = macosx;
				SWIFT_VERSION = 3.0;
			};
			name = Release;
		};
/* End XCBuildConfiguration section */

/* Begin XCConfigurationList section */
		3B38AB861DA10E0C0011EF08 /* Build configuration list for PBXProject "Panda" */ = {
			isa = XCConfigurationList;
			buildConfigurations = (
				3B38AB9E1DA10E0C0011EF08 /* Debug */,
				3B38AB9F1DA10E0C0011EF08 /* Release */,
			);
			defaultConfigurationIsVisible = 0;
			defaultConfigurationName = Release;
		};
		3B38ABA01DA10E0C0011EF08 /* Build configuration list for PBXNativeTarget "Panda" */ = {
			isa = XCConfigurationList;
			buildConfigurations = (
				3B38ABA11DA10E0C0011EF08 /* Debug */,
				3B38ABA21DA10E0C0011EF08 /* Release */,
			);
			defaultConfigurationIsVisible = 0;
			defaultConfigurationName = Release;
		};
		3B38ABA31DA10E0C0011EF08 /* Build configuration list for PBXNativeTarget "PandaTests" */ = {
			isa = XCConfigurationList;
			buildConfigurations = (
				3B38ABA41DA10E0C0011EF08 /* Debug */,
				3B38ABA51DA10E0C0011EF08 /* Release */,
			);
			defaultConfigurationIsVisible = 0;
			defaultConfigurationName = Release;
		};
		3B607D5D1DA1296E008D7A82 /* Build configuration list for PBXNativeTarget "Panda macOS" */ = {
			isa = XCConfigurationList;
			buildConfigurations = (
				3B607D591DA1296E008D7A82 /* Debug */,
				3B607D5A1DA1296E008D7A82 /* Release */,
			);
			defaultConfigurationIsVisible = 0;
			defaultConfigurationName = Release;
		};
		3B607D5E1DA1296E008D7A82 /* Build configuration list for PBXNativeTarget "Panda macOSTests" */ = {
			isa = XCConfigurationList;
			buildConfigurations = (
				3B607D5B1DA1296E008D7A82 /* Debug */,
				3B607D5C1DA1296E008D7A82 /* Release */,
			);
			defaultConfigurationIsVisible = 0;
			defaultConfigurationName = Release;
		};
/* End XCConfigurationList section */
	};
	rootObject = 3B38AB831DA10E0C0011EF08 /* Project object */;
}
