// !$*UTF8*$!
{
	archiveVersion = 1;
	classes = {
	};
	objectVersion = 46;
	objects = {

/* Begin PBXBuildFile section */
		1CF452973C4DB707252C73B3 /* Pods_Panda_ElectricUITests.framework in Frameworks */ = {isa = PBXBuildFile; fileRef = 7312525C16C8780588FE751D /* Pods_Panda_ElectricUITests.framework */; };
		3B6CB70A1D4C9F95005C40D8 /* AppDelegate.swift in Sources */ = {isa = PBXBuildFile; fileRef = 3B6CB7091D4C9F95005C40D8 /* AppDelegate.swift */; };
		3B6CB70C1D4C9F95005C40D8 /* ViewController.swift in Sources */ = {isa = PBXBuildFile; fileRef = 3B6CB70B1D4C9F95005C40D8 /* ViewController.swift */; };
		3B6CB70E1D4C9F95005C40D8 /* Assets.xcassets in Resources */ = {isa = PBXBuildFile; fileRef = 3B6CB70D1D4C9F95005C40D8 /* Assets.xcassets */; };
		3B6CB7111D4C9F95005C40D8 /* Main.storyboard in Resources */ = {isa = PBXBuildFile; fileRef = 3B6CB70F1D4C9F95005C40D8 /* Main.storyboard */; };
		3B6CB71C1D4C9F95005C40D8 /* Panda_ElectricTests.swift in Sources */ = {isa = PBXBuildFile; fileRef = 3B6CB71B1D4C9F95005C40D8 /* Panda_ElectricTests.swift */; };
		3B6CB7271D4C9F95005C40D8 /* Panda_ElectricUITests.swift in Sources */ = {isa = PBXBuildFile; fileRef = 3B6CB7261D4C9F95005C40D8 /* Panda_ElectricUITests.swift */; };
		5063DEF9C8A8D694AD9B4B0C /* Pods_Panda_Electric.framework in Frameworks */ = {isa = PBXBuildFile; fileRef = 1FA6B77A1F457FCB3BB2E131 /* Pods_Panda_Electric.framework */; };
		AF7648609DC4FB073F11EE1C /* Pods_Panda_ElectricTests.framework in Frameworks */ = {isa = PBXBuildFile; fileRef = 964294233A3500784D9FEF85 /* Pods_Panda_ElectricTests.framework */; };
/* End PBXBuildFile section */

/* Begin PBXContainerItemProxy section */
		3B6CB7181D4C9F95005C40D8 /* PBXContainerItemProxy */ = {
			isa = PBXContainerItemProxy;
			containerPortal = 3B6CB6FE1D4C9F95005C40D8 /* Project object */;
			proxyType = 1;
			remoteGlobalIDString = 3B6CB7051D4C9F95005C40D8;
			remoteInfo = "Panda Electric";
		};
		3B6CB7231D4C9F95005C40D8 /* PBXContainerItemProxy */ = {
			isa = PBXContainerItemProxy;
			containerPortal = 3B6CB6FE1D4C9F95005C40D8 /* Project object */;
			proxyType = 1;
			remoteGlobalIDString = 3B6CB7051D4C9F95005C40D8;
			remoteInfo = "Panda Electric";
		};
		3B6CB7761D4CAAAB005C40D8 /* PBXContainerItemProxy */ = {
			isa = PBXContainerItemProxy;
			containerPortal = 3B6CB7701D4CAAAA005C40D8 /* Panda Electric Mobile.xcodeproj */;
			proxyType = 2;
			remoteGlobalIDString = 3B6CB73D1D4CAAA9005C40D8;
			remoteInfo = "Panda Electric Mobile";
		};
		3B6CB7781D4CAAAB005C40D8 /* PBXContainerItemProxy */ = {
			isa = PBXContainerItemProxy;
			containerPortal = 3B6CB7701D4CAAAA005C40D8 /* Panda Electric Mobile.xcodeproj */;
			proxyType = 2;
			remoteGlobalIDString = 3B6CB7531D4CAAA9005C40D8;
			remoteInfo = "Panda Electric MobileTests";
		};
		3B6CB77A1D4CAAAB005C40D8 /* PBXContainerItemProxy */ = {
			isa = PBXContainerItemProxy;
			containerPortal = 3B6CB7701D4CAAAA005C40D8 /* Panda Electric Mobile.xcodeproj */;
			proxyType = 2;
			remoteGlobalIDString = 3B6CB75E1D4CAAAA005C40D8;
			remoteInfo = "Panda Electric MobileUITests";
		};
/* End PBXContainerItemProxy section */

/* Begin PBXFileReference section */
		0E3D1656464D2EC6D974CA53 /* Pods-Panda ElectricUITests.debug.xcconfig */ = {isa = PBXFileReference; includeInIndex = 1; lastKnownFileType = text.xcconfig; name = "Pods-Panda ElectricUITests.debug.xcconfig"; path = "Pods/Target Support Files/Pods-Panda ElectricUITests/Pods-Panda ElectricUITests.debug.xcconfig"; sourceTree = "<group>"; };
		1FA6B77A1F457FCB3BB2E131 /* Pods_Panda_Electric.framework */ = {isa = PBXFileReference; explicitFileType = wrapper.framework; includeInIndex = 0; path = Pods_Panda_Electric.framework; sourceTree = BUILT_PRODUCTS_DIR; };
		3B6CB7061D4C9F95005C40D8 /* Panda Electric.app */ = {isa = PBXFileReference; explicitFileType = wrapper.application; includeInIndex = 0; path = "Panda Electric.app"; sourceTree = BUILT_PRODUCTS_DIR; };
		3B6CB7091D4C9F95005C40D8 /* AppDelegate.swift */ = {isa = PBXFileReference; lastKnownFileType = sourcecode.swift; path = AppDelegate.swift; sourceTree = "<group>"; };
		3B6CB70B1D4C9F95005C40D8 /* ViewController.swift */ = {isa = PBXFileReference; lastKnownFileType = sourcecode.swift; path = ViewController.swift; sourceTree = "<group>"; };
		3B6CB70D1D4C9F95005C40D8 /* Assets.xcassets */ = {isa = PBXFileReference; lastKnownFileType = folder.assetcatalog; path = Assets.xcassets; sourceTree = "<group>"; };
		3B6CB7101D4C9F95005C40D8 /* Base */ = {isa = PBXFileReference; lastKnownFileType = file.storyboard; name = Base; path = Base.lproj/Main.storyboard; sourceTree = "<group>"; };
		3B6CB7121D4C9F95005C40D8 /* Info.plist */ = {isa = PBXFileReference; lastKnownFileType = text.plist.xml; path = Info.plist; sourceTree = "<group>"; };
		3B6CB7171D4C9F95005C40D8 /* Panda ElectricTests.xctest */ = {isa = PBXFileReference; explicitFileType = wrapper.cfbundle; includeInIndex = 0; path = "Panda ElectricTests.xctest"; sourceTree = BUILT_PRODUCTS_DIR; };
		3B6CB71B1D4C9F95005C40D8 /* Panda_ElectricTests.swift */ = {isa = PBXFileReference; lastKnownFileType = sourcecode.swift; path = Panda_ElectricTests.swift; sourceTree = "<group>"; };
		3B6CB71D1D4C9F95005C40D8 /* Info.plist */ = {isa = PBXFileReference; lastKnownFileType = text.plist.xml; path = Info.plist; sourceTree = "<group>"; };
		3B6CB7221D4C9F95005C40D8 /* Panda ElectricUITests.xctest */ = {isa = PBXFileReference; explicitFileType = wrapper.cfbundle; includeInIndex = 0; path = "Panda ElectricUITests.xctest"; sourceTree = BUILT_PRODUCTS_DIR; };
		3B6CB7261D4C9F95005C40D8 /* Panda_ElectricUITests.swift */ = {isa = PBXFileReference; lastKnownFileType = sourcecode.swift; path = Panda_ElectricUITests.swift; sourceTree = "<group>"; };
		3B6CB7281D4C9F95005C40D8 /* Info.plist */ = {isa = PBXFileReference; lastKnownFileType = text.plist.xml; path = Info.plist; sourceTree = "<group>"; };
		3B6CB7701D4CAAAA005C40D8 /* Panda Electric Mobile.xcodeproj */ = {isa = PBXFileReference; lastKnownFileType = "wrapper.pb-project"; name = "Panda Electric Mobile.xcodeproj"; path = "Panda Electric Mobile/Panda Electric Mobile.xcodeproj"; sourceTree = "<group>"; };
		45FE0F13109E1EC7B754F807 /* Pods-Panda Electric.release.xcconfig */ = {isa = PBXFileReference; includeInIndex = 1; lastKnownFileType = text.xcconfig; name = "Pods-Panda Electric.release.xcconfig"; path = "Pods/Target Support Files/Pods-Panda Electric/Pods-Panda Electric.release.xcconfig"; sourceTree = "<group>"; };
		53AEC92FE233781D8161380D /* Pods-Panda Electric.debug.xcconfig */ = {isa = PBXFileReference; includeInIndex = 1; lastKnownFileType = text.xcconfig; name = "Pods-Panda Electric.debug.xcconfig"; path = "Pods/Target Support Files/Pods-Panda Electric/Pods-Panda Electric.debug.xcconfig"; sourceTree = "<group>"; };
		7312525C16C8780588FE751D /* Pods_Panda_ElectricUITests.framework */ = {isa = PBXFileReference; explicitFileType = wrapper.framework; includeInIndex = 0; path = Pods_Panda_ElectricUITests.framework; sourceTree = BUILT_PRODUCTS_DIR; };
		75B25DFE3C5C2562EC32E09F /* Pods-Panda ElectricTests.debug.xcconfig */ = {isa = PBXFileReference; includeInIndex = 1; lastKnownFileType = text.xcconfig; name = "Pods-Panda ElectricTests.debug.xcconfig"; path = "Pods/Target Support Files/Pods-Panda ElectricTests/Pods-Panda ElectricTests.debug.xcconfig"; sourceTree = "<group>"; };
		8456FF23D1E8D35D317C0F5D /* Pods-Panda ElectricUITests.release.xcconfig */ = {isa = PBXFileReference; includeInIndex = 1; lastKnownFileType = text.xcconfig; name = "Pods-Panda ElectricUITests.release.xcconfig"; path = "Pods/Target Support Files/Pods-Panda ElectricUITests/Pods-Panda ElectricUITests.release.xcconfig"; sourceTree = "<group>"; };
		964294233A3500784D9FEF85 /* Pods_Panda_ElectricTests.framework */ = {isa = PBXFileReference; explicitFileType = wrapper.framework; includeInIndex = 0; path = Pods_Panda_ElectricTests.framework; sourceTree = BUILT_PRODUCTS_DIR; };
		B7061EF3B932DCE4AC7434E8 /* Pods-Panda ElectricTests.release.xcconfig */ = {isa = PBXFileReference; includeInIndex = 1; lastKnownFileType = text.xcconfig; name = "Pods-Panda ElectricTests.release.xcconfig"; path = "Pods/Target Support Files/Pods-Panda ElectricTests/Pods-Panda ElectricTests.release.xcconfig"; sourceTree = "<group>"; };
/* End PBXFileReference section */

/* Begin PBXFrameworksBuildPhase section */
		3B6CB7031D4C9F95005C40D8 /* Frameworks */ = {
			isa = PBXFrameworksBuildPhase;
			buildActionMask = 2147483647;
			files = (
				5063DEF9C8A8D694AD9B4B0C /* Pods_Panda_Electric.framework in Frameworks */,
			);
			runOnlyForDeploymentPostprocessing = 0;
		};
		3B6CB7141D4C9F95005C40D8 /* Frameworks */ = {
			isa = PBXFrameworksBuildPhase;
			buildActionMask = 2147483647;
			files = (
				AF7648609DC4FB073F11EE1C /* Pods_Panda_ElectricTests.framework in Frameworks */,
			);
			runOnlyForDeploymentPostprocessing = 0;
		};
		3B6CB71F1D4C9F95005C40D8 /* Frameworks */ = {
			isa = PBXFrameworksBuildPhase;
			buildActionMask = 2147483647;
			files = (
				1CF452973C4DB707252C73B3 /* Pods_Panda_ElectricUITests.framework in Frameworks */,
			);
			runOnlyForDeploymentPostprocessing = 0;
		};
/* End PBXFrameworksBuildPhase section */

/* Begin PBXGroup section */
		04FD9486AF2DD9A95995812E /* Frameworks */ = {
			isa = PBXGroup;
			children = (
				1FA6B77A1F457FCB3BB2E131 /* Pods_Panda_Electric.framework */,
				964294233A3500784D9FEF85 /* Pods_Panda_ElectricTests.framework */,
				7312525C16C8780588FE751D /* Pods_Panda_ElectricUITests.framework */,
			);
			name = Frameworks;
			sourceTree = "<group>";
		};
		3B6CB6FD1D4C9F95005C40D8 = {
			isa = PBXGroup;
			children = (
				3B6CB7701D4CAAAA005C40D8 /* Panda Electric Mobile.xcodeproj */,
				3B6CB7081D4C9F95005C40D8 /* Panda Electric */,
				3B6CB71A1D4C9F95005C40D8 /* Panda ElectricTests */,
				3B6CB7251D4C9F95005C40D8 /* Panda ElectricUITests */,
				3B6CB7071D4C9F95005C40D8 /* Products */,
				5DD194CE7FECB3E4816DFA26 /* Pods */,
				04FD9486AF2DD9A95995812E /* Frameworks */,
			);
			sourceTree = "<group>";
		};
		3B6CB7071D4C9F95005C40D8 /* Products */ = {
			isa = PBXGroup;
			children = (
				3B6CB7061D4C9F95005C40D8 /* Panda Electric.app */,
				3B6CB7171D4C9F95005C40D8 /* Panda ElectricTests.xctest */,
				3B6CB7221D4C9F95005C40D8 /* Panda ElectricUITests.xctest */,
			);
			name = Products;
			sourceTree = "<group>";
		};
		3B6CB7081D4C9F95005C40D8 /* Panda Electric */ = {
			isa = PBXGroup;
			children = (
				3B6CB7091D4C9F95005C40D8 /* AppDelegate.swift */,
				3B6CB70B1D4C9F95005C40D8 /* ViewController.swift */,
				3B6CB70D1D4C9F95005C40D8 /* Assets.xcassets */,
				3B6CB70F1D4C9F95005C40D8 /* Main.storyboard */,
				3B6CB7121D4C9F95005C40D8 /* Info.plist */,
			);
			path = "Panda Electric";
			sourceTree = "<group>";
		};
		3B6CB71A1D4C9F95005C40D8 /* Panda ElectricTests */ = {
			isa = PBXGroup;
			children = (
				3B6CB71B1D4C9F95005C40D8 /* Panda_ElectricTests.swift */,
				3B6CB71D1D4C9F95005C40D8 /* Info.plist */,
			);
			path = "Panda ElectricTests";
			sourceTree = "<group>";
		};
		3B6CB7251D4C9F95005C40D8 /* Panda ElectricUITests */ = {
			isa = PBXGroup;
			children = (
				3B6CB7261D4C9F95005C40D8 /* Panda_ElectricUITests.swift */,
				3B6CB7281D4C9F95005C40D8 /* Info.plist */,
			);
			path = "Panda ElectricUITests";
			sourceTree = "<group>";
		};
		3B6CB7711D4CAAAA005C40D8 /* Products */ = {
			isa = PBXGroup;
			children = (
				3B6CB7771D4CAAAB005C40D8 /* Panda Electric Mobile.app */,
				3B6CB7791D4CAAAB005C40D8 /* Panda Electric MobileTests.xctest */,
				3B6CB77B1D4CAAAB005C40D8 /* Panda Electric MobileUITests.xctest */,
			);
			name = Products;
			sourceTree = "<group>";
		};
		5DD194CE7FECB3E4816DFA26 /* Pods */ = {
			isa = PBXGroup;
			children = (
				53AEC92FE233781D8161380D /* Pods-Panda Electric.debug.xcconfig */,
				45FE0F13109E1EC7B754F807 /* Pods-Panda Electric.release.xcconfig */,
				75B25DFE3C5C2562EC32E09F /* Pods-Panda ElectricTests.debug.xcconfig */,
				B7061EF3B932DCE4AC7434E8 /* Pods-Panda ElectricTests.release.xcconfig */,
				0E3D1656464D2EC6D974CA53 /* Pods-Panda ElectricUITests.debug.xcconfig */,
				8456FF23D1E8D35D317C0F5D /* Pods-Panda ElectricUITests.release.xcconfig */,
			);
			name = Pods;
			sourceTree = "<group>";
		};
/* End PBXGroup section */

/* Begin PBXNativeTarget section */
		3B6CB7051D4C9F95005C40D8 /* Panda Electric */ = {
			isa = PBXNativeTarget;
			buildConfigurationList = 3B6CB72B1D4C9F95005C40D8 /* Build configuration list for PBXNativeTarget "Panda Electric" */;
			buildPhases = (
				3D806333C817227002597715 /* [CP] Check Pods Manifest.lock */,
				3B6CB7021D4C9F95005C40D8 /* Sources */,
				3B6CB7031D4C9F95005C40D8 /* Frameworks */,
				3B6CB7041D4C9F95005C40D8 /* Resources */,
				EF729FA7650A2F97C139F265 /* [CP] Embed Pods Frameworks */,
				719D16F07C044787A7F36D82 /* [CP] Copy Pods Resources */,
			);
			buildRules = (
			);
			dependencies = (
			);
			name = "Panda Electric";
			productName = "Panda Electric";
			productReference = 3B6CB7061D4C9F95005C40D8 /* Panda Electric.app */;
			productType = "com.apple.product-type.application";
		};
		3B6CB7161D4C9F95005C40D8 /* Panda ElectricTests */ = {
			isa = PBXNativeTarget;
			buildConfigurationList = 3B6CB72E1D4C9F95005C40D8 /* Build configuration list for PBXNativeTarget "Panda ElectricTests" */;
			buildPhases = (
				5BCD8B085D7E53820A491239 /* [CP] Check Pods Manifest.lock */,
				3B6CB7131D4C9F95005C40D8 /* Sources */,
				3B6CB7141D4C9F95005C40D8 /* Frameworks */,
				3B6CB7151D4C9F95005C40D8 /* Resources */,
				6CDAA6C9E7416B8B99495329 /* [CP] Embed Pods Frameworks */,
				9848321D85063DBC94709095 /* [CP] Copy Pods Resources */,
			);
			buildRules = (
			);
			dependencies = (
				3B6CB7191D4C9F95005C40D8 /* PBXTargetDependency */,
			);
			name = "Panda ElectricTests";
			productName = "Panda ElectricTests";
			productReference = 3B6CB7171D4C9F95005C40D8 /* Panda ElectricTests.xctest */;
			productType = "com.apple.product-type.bundle.unit-test";
		};
		3B6CB7211D4C9F95005C40D8 /* Panda ElectricUITests */ = {
			isa = PBXNativeTarget;
			buildConfigurationList = 3B6CB7311D4C9F95005C40D8 /* Build configuration list for PBXNativeTarget "Panda ElectricUITests" */;
			buildPhases = (
				6DA57A37643FC7BE4FE8488D /* [CP] Check Pods Manifest.lock */,
				3B6CB71E1D4C9F95005C40D8 /* Sources */,
				3B6CB71F1D4C9F95005C40D8 /* Frameworks */,
				3B6CB7201D4C9F95005C40D8 /* Resources */,
				44FE4AC6DE293523D4F466A4 /* [CP] Copy Pods Resources */,
			);
			buildRules = (
			);
			dependencies = (
				3B6CB7241D4C9F95005C40D8 /* PBXTargetDependency */,
			);
			name = "Panda ElectricUITests";
			productName = "Panda ElectricUITests";
			productReference = 3B6CB7221D4C9F95005C40D8 /* Panda ElectricUITests.xctest */;
			productType = "com.apple.product-type.bundle.ui-testing";
		};
/* End PBXNativeTarget section */

/* Begin PBXProject section */
		3B6CB6FE1D4C9F95005C40D8 /* Project object */ = {
			isa = PBXProject;
			attributes = {
				LastSwiftUpdateCheck = 0730;
				LastUpgradeCheck = 0730;
				ORGANIZATIONNAME = elbedev.com;
				TargetAttributes = {
					3B6CB7051D4C9F95005C40D8 = {
						CreatedOnToolsVersion = 7.3.1;
					};
					3B6CB7161D4C9F95005C40D8 = {
						CreatedOnToolsVersion = 7.3.1;
						TestTargetID = 3B6CB7051D4C9F95005C40D8;
					};
					3B6CB7211D4C9F95005C40D8 = {
						CreatedOnToolsVersion = 7.3.1;
						TestTargetID = 3B6CB7051D4C9F95005C40D8;
					};
				};
			};
			buildConfigurationList = 3B6CB7011D4C9F95005C40D8 /* Build configuration list for PBXProject "Panda Electric" */;
			compatibilityVersion = "Xcode 3.2";
			developmentRegion = English;
			hasScannedForEncodings = 0;
			knownRegions = (
				en,
				Base,
			);
			mainGroup = 3B6CB6FD1D4C9F95005C40D8;
			productRefGroup = 3B6CB7071D4C9F95005C40D8 /* Products */;
			projectDirPath = "";
			projectReferences = (
				{
					ProductGroup = 3B6CB7711D4CAAAA005C40D8 /* Products */;
					ProjectRef = 3B6CB7701D4CAAAA005C40D8 /* Panda Electric Mobile.xcodeproj */;
				},
			);
			projectRoot = "";
			targets = (
				3B6CB7051D4C9F95005C40D8 /* Panda Electric */,
				3B6CB7161D4C9F95005C40D8 /* Panda ElectricTests */,
				3B6CB7211D4C9F95005C40D8 /* Panda ElectricUITests */,
			);
		};
/* End PBXProject section */

/* Begin PBXReferenceProxy section */
		3B6CB7771D4CAAAB005C40D8 /* Panda Electric Mobile.app */ = {
			isa = PBXReferenceProxy;
			fileType = wrapper.application;
			path = "Panda Electric Mobile.app";
			remoteRef = 3B6CB7761D4CAAAB005C40D8 /* PBXContainerItemProxy */;
			sourceTree = BUILT_PRODUCTS_DIR;
		};
		3B6CB7791D4CAAAB005C40D8 /* Panda Electric MobileTests.xctest */ = {
			isa = PBXReferenceProxy;
			fileType = wrapper.cfbundle;
			path = "Panda Electric MobileTests.xctest";
			remoteRef = 3B6CB7781D4CAAAB005C40D8 /* PBXContainerItemProxy */;
			sourceTree = BUILT_PRODUCTS_DIR;
		};
		3B6CB77B1D4CAAAB005C40D8 /* Panda Electric MobileUITests.xctest */ = {
			isa = PBXReferenceProxy;
			fileType = wrapper.cfbundle;
			path = "Panda Electric MobileUITests.xctest";
			remoteRef = 3B6CB77A1D4CAAAB005C40D8 /* PBXContainerItemProxy */;
			sourceTree = BUILT_PRODUCTS_DIR;
		};
/* End PBXReferenceProxy section */

/* Begin PBXResourcesBuildPhase section */
		3B6CB7041D4C9F95005C40D8 /* Resources */ = {
			isa = PBXResourcesBuildPhase;
			buildActionMask = 2147483647;
			files = (
				3B6CB70E1D4C9F95005C40D8 /* Assets.xcassets in Resources */,
				3B6CB7111D4C9F95005C40D8 /* Main.storyboard in Resources */,
			);
			runOnlyForDeploymentPostprocessing = 0;
		};
		3B6CB7151D4C9F95005C40D8 /* Resources */ = {
			isa = PBXResourcesBuildPhase;
			buildActionMask = 2147483647;
			files = (
			);
			runOnlyForDeploymentPostprocessing = 0;
		};
		3B6CB7201D4C9F95005C40D8 /* Resources */ = {
			isa = PBXResourcesBuildPhase;
			buildActionMask = 2147483647;
			files = (
			);
			runOnlyForDeploymentPostprocessing = 0;
		};
/* End PBXResourcesBuildPhase section */

/* Begin PBXShellScriptBuildPhase section */
		3D806333C817227002597715 /* [CP] Check Pods Manifest.lock */ = {
			isa = PBXShellScriptBuildPhase;
			buildActionMask = 2147483647;
			files = (
			);
			inputPaths = (
			);
			name = "[CP] Check Pods Manifest.lock";
			outputPaths = (
			);
			runOnlyForDeploymentPostprocessing = 0;
			shellPath = /bin/sh;
			shellScript = "diff \"${PODS_ROOT}/../Podfile.lock\" \"${PODS_ROOT}/Manifest.lock\" > /dev/null\nif [[ $? != 0 ]] ; then\n    cat << EOM\nerror: The sandbox is not in sync with the Podfile.lock. Run 'pod install' or update your CocoaPods installation.\nEOM\n    exit 1\nfi\n";
			showEnvVarsInLog = 0;
		};
		44FE4AC6DE293523D4F466A4 /* [CP] Copy Pods Resources */ = {
			isa = PBXShellScriptBuildPhase;
			buildActionMask = 2147483647;
			files = (
			);
			inputPaths = (
			);
			name = "[CP] Copy Pods Resources";
			outputPaths = (
			);
			runOnlyForDeploymentPostprocessing = 0;
			shellPath = /bin/sh;
			shellScript = "\"${SRCROOT}/Pods/Target Support Files/Pods-Panda ElectricUITests/Pods-Panda ElectricUITests-resources.sh\"\n";
			showEnvVarsInLog = 0;
		};
		5BCD8B085D7E53820A491239 /* [CP] Check Pods Manifest.lock */ = {
			isa = PBXShellScriptBuildPhase;
			buildActionMask = 2147483647;
			files = (
			);
			inputPaths = (
			);
			name = "[CP] Check Pods Manifest.lock";
			outputPaths = (
			);
			runOnlyForDeploymentPostprocessing = 0;
			shellPath = /bin/sh;
			shellScript = "diff \"${PODS_ROOT}/../Podfile.lock\" \"${PODS_ROOT}/Manifest.lock\" > /dev/null\nif [[ $? != 0 ]] ; then\n    cat << EOM\nerror: The sandbox is not in sync with the Podfile.lock. Run 'pod install' or update your CocoaPods installation.\nEOM\n    exit 1\nfi\n";
			showEnvVarsInLog = 0;
		};
		6CDAA6C9E7416B8B99495329 /* [CP] Embed Pods Frameworks */ = {
			isa = PBXShellScriptBuildPhase;
			buildActionMask = 2147483647;
			files = (
			);
			inputPaths = (
			);
			name = "[CP] Embed Pods Frameworks";
			outputPaths = (
			);
			runOnlyForDeploymentPostprocessing = 0;
			shellPath = /bin/sh;
			shellScript = "\"${SRCROOT}/Pods/Target Support Files/Pods-Panda ElectricTests/Pods-Panda ElectricTests-frameworks.sh\"\n";
			showEnvVarsInLog = 0;
		};
		6DA57A37643FC7BE4FE8488D /* [CP] Check Pods Manifest.lock */ = {
			isa = PBXShellScriptBuildPhase;
			buildActionMask = 2147483647;
			files = (
			);
			inputPaths = (
			);
			name = "[CP] Check Pods Manifest.lock";
			outputPaths = (
			);
			runOnlyForDeploymentPostprocessing = 0;
			shellPath = /bin/sh;
			shellScript = "diff \"${PODS_ROOT}/../Podfile.lock\" \"${PODS_ROOT}/Manifest.lock\" > /dev/null\nif [[ $? != 0 ]] ; then\n    cat << EOM\nerror: The sandbox is not in sync with the Podfile.lock. Run 'pod install' or update your CocoaPods installation.\nEOM\n    exit 1\nfi\n";
			showEnvVarsInLog = 0;
		};
		719D16F07C044787A7F36D82 /* [CP] Copy Pods Resources */ = {
			isa = PBXShellScriptBuildPhase;
			buildActionMask = 2147483647;
			files = (
			);
			inputPaths = (
			);
			name = "[CP] Copy Pods Resources";
			outputPaths = (
			);
			runOnlyForDeploymentPostprocessing = 0;
			shellPath = /bin/sh;
			shellScript = "\"${SRCROOT}/Pods/Target Support Files/Pods-Panda Electric/Pods-Panda Electric-resources.sh\"\n";
			showEnvVarsInLog = 0;
		};
		9848321D85063DBC94709095 /* [CP] Copy Pods Resources */ = {
			isa = PBXShellScriptBuildPhase;
			buildActionMask = 2147483647;
			files = (
			);
			inputPaths = (
			);
			name = "[CP] Copy Pods Resources";
			outputPaths = (
			);
			runOnlyForDeploymentPostprocessing = 0;
			shellPath = /bin/sh;
			shellScript = "\"${SRCROOT}/Pods/Target Support Files/Pods-Panda ElectricTests/Pods-Panda ElectricTests-resources.sh\"\n";
			showEnvVarsInLog = 0;
		};
		EF729FA7650A2F97C139F265 /* [CP] Embed Pods Frameworks */ = {
			isa = PBXShellScriptBuildPhase;
			buildActionMask = 2147483647;
			files = (
			);
			inputPaths = (
			);
			name = "[CP] Embed Pods Frameworks";
			outputPaths = (
			);
			runOnlyForDeploymentPostprocessing = 0;
			shellPath = /bin/sh;
			shellScript = "\"${SRCROOT}/Pods/Target Support Files/Pods-Panda Electric/Pods-Panda Electric-frameworks.sh\"\n";
			showEnvVarsInLog = 0;
		};
/* End PBXShellScriptBuildPhase section */

/* Begin PBXSourcesBuildPhase section */
		3B6CB7021D4C9F95005C40D8 /* Sources */ = {
			isa = PBXSourcesBuildPhase;
			buildActionMask = 2147483647;
			files = (
				3B6CB70C1D4C9F95005C40D8 /* ViewController.swift in Sources */,
				3B6CB70A1D4C9F95005C40D8 /* AppDelegate.swift in Sources */,
			);
			runOnlyForDeploymentPostprocessing = 0;
		};
		3B6CB7131D4C9F95005C40D8 /* Sources */ = {
			isa = PBXSourcesBuildPhase;
			buildActionMask = 2147483647;
			files = (
				3B6CB71C1D4C9F95005C40D8 /* Panda_ElectricTests.swift in Sources */,
			);
			runOnlyForDeploymentPostprocessing = 0;
		};
		3B6CB71E1D4C9F95005C40D8 /* Sources */ = {
			isa = PBXSourcesBuildPhase;
			buildActionMask = 2147483647;
			files = (
				3B6CB7271D4C9F95005C40D8 /* Panda_ElectricUITests.swift in Sources */,
			);
			runOnlyForDeploymentPostprocessing = 0;
		};
/* End PBXSourcesBuildPhase section */

/* Begin PBXTargetDependency section */
		3B6CB7191D4C9F95005C40D8 /* PBXTargetDependency */ = {
			isa = PBXTargetDependency;
			target = 3B6CB7051D4C9F95005C40D8 /* Panda Electric */;
			targetProxy = 3B6CB7181D4C9F95005C40D8 /* PBXContainerItemProxy */;
		};
		3B6CB7241D4C9F95005C40D8 /* PBXTargetDependency */ = {
			isa = PBXTargetDependency;
			target = 3B6CB7051D4C9F95005C40D8 /* Panda Electric */;
			targetProxy = 3B6CB7231D4C9F95005C40D8 /* PBXContainerItemProxy */;
		};
/* End PBXTargetDependency section */

/* Begin PBXVariantGroup section */
		3B6CB70F1D4C9F95005C40D8 /* Main.storyboard */ = {
			isa = PBXVariantGroup;
			children = (
				3B6CB7101D4C9F95005C40D8 /* Base */,
			);
			name = Main.storyboard;
			sourceTree = "<group>";
		};
/* End PBXVariantGroup section */

/* Begin XCBuildConfiguration section */
		3B6CB7291D4C9F95005C40D8 /* Debug */ = {
			isa = XCBuildConfiguration;
			buildSettings = {
				ALWAYS_SEARCH_USER_PATHS = NO;
				CLANG_ANALYZER_NONNULL = YES;
				CLANG_CXX_LANGUAGE_STANDARD = "gnu++0x";
				CLANG_CXX_LIBRARY = "libc++";
				CLANG_ENABLE_MODULES = YES;
				CLANG_ENABLE_OBJC_ARC = YES;
				CLANG_WARN_BOOL_CONVERSION = YES;
				CLANG_WARN_CONSTANT_CONVERSION = YES;
				CLANG_WARN_DIRECT_OBJC_ISA_USAGE = YES_ERROR;
				CLANG_WARN_EMPTY_BODY = YES;
				CLANG_WARN_ENUM_CONVERSION = YES;
				CLANG_WARN_INT_CONVERSION = YES;
				CLANG_WARN_OBJC_ROOT_CLASS = YES_ERROR;
				CLANG_WARN_UNREACHABLE_CODE = YES;
				CLANG_WARN__DUPLICATE_METHOD_MATCH = YES;
				CODE_SIGN_IDENTITY = "-";
				COPY_PHASE_STRIP = NO;
				DEBUG_INFORMATION_FORMAT = dwarf;
				ENABLE_STRICT_OBJC_MSGSEND = YES;
				ENABLE_TESTABILITY = YES;
				GCC_C_LANGUAGE_STANDARD = gnu99;
				GCC_DYNAMIC_NO_PIC = NO;
				GCC_NO_COMMON_BLOCKS = YES;
				GCC_OPTIMIZATION_LEVEL = 0;
				GCC_PREPROCESSOR_DEFINITIONS = (
					"DEBUG=1",
					"$(inherited)",
				);
				GCC_WARN_64_TO_32_BIT_CONVERSION = YES;
				GCC_WARN_ABOUT_RETURN_TYPE = YES_ERROR;
				GCC_WARN_UNDECLARED_SELECTOR = YES;
				GCC_WARN_UNINITIALIZED_AUTOS = YES_AGGRESSIVE;
				GCC_WARN_UNUSED_FUNCTION = YES;
				GCC_WARN_UNUSED_VARIABLE = YES;
				MACOSX_DEPLOYMENT_TARGET = 10.11;
				MTL_ENABLE_DEBUG_INFO = YES;
				ONLY_ACTIVE_ARCH = YES;
				SDKROOT = macosx;
				SWIFT_OPTIMIZATION_LEVEL = "-Onone";
			};
			name = Debug;
		};
		3B6CB72A1D4C9F95005C40D8 /* Release */ = {
			isa = XCBuildConfiguration;
			buildSettings = {
				ALWAYS_SEARCH_USER_PATHS = NO;
				CLANG_ANALYZER_NONNULL = YES;
				CLANG_CXX_LANGUAGE_STANDARD = "gnu++0x";
				CLANG_CXX_LIBRARY = "libc++";
				CLANG_ENABLE_MODULES = YES;
				CLANG_ENABLE_OBJC_ARC = YES;
				CLANG_WARN_BOOL_CONVERSION = YES;
				CLANG_WARN_CONSTANT_CONVERSION = YES;
				CLANG_WARN_DIRECT_OBJC_ISA_USAGE = YES_ERROR;
				CLANG_WARN_EMPTY_BODY = YES;
				CLANG_WARN_ENUM_CONVERSION = YES;
				CLANG_WARN_INT_CONVERSION = YES;
				CLANG_WARN_OBJC_ROOT_CLASS = YES_ERROR;
				CLANG_WARN_UNREACHABLE_CODE = YES;
				CLANG_WARN__DUPLICATE_METHOD_MATCH = YES;
				CODE_SIGN_IDENTITY = "-";
				COPY_PHASE_STRIP = NO;
				DEBUG_INFORMATION_FORMAT = "dwarf-with-dsym";
				ENABLE_NS_ASSERTIONS = NO;
				ENABLE_STRICT_OBJC_MSGSEND = YES;
				GCC_C_LANGUAGE_STANDARD = gnu99;
				GCC_NO_COMMON_BLOCKS = YES;
				GCC_WARN_64_TO_32_BIT_CONVERSION = YES;
				GCC_WARN_ABOUT_RETURN_TYPE = YES_ERROR;
				GCC_WARN_UNDECLARED_SELECTOR = YES;
				GCC_WARN_UNINITIALIZED_AUTOS = YES_AGGRESSIVE;
				GCC_WARN_UNUSED_FUNCTION = YES;
				GCC_WARN_UNUSED_VARIABLE = YES;
				MACOSX_DEPLOYMENT_TARGET = 10.11;
				MTL_ENABLE_DEBUG_INFO = NO;
				SDKROOT = macosx;
			};
			name = Release;
		};
		3B6CB72C1D4C9F95005C40D8 /* Debug */ = {
			isa = XCBuildConfiguration;
			baseConfigurationReference = 53AEC92FE233781D8161380D /* Pods-Panda Electric.debug.xcconfig */;
			buildSettings = {
				ASSETCATALOG_COMPILER_APPICON_NAME = AppIcon;
				COMBINE_HIDPI_IMAGES = YES;
				INFOPLIST_FILE = "Panda Electric/Info.plist";
				LD_RUNPATH_SEARCH_PATHS = "$(inherited) @executable_path/../Frameworks";
				PRODUCT_BUNDLE_IDENTIFIER = "com.elbedev.Panda-Electric";
				PRODUCT_NAME = "$(TARGET_NAME)";
			};
			name = Debug;
		};
		3B6CB72D1D4C9F95005C40D8 /* Release */ = {
			isa = XCBuildConfiguration;
			baseConfigurationReference = 45FE0F13109E1EC7B754F807 /* Pods-Panda Electric.release.xcconfig */;
			buildSettings = {
				ASSETCATALOG_COMPILER_APPICON_NAME = AppIcon;
				COMBINE_HIDPI_IMAGES = YES;
				INFOPLIST_FILE = "Panda Electric/Info.plist";
				LD_RUNPATH_SEARCH_PATHS = "$(inherited) @executable_path/../Frameworks";
				PRODUCT_BUNDLE_IDENTIFIER = "com.elbedev.Panda-Electric";
				PRODUCT_NAME = "$(TARGET_NAME)";
			};
			name = Release;
		};
		3B6CB72F1D4C9F95005C40D8 /* Debug */ = {
			isa = XCBuildConfiguration;
			baseConfigurationReference = 75B25DFE3C5C2562EC32E09F /* Pods-Panda ElectricTests.debug.xcconfig */;
			buildSettings = {
				BUNDLE_LOADER = "$(TEST_HOST)";
				COMBINE_HIDPI_IMAGES = YES;
				INFOPLIST_FILE = "Panda ElectricTests/Info.plist";
				LD_RUNPATH_SEARCH_PATHS = "$(inherited) @executable_path/../Frameworks @loader_path/../Frameworks";
				PRODUCT_BUNDLE_IDENTIFIER = "com.elbedev.Panda-ElectricTests";
				PRODUCT_NAME = "$(TARGET_NAME)";
				TEST_HOST = "$(BUILT_PRODUCTS_DIR)/Panda Electric.app/Contents/MacOS/Panda Electric";
			};
			name = Debug;
		};
		3B6CB7301D4C9F95005C40D8 /* Release */ = {
			isa = XCBuildConfiguration;
			baseConfigurationReference = B7061EF3B932DCE4AC7434E8 /* Pods-Panda ElectricTests.release.xcconfig */;
			buildSettings = {
				BUNDLE_LOADER = "$(TEST_HOST)";
				COMBINE_HIDPI_IMAGES = YES;
				INFOPLIST_FILE = "Panda ElectricTests/Info.plist";
				LD_RUNPATH_SEARCH_PATHS = "$(inherited) @executable_path/../Frameworks @loader_path/../Frameworks";
				PRODUCT_BUNDLE_IDENTIFIER = "com.elbedev.Panda-ElectricTests";
				PRODUCT_NAME = "$(TARGET_NAME)";
				TEST_HOST = "$(BUILT_PRODUCTS_DIR)/Panda Electric.app/Contents/MacOS/Panda Electric";
			};
			name = Release;
		};
		3B6CB7321D4C9F95005C40D8 /* Debug */ = {
			isa = XCBuildConfiguration;
			baseConfigurationReference = 0E3D1656464D2EC6D974CA53 /* Pods-Panda ElectricUITests.debug.xcconfig */;
			buildSettings = {
				COMBINE_HIDPI_IMAGES = YES;
				INFOPLIST_FILE = "Panda ElectricUITests/Info.plist";
				LD_RUNPATH_SEARCH_PATHS = "$(inherited) @executable_path/../Frameworks @loader_path/../Frameworks";
				PRODUCT_BUNDLE_IDENTIFIER = "com.elbedev.Panda-ElectricUITests";
				PRODUCT_NAME = "$(TARGET_NAME)";
				TEST_TARGET_NAME = "Panda Electric";
			};
			name = Debug;
		};
		3B6CB7331D4C9F95005C40D8 /* Release */ = {
			isa = XCBuildConfiguration;
			baseConfigurationReference = 8456FF23D1E8D35D317C0F5D /* Pods-Panda ElectricUITests.release.xcconfig */;
			buildSettings = {
				COMBINE_HIDPI_IMAGES = YES;
				INFOPLIST_FILE = "Panda ElectricUITests/Info.plist";
				LD_RUNPATH_SEARCH_PATHS = "$(inherited) @executable_path/../Frameworks @loader_path/../Frameworks";
				PRODUCT_BUNDLE_IDENTIFIER = "com.elbedev.Panda-ElectricUITests";
				PRODUCT_NAME = "$(TARGET_NAME)";
				TEST_TARGET_NAME = "Panda Electric";
			};
			name = Release;
		};
/* End XCBuildConfiguration section */

/* Begin XCConfigurationList section */
		3B6CB7011D4C9F95005C40D8 /* Build configuration list for PBXProject "Panda Electric" */ = {
			isa = XCConfigurationList;
			buildConfigurations = (
				3B6CB7291D4C9F95005C40D8 /* Debug */,
				3B6CB72A1D4C9F95005C40D8 /* Release */,
			);
			defaultConfigurationIsVisible = 0;
			defaultConfigurationName = Release;
		};
		3B6CB72B1D4C9F95005C40D8 /* Build configuration list for PBXNativeTarget "Panda Electric" */ = {
			isa = XCConfigurationList;
			buildConfigurations = (
				3B6CB72C1D4C9F95005C40D8 /* Debug */,
				3B6CB72D1D4C9F95005C40D8 /* Release */,
			);
			defaultConfigurationIsVisible = 0;
			defaultConfigurationName = Release;
		};
		3B6CB72E1D4C9F95005C40D8 /* Build configuration list for PBXNativeTarget "Panda ElectricTests" */ = {
			isa = XCConfigurationList;
			buildConfigurations = (
				3B6CB72F1D4C9F95005C40D8 /* Debug */,
				3B6CB7301D4C9F95005C40D8 /* Release */,
			);
			defaultConfigurationIsVisible = 0;
			defaultConfigurationName = Release;
		};
		3B6CB7311D4C9F95005C40D8 /* Build configuration list for PBXNativeTarget "Panda ElectricUITests" */ = {
			isa = XCConfigurationList;
			buildConfigurations = (
				3B6CB7321D4C9F95005C40D8 /* Debug */,
				3B6CB7331D4C9F95005C40D8 /* Release */,
			);
			defaultConfigurationIsVisible = 0;
			defaultConfigurationName = Release;
		};
/* End XCConfigurationList section */
	};
	rootObject = 3B6CB6FE1D4C9F95005C40D8 /* Project object */;
}
