// !$*UTF8*$!
{
	archiveVersion = 1;
	classes = {
	};
	objectVersion = 46;
	objects = {

/* Begin PBXBuildFile section */
		3B5917E91DAA824400333777 /* Starscream.framework in Frameworks */ = {isa = PBXBuildFile; fileRef = 3B5917E81DAA824400333777 /* Starscream.framework */; };
		3B5917EA1DAA824400333777 /* Starscream.framework in Embed Frameworks */ = {isa = PBXBuildFile; fileRef = 3B5917E81DAA824400333777 /* Starscream.framework */; settings = {ATTRIBUTES = (CodeSignOnCopy, RemoveHeadersOnCopy, ); }; };
		3B5917ED1DAA824B00333777 /* Panda.framework in Frameworks */ = {isa = PBXBuildFile; fileRef = 3B5917EC1DAA824B00333777 /* Panda.framework */; };
		3B5917EE1DAA824B00333777 /* Panda.framework in Embed Frameworks */ = {isa = PBXBuildFile; fileRef = 3B5917EC1DAA824B00333777 /* Panda.framework */; settings = {ATTRIBUTES = (CodeSignOnCopy, RemoveHeadersOnCopy, ); }; };
		3B5918101DAAA97700333777 /* AddMemberViewController.swift in Sources */ = {isa = PBXBuildFile; fileRef = 3B59180F1DAAA97700333777 /* AddMemberViewController.swift */; };
		3B5918181DAAAB7D00333777 /* CIColorExtension.swift in Sources */ = {isa = PBXBuildFile; fileRef = 3B5918111DAAAB7D00333777 /* CIColorExtension.swift */; };
		3B5918191DAAAB7D00333777 /* CIImageExtension.swift in Sources */ = {isa = PBXBuildFile; fileRef = 3B5918121DAAAB7D00333777 /* CIImageExtension.swift */; };
		3B59181A1DAAAB7D00333777 /* Info.plist in Resources */ = {isa = PBXBuildFile; fileRef = 3B5918131DAAAB7D00333777 /* Info.plist */; };
		3B59181B1DAAAB7D00333777 /* QRCode.swift in Sources */ = {isa = PBXBuildFile; fileRef = 3B5918151DAAAB7D00333777 /* QRCode.swift */; };
		3B59181C1DAAAB7D00333777 /* UIImageViewExtension.swift in Sources */ = {isa = PBXBuildFile; fileRef = 3B5918161DAAAB7D00333777 /* UIImageViewExtension.swift */; };
		3B5918201DAAB09200333777 /* SessionSearchViewController.swift in Sources */ = {isa = PBXBuildFile; fileRef = 3B59181F1DAAB09200333777 /* SessionSearchViewController.swift */; };
		3B5918BA1DAAB3FD00333777 /* MTBBarcodeScanner.framework in Frameworks */ = {isa = PBXBuildFile; fileRef = 3B5918B91DAAB3EF00333777 /* MTBBarcodeScanner.framework */; };
		3B5918BB1DAAB3FD00333777 /* MTBBarcodeScanner.framework in Embed Frameworks */ = {isa = PBXBuildFile; fileRef = 3B5918B91DAAB3EF00333777 /* MTBBarcodeScanner.framework */; settings = {ATTRIBUTES = (CodeSignOnCopy, RemoveHeadersOnCopy, ); }; };
		3B6CB7411D4CAAA9005C40D8 /* AppDelegate.swift in Sources */ = {isa = PBXBuildFile; fileRef = 3B6CB7401D4CAAA9005C40D8 /* AppDelegate.swift */; };
		3B6CB7431D4CAAA9005C40D8 /* MasterViewController.swift in Sources */ = {isa = PBXBuildFile; fileRef = 3B6CB7421D4CAAA9005C40D8 /* MasterViewController.swift */; };
		3B6CB7451D4CAAA9005C40D8 /* DetailViewController.swift in Sources */ = {isa = PBXBuildFile; fileRef = 3B6CB7441D4CAAA9005C40D8 /* DetailViewController.swift */; };
		3B6CB7481D4CAAA9005C40D8 /* Main.storyboard in Resources */ = {isa = PBXBuildFile; fileRef = 3B6CB7461D4CAAA9005C40D8 /* Main.storyboard */; };
		3B6CB74A1D4CAAA9005C40D8 /* Assets.xcassets in Resources */ = {isa = PBXBuildFile; fileRef = 3B6CB7491D4CAAA9005C40D8 /* Assets.xcassets */; };
		3B6CB74D1D4CAAA9005C40D8 /* LaunchScreen.storyboard in Resources */ = {isa = PBXBuildFile; fileRef = 3B6CB74B1D4CAAA9005C40D8 /* LaunchScreen.storyboard */; };
		3B6CB7581D4CAAA9005C40D8 /* Panda_Electric_MobileTests.swift in Sources */ = {isa = PBXBuildFile; fileRef = 3B6CB7571D4CAAA9005C40D8 /* Panda_Electric_MobileTests.swift */; };
		3B6CB7631D4CAAAA005C40D8 /* Panda_Electric_MobileUITests.swift in Sources */ = {isa = PBXBuildFile; fileRef = 3B6CB7621D4CAAAA005C40D8 /* Panda_Electric_MobileUITests.swift */; };
		3B8C1D701D7AAE7F00500B43 /* FibonacciPickerView.swift in Sources */ = {isa = PBXBuildFile; fileRef = 3B8C1D6F1D7AAE7F00500B43 /* FibonacciPickerView.swift */; };
		3BDF2DE81D7C361300CFC1BB /* FibonacciSequence.swift in Sources */ = {isa = PBXBuildFile; fileRef = 3BDF2DE71D7C361300CFC1BB /* FibonacciSequence.swift */; };
		3BDF2DEA1D7C70D100CFC1BB /* FibonacciNumberButton.swift in Sources */ = {isa = PBXBuildFile; fileRef = 3BDF2DE91D7C70D100CFC1BB /* FibonacciNumberButton.swift */; };
/* End PBXBuildFile section */

/* Begin PBXContainerItemProxy section */
		3B5918B61DAAB3EF00333777 /* PBXContainerItemProxy */ = {
			isa = PBXContainerItemProxy;
			containerPortal = 3B5918AB1DAAB3EF00333777 /* MTBBarcodeScannerExample.xcodeproj */;
			proxyType = 2;
			remoteGlobalIDString = 27C3BF3E18A7140F00C44713;
			remoteInfo = MTBBarcodeScannerExample;
		};
		3B5918B81DAAB3EF00333777 /* PBXContainerItemProxy */ = {
			isa = PBXContainerItemProxy;
			containerPortal = 3B5918AB1DAAB3EF00333777 /* MTBBarcodeScannerExample.xcodeproj */;
			proxyType = 2;
			remoteGlobalIDString = 563B264C1CD9F95F00DE7D8D;
			remoteInfo = MTBBarcodeScanner;
		};
		3B5918BC1DAAB3FD00333777 /* PBXContainerItemProxy */ = {
			isa = PBXContainerItemProxy;
			containerPortal = 3B5918AB1DAAB3EF00333777 /* MTBBarcodeScannerExample.xcodeproj */;
			proxyType = 1;
			remoteGlobalIDString = 563B264B1CD9F95F00DE7D8D;
			remoteInfo = MTBBarcodeScanner;
		};
		3B6CB7541D4CAAA9005C40D8 /* PBXContainerItemProxy */ = {
			isa = PBXContainerItemProxy;
			containerPortal = 3B6CB7351D4CAAA9005C40D8 /* Project object */;
			proxyType = 1;
			remoteGlobalIDString = 3B6CB73C1D4CAAA9005C40D8;
			remoteInfo = "Panda Electric Mobile";
		};
		3B6CB75F1D4CAAAA005C40D8 /* PBXContainerItemProxy */ = {
			isa = PBXContainerItemProxy;
			containerPortal = 3B6CB7351D4CAAA9005C40D8 /* Project object */;
			proxyType = 1;
			remoteGlobalIDString = 3B6CB73C1D4CAAA9005C40D8;
			remoteInfo = "Panda Electric Mobile";
		};
/* End PBXContainerItemProxy section */

/* Begin PBXCopyFilesBuildPhase section */
		3B5917EB1DAA824400333777 /* Embed Frameworks */ = {
			isa = PBXCopyFilesBuildPhase;
			buildActionMask = 2147483647;
			dstPath = "";
			dstSubfolderSpec = 10;
			files = (
				3B5917EA1DAA824400333777 /* Starscream.framework in Embed Frameworks */,
				3B5917EE1DAA824B00333777 /* Panda.framework in Embed Frameworks */,
				3B5918BB1DAAB3FD00333777 /* MTBBarcodeScanner.framework in Embed Frameworks */,
			);
			name = "Embed Frameworks";
			runOnlyForDeploymentPostprocessing = 0;
		};
/* End PBXCopyFilesBuildPhase section */

/* Begin PBXFileReference section */
		092997EF7A7A55858CF41B22 /* Pods-Pandas-Panda Electric Mobile.release.xcconfig */ = {isa = PBXFileReference; includeInIndex = 1; lastKnownFileType = text.xcconfig; name = "Pods-Pandas-Panda Electric Mobile.release.xcconfig"; path = "Pods/Target Support Files/Pods-Pandas-Panda Electric Mobile/Pods-Pandas-Panda Electric Mobile.release.xcconfig"; sourceTree = "<group>"; };
		1B509D07F3F783BA36046F0C /* Pods-Pandas-Panda Electric Mobile.debug.xcconfig */ = {isa = PBXFileReference; includeInIndex = 1; lastKnownFileType = text.xcconfig; name = "Pods-Pandas-Panda Electric Mobile.debug.xcconfig"; path = "Pods/Target Support Files/Pods-Pandas-Panda Electric Mobile/Pods-Pandas-Panda Electric Mobile.debug.xcconfig"; sourceTree = "<group>"; };
		3B38ABBA1DA10EAE0011EF08 /* Panda.framework */ = {isa = PBXFileReference; lastKnownFileType = wrapper.framework; name = Panda.framework; path = "build/Debug-iphoneos/Panda.framework"; sourceTree = "<group>"; };
		3B38ABBC1DA110430011EF08 /* Panda.framework */ = {isa = PBXFileReference; lastKnownFileType = wrapper.framework; name = Panda.framework; path = "build/Debug-iphoneos/Panda.framework"; sourceTree = "<group>"; };
		3B5917E81DAA824400333777 /* Starscream.framework */ = {isa = PBXFileReference; explicitFileType = wrapper.framework; path = Starscream.framework; sourceTree = BUILT_PRODUCTS_DIR; };
		3B5917EC1DAA824B00333777 /* Panda.framework */ = {isa = PBXFileReference; explicitFileType = wrapper.framework; path = Panda.framework; sourceTree = BUILT_PRODUCTS_DIR; };
		3B59180F1DAAA97700333777 /* AddMemberViewController.swift */ = {isa = PBXFileReference; fileEncoding = 4; lastKnownFileType = sourcecode.swift; path = AddMemberViewController.swift; sourceTree = "<group>"; };
		3B5918111DAAAB7D00333777 /* CIColorExtension.swift */ = {isa = PBXFileReference; fileEncoding = 4; lastKnownFileType = sourcecode.swift; path = CIColorExtension.swift; sourceTree = "<group>"; };
		3B5918121DAAAB7D00333777 /* CIImageExtension.swift */ = {isa = PBXFileReference; fileEncoding = 4; lastKnownFileType = sourcecode.swift; path = CIImageExtension.swift; sourceTree = "<group>"; };
		3B5918131DAAAB7D00333777 /* Info.plist */ = {isa = PBXFileReference; fileEncoding = 4; lastKnownFileType = text.plist.xml; path = Info.plist; sourceTree = "<group>"; };
		3B5918141DAAAB7D00333777 /* QRCode.h */ = {isa = PBXFileReference; fileEncoding = 4; lastKnownFileType = sourcecode.c.h; path = QRCode.h; sourceTree = "<group>"; };
		3B5918151DAAAB7D00333777 /* QRCode.swift */ = {isa = PBXFileReference; fileEncoding = 4; lastKnownFileType = sourcecode.swift; path = QRCode.swift; sourceTree = "<group>"; };
		3B5918161DAAAB7D00333777 /* UIImageViewExtension.swift */ = {isa = PBXFileReference; fileEncoding = 4; lastKnownFileType = sourcecode.swift; path = UIImageViewExtension.swift; sourceTree = "<group>"; };
		3B59181F1DAAB09200333777 /* SessionSearchViewController.swift */ = {isa = PBXFileReference; fileEncoding = 4; lastKnownFileType = sourcecode.swift; path = SessionSearchViewController.swift; sourceTree = "<group>"; };
		3B59187E1DAAB3EF00333777 /* .gitignore */ = {isa = PBXFileReference; lastKnownFileType = text; path = .gitignore; sourceTree = "<group>"; };
		3B59187F1DAAB3EF00333777 /* .ruby-version */ = {isa = PBXFileReference; lastKnownFileType = text; path = ".ruby-version"; sourceTree = "<group>"; };
		3B5918811DAAB3EF00333777 /* MTBBarcodeScanner.png */ = {isa = PBXFileReference; lastKnownFileType = image.png; path = MTBBarcodeScanner.png; sourceTree = "<group>"; };
		3B5918821DAAB3EF00333777 /* sample-barcodes.png */ = {isa = PBXFileReference; lastKnownFileType = image.png; path = "sample-barcodes.png"; sourceTree = "<group>"; };
		3B5918831DAAB3EF00333777 /* CHANGELOG.md */ = {isa = PBXFileReference; lastKnownFileType = net.daringfireball.markdown; path = CHANGELOG.md; sourceTree = "<group>"; };
		3B5918871DAAB3EF00333777 /* MTBBarcodeScanner.h */ = {isa = PBXFileReference; lastKnownFileType = sourcecode.c.h; path = MTBBarcodeScanner.h; sourceTree = "<group>"; };
		3B5918881DAAB3EF00333777 /* MTBBarcodeScanner.m */ = {isa = PBXFileReference; lastKnownFileType = sourcecode.c.objc; path = MTBBarcodeScanner.m; sourceTree = "<group>"; };
		3B59188A1DAAB3EF00333777 /* .gitkeep */ = {isa = PBXFileReference; lastKnownFileType = text; path = .gitkeep; sourceTree = "<group>"; };
		3B59188C1DAAB3EF00333777 /* SuggestedFeatures.md */ = {isa = PBXFileReference; lastKnownFileType = net.daringfireball.markdown; path = SuggestedFeatures.md; sourceTree = "<group>"; };
		3B59188D1DAAB3EF00333777 /* Gemfile */ = {isa = PBXFileReference; lastKnownFileType = text; path = Gemfile; sourceTree = "<group>"; };
		3B59188E1DAAB3EF00333777 /* Gemfile.lock */ = {isa = PBXFileReference; lastKnownFileType = text; path = Gemfile.lock; sourceTree = "<group>"; };
		3B59188F1DAAB3EF00333777 /* LICENSE */ = {isa = PBXFileReference; lastKnownFileType = text; path = LICENSE; sourceTree = "<group>"; };
		3B5918901DAAB3EF00333777 /* MTBBarcodeScanner.podspec */ = {isa = PBXFileReference; lastKnownFileType = text; path = MTBBarcodeScanner.podspec; sourceTree = "<group>"; };
		3B5918931DAAB3EF00333777 /* Info.plist */ = {isa = PBXFileReference; lastKnownFileType = text.plist.xml; path = Info.plist; sourceTree = "<group>"; };
		3B5918941DAAB3EF00333777 /* MTBBarcode.h */ = {isa = PBXFileReference; lastKnownFileType = sourcecode.c.h; path = MTBBarcode.h; sourceTree = "<group>"; };
		3B5918971DAAB3EF00333777 /* Base */ = {isa = PBXFileReference; lastKnownFileType = file.xib; name = Base; path = Base.lproj/LaunchScreen.xib; sourceTree = "<group>"; };
		3B5918991DAAB3EF00333777 /* Base */ = {isa = PBXFileReference; lastKnownFileType = file.storyboard; name = Base; path = Base.lproj/Main_iPad.storyboard; sourceTree = "<group>"; };
		3B59189B1DAAB3EF00333777 /* Base */ = {isa = PBXFileReference; lastKnownFileType = file.storyboard; name = Base; path = Base.lproj/Main_iPhone.storyboard; sourceTree = "<group>"; };
		3B59189E1DAAB3EF00333777 /* MTBAppDelegate.h */ = {isa = PBXFileReference; lastKnownFileType = sourcecode.c.h; path = MTBAppDelegate.h; sourceTree = "<group>"; };
		3B59189F1DAAB3EF00333777 /* MTBAppDelegate.m */ = {isa = PBXFileReference; lastKnownFileType = sourcecode.c.objc; path = MTBAppDelegate.m; sourceTree = "<group>"; };
		3B5918A11DAAB3EF00333777 /* MTBAdvancedExampleViewController.h */ = {isa = PBXFileReference; lastKnownFileType = sourcecode.c.h; path = MTBAdvancedExampleViewController.h; sourceTree = "<group>"; };
		3B5918A21DAAB3EF00333777 /* MTBAdvancedExampleViewController.m */ = {isa = PBXFileReference; lastKnownFileType = sourcecode.c.objc; path = MTBAdvancedExampleViewController.m; sourceTree = "<group>"; };
		3B5918A31DAAB3EF00333777 /* MTBBasicExampleViewController.h */ = {isa = PBXFileReference; lastKnownFileType = sourcecode.c.h; path = MTBBasicExampleViewController.h; sourceTree = "<group>"; };
		3B5918A41DAAB3EF00333777 /* MTBBasicExampleViewController.m */ = {isa = PBXFileReference; lastKnownFileType = sourcecode.c.objc; path = MTBBasicExampleViewController.m; sourceTree = "<group>"; };
		3B5918A61DAAB3EF00333777 /* en */ = {isa = PBXFileReference; lastKnownFileType = text.plist.strings; name = en; path = en.lproj/InfoPlist.strings; sourceTree = "<group>"; };
		3B5918A71DAAB3EF00333777 /* Images.xcassets */ = {isa = PBXFileReference; lastKnownFileType = folder.assetcatalog; path = Images.xcassets; sourceTree = "<group>"; };
		3B5918A81DAAB3EF00333777 /* main.m */ = {isa = PBXFileReference; lastKnownFileType = sourcecode.c.objc; path = main.m; sourceTree = "<group>"; };
		3B5918A91DAAB3EF00333777 /* MTBBarcodeScannerExample-Info.plist */ = {isa = PBXFileReference; lastKnownFileType = text.plist.xml; path = "MTBBarcodeScannerExample-Info.plist"; sourceTree = "<group>"; };
		3B5918AA1DAAB3EF00333777 /* MTBBarcodeScannerExample-Prefix.pch */ = {isa = PBXFileReference; lastKnownFileType = sourcecode.c.h; path = "MTBBarcodeScannerExample-Prefix.pch"; sourceTree = "<group>"; };
		3B5918AB1DAAB3EF00333777 /* MTBBarcodeScannerExample.xcodeproj */ = {isa = PBXFileReference; lastKnownFileType = "wrapper.pb-project"; path = MTBBarcodeScannerExample.xcodeproj; sourceTree = "<group>"; };
		3B5918B01DAAB3EF00333777 /* en */ = {isa = PBXFileReference; lastKnownFileType = text.plist.strings; name = en; path = en.lproj/InfoPlist.strings; sourceTree = "<group>"; };
		3B5918B11DAAB3EF00333777 /* MTBBarcodeScannerExampleTests-Info.plist */ = {isa = PBXFileReference; lastKnownFileType = text.plist.xml; path = "MTBBarcodeScannerExampleTests-Info.plist"; sourceTree = "<group>"; };
		3B5918B21DAAB3EF00333777 /* Rakefile */ = {isa = PBXFileReference; lastKnownFileType = text; path = Rakefile; sourceTree = "<group>"; };
		3B5918B31DAAB3EF00333777 /* README.md */ = {isa = PBXFileReference; lastKnownFileType = net.daringfireball.markdown; path = README.md; sourceTree = "<group>"; };
		3B607D3F1DA1273D008D7A82 /* Pods_Panda_Umbrella_Panda_Electric_Mobile.framework */ = {isa = PBXFileReference; lastKnownFileType = wrapper.framework; name = Pods_Panda_Umbrella_Panda_Electric_Mobile.framework; path = "Pods/../build/Debug-iphoneos/Pods_Panda_Umbrella_Panda_Electric_Mobile.framework"; sourceTree = "<group>"; };
		3B607D411DA128BD008D7A82 /* Panda.framework */ = {isa = PBXFileReference; lastKnownFileType = wrapper.framework; name = Panda.framework; path = "build/Debug-iphoneos/Panda.framework"; sourceTree = "<group>"; };
		3B6CB73D1D4CAAA9005C40D8 /* Panda Electric Mobile.app */ = {isa = PBXFileReference; explicitFileType = wrapper.application; includeInIndex = 0; path = "Panda Electric Mobile.app"; sourceTree = BUILT_PRODUCTS_DIR; };
		3B6CB7401D4CAAA9005C40D8 /* AppDelegate.swift */ = {isa = PBXFileReference; lastKnownFileType = sourcecode.swift; path = AppDelegate.swift; sourceTree = "<group>"; };
		3B6CB7421D4CAAA9005C40D8 /* MasterViewController.swift */ = {isa = PBXFileReference; lastKnownFileType = sourcecode.swift; path = MasterViewController.swift; sourceTree = "<group>"; };
		3B6CB7441D4CAAA9005C40D8 /* DetailViewController.swift */ = {isa = PBXFileReference; lastKnownFileType = sourcecode.swift; path = DetailViewController.swift; sourceTree = "<group>"; };
		3B6CB7471D4CAAA9005C40D8 /* Base */ = {isa = PBXFileReference; lastKnownFileType = file.storyboard; name = Base; path = Base.lproj/Main.storyboard; sourceTree = "<group>"; };
		3B6CB7491D4CAAA9005C40D8 /* Assets.xcassets */ = {isa = PBXFileReference; lastKnownFileType = folder.assetcatalog; path = Assets.xcassets; sourceTree = "<group>"; };
		3B6CB74C1D4CAAA9005C40D8 /* Base */ = {isa = PBXFileReference; lastKnownFileType = file.storyboard; name = Base; path = Base.lproj/LaunchScreen.storyboard; sourceTree = "<group>"; };
		3B6CB74E1D4CAAA9005C40D8 /* Info.plist */ = {isa = PBXFileReference; lastKnownFileType = text.plist.xml; path = Info.plist; sourceTree = "<group>"; };
		3B6CB7531D4CAAA9005C40D8 /* Panda Electric MobileTests.xctest */ = {isa = PBXFileReference; explicitFileType = wrapper.cfbundle; includeInIndex = 0; path = "Panda Electric MobileTests.xctest"; sourceTree = BUILT_PRODUCTS_DIR; };
		3B6CB7571D4CAAA9005C40D8 /* Panda_Electric_MobileTests.swift */ = {isa = PBXFileReference; lastKnownFileType = sourcecode.swift; path = Panda_Electric_MobileTests.swift; sourceTree = "<group>"; };
		3B6CB7591D4CAAA9005C40D8 /* Info.plist */ = {isa = PBXFileReference; lastKnownFileType = text.plist.xml; path = Info.plist; sourceTree = "<group>"; };
		3B6CB75E1D4CAAAA005C40D8 /* Panda Electric MobileUITests.xctest */ = {isa = PBXFileReference; explicitFileType = wrapper.cfbundle; includeInIndex = 0; path = "Panda Electric MobileUITests.xctest"; sourceTree = BUILT_PRODUCTS_DIR; };
		3B6CB7621D4CAAAA005C40D8 /* Panda_Electric_MobileUITests.swift */ = {isa = PBXFileReference; lastKnownFileType = sourcecode.swift; path = Panda_Electric_MobileUITests.swift; sourceTree = "<group>"; };
		3B6CB7641D4CAAAA005C40D8 /* Info.plist */ = {isa = PBXFileReference; lastKnownFileType = text.plist.xml; path = Info.plist; sourceTree = "<group>"; };
		3B7303221DA1A4D40000C028 /* Panda.framework */ = {isa = PBXFileReference; lastKnownFileType = wrapper.framework; name = Panda.framework; path = "../../../Library/Developer/Xcode/DerivedData/Panda_Electric-abzkcothuxehpycgppfltxmgjhcp/Build/Products/Debug-iphonesimulator/Panda.framework"; sourceTree = "<group>"; };
		3B8C1D6F1D7AAE7F00500B43 /* FibonacciPickerView.swift */ = {isa = PBXFileReference; fileEncoding = 4; lastKnownFileType = sourcecode.swift; path = FibonacciPickerView.swift; sourceTree = "<group>"; };
		3BC559701D8C89D400213420 /* GameplayKit.framework */ = {isa = PBXFileReference; lastKnownFileType = wrapper.framework; name = GameplayKit.framework; path = System/Library/Frameworks/GameplayKit.framework; sourceTree = SDKROOT; };
		3BDF2DE71D7C361300CFC1BB /* FibonacciSequence.swift */ = {isa = PBXFileReference; fileEncoding = 4; lastKnownFileType = sourcecode.swift; path = FibonacciSequence.swift; sourceTree = "<group>"; };
		3BDF2DE91D7C70D100CFC1BB /* FibonacciNumberButton.swift */ = {isa = PBXFileReference; fileEncoding = 4; lastKnownFileType = sourcecode.swift; path = FibonacciNumberButton.swift; sourceTree = "<group>"; };
		461320F2C36DEEF54CDB3E49 /* Pods_Panda_Panda_Electric_Mobile.framework */ = {isa = PBXFileReference; explicitFileType = wrapper.framework; includeInIndex = 0; path = Pods_Panda_Panda_Electric_Mobile.framework; sourceTree = BUILT_PRODUCTS_DIR; };
		4BBB020C22EF819DADB39189 /* Pods_Panda_Electric_Mobile.framework */ = {isa = PBXFileReference; explicitFileType = wrapper.framework; includeInIndex = 0; path = Pods_Panda_Electric_Mobile.framework; sourceTree = BUILT_PRODUCTS_DIR; };
		4F0763B6306A98BF86E68116 /* Pods_Panda_Umbrella_Panda_Electric_Mobile.framework */ = {isa = PBXFileReference; explicitFileType = wrapper.framework; includeInIndex = 0; path = Pods_Panda_Umbrella_Panda_Electric_Mobile.framework; sourceTree = BUILT_PRODUCTS_DIR; };
		784A818E71732C57BDFEDABD /* Pods-Panda Electric Mobile.release.xcconfig */ = {isa = PBXFileReference; includeInIndex = 1; lastKnownFileType = text.xcconfig; name = "Pods-Panda Electric Mobile.release.xcconfig"; path = "Pods/Target Support Files/Pods-Panda Electric Mobile/Pods-Panda Electric Mobile.release.xcconfig"; sourceTree = "<group>"; };
		82755F9E463367C954ADF3E9 /* Pods_Pandas_Panda_Electric_Mobile.framework */ = {isa = PBXFileReference; explicitFileType = wrapper.framework; includeInIndex = 0; path = Pods_Pandas_Panda_Electric_Mobile.framework; sourceTree = BUILT_PRODUCTS_DIR; };
		B4BF2CC481461FC251D2FB34 /* Pods-Panda Umbrella-Panda Electric Mobile.debug.xcconfig */ = {isa = PBXFileReference; includeInIndex = 1; lastKnownFileType = text.xcconfig; name = "Pods-Panda Umbrella-Panda Electric Mobile.debug.xcconfig"; path = "Pods/Target Support Files/Pods-Panda Umbrella-Panda Electric Mobile/Pods-Panda Umbrella-Panda Electric Mobile.debug.xcconfig"; sourceTree = "<group>"; };
		D116713834A730FB781CA60C /* Pods-Panda Umbrella-Panda Electric Mobile.release.xcconfig */ = {isa = PBXFileReference; includeInIndex = 1; lastKnownFileType = text.xcconfig; name = "Pods-Panda Umbrella-Panda Electric Mobile.release.xcconfig"; path = "Pods/Target Support Files/Pods-Panda Umbrella-Panda Electric Mobile/Pods-Panda Umbrella-Panda Electric Mobile.release.xcconfig"; sourceTree = "<group>"; };
		D476A156729D6D8422EB9DD5 /* Pods-Panda-Panda Electric Mobile.release.xcconfig */ = {isa = PBXFileReference; includeInIndex = 1; lastKnownFileType = text.xcconfig; name = "Pods-Panda-Panda Electric Mobile.release.xcconfig"; path = "Pods/Target Support Files/Pods-Panda-Panda Electric Mobile/Pods-Panda-Panda Electric Mobile.release.xcconfig"; sourceTree = "<group>"; };
		DEB12B5A02D3F705BEEF7E20 /* Pods-Panda Electric Mobile.debug.xcconfig */ = {isa = PBXFileReference; includeInIndex = 1; lastKnownFileType = text.xcconfig; name = "Pods-Panda Electric Mobile.debug.xcconfig"; path = "Pods/Target Support Files/Pods-Panda Electric Mobile/Pods-Panda Electric Mobile.debug.xcconfig"; sourceTree = "<group>"; };
		F95FBA379B6266CFC95125E3 /* Pods-Panda-Panda Electric Mobile.debug.xcconfig */ = {isa = PBXFileReference; includeInIndex = 1; lastKnownFileType = text.xcconfig; name = "Pods-Panda-Panda Electric Mobile.debug.xcconfig"; path = "Pods/Target Support Files/Pods-Panda-Panda Electric Mobile/Pods-Panda-Panda Electric Mobile.debug.xcconfig"; sourceTree = "<group>"; };
/* End PBXFileReference section */

/* Begin PBXFrameworksBuildPhase section */
		3B6CB73A1D4CAAA9005C40D8 /* Frameworks */ = {
			isa = PBXFrameworksBuildPhase;
			buildActionMask = 2147483647;
			files = (
				3B5917E91DAA824400333777 /* Starscream.framework in Frameworks */,
				3B5917ED1DAA824B00333777 /* Panda.framework in Frameworks */,
				3B5918BA1DAAB3FD00333777 /* MTBBarcodeScanner.framework in Frameworks */,
			);
			runOnlyForDeploymentPostprocessing = 0;
		};
		3B6CB7501D4CAAA9005C40D8 /* Frameworks */ = {
			isa = PBXFrameworksBuildPhase;
			buildActionMask = 2147483647;
			files = (
			);
			runOnlyForDeploymentPostprocessing = 0;
		};
		3B6CB75B1D4CAAA9005C40D8 /* Frameworks */ = {
			isa = PBXFrameworksBuildPhase;
			buildActionMask = 2147483647;
			files = (
			);
			runOnlyForDeploymentPostprocessing = 0;
		};
/* End PBXFrameworksBuildPhase section */

/* Begin PBXGroup section */
		3B5918171DAAAB7D00333777 /* QRCode */ = {
			isa = PBXGroup;
			children = (
				3B5918111DAAAB7D00333777 /* CIColorExtension.swift */,
				3B5918121DAAAB7D00333777 /* CIImageExtension.swift */,
				3B5918131DAAAB7D00333777 /* Info.plist */,
				3B5918141DAAAB7D00333777 /* QRCode.h */,
				3B5918151DAAAB7D00333777 /* QRCode.swift */,
				3B5918161DAAAB7D00333777 /* UIImageViewExtension.swift */,
			);
			name = QRCode;
			path = ../Dependencies/External/QRCode/QRCode;
			sourceTree = "<group>";
		};
		3B59181D1DAAAB8700333777 /* Dependencies */ = {
			isa = PBXGroup;
			children = (
				3B59187D1DAAB3EF00333777 /* MTBBarcodeScanner */,
				3B5918171DAAAB7D00333777 /* QRCode */,
			);
			name = Dependencies;
			sourceTree = "<group>";
		};
		3B59181E1DAAB06900333777 /* Session */ = {
			isa = PBXGroup;
			children = (
				3B59180F1DAAA97700333777 /* AddMemberViewController.swift */,
				3B59181F1DAAB09200333777 /* SessionSearchViewController.swift */,
			);
			name = Session;
			sourceTree = "<group>";
		};
		3B59187D1DAAB3EF00333777 /* MTBBarcodeScanner */ = {
			isa = PBXGroup;
			children = (
				3B59187E1DAAB3EF00333777 /* .gitignore */,
				3B59187F1DAAB3EF00333777 /* .ruby-version */,
				3B5918801DAAB3EF00333777 /* Assets */,
				3B5918831DAAB3EF00333777 /* CHANGELOG.md */,
				3B5918841DAAB3EF00333777 /* Classes */,
				3B59188B1DAAB3EF00333777 /* Documentation */,
				3B59188D1DAAB3EF00333777 /* Gemfile */,
				3B59188E1DAAB3EF00333777 /* Gemfile.lock */,
				3B59188F1DAAB3EF00333777 /* LICENSE */,
				3B5918901DAAB3EF00333777 /* MTBBarcodeScanner.podspec */,
				3B5918911DAAB3EF00333777 /* Project */,
				3B5918B21DAAB3EF00333777 /* Rakefile */,
				3B5918B31DAAB3EF00333777 /* README.md */,
			);
			name = MTBBarcodeScanner;
			path = Dependencies/External/MTBBarcodeScanner;
			sourceTree = SOURCE_ROOT;
		};
		3B5918801DAAB3EF00333777 /* Assets */ = {
			isa = PBXGroup;
			children = (
				3B5918811DAAB3EF00333777 /* MTBBarcodeScanner.png */,
				3B5918821DAAB3EF00333777 /* sample-barcodes.png */,
			);
			path = Assets;
			sourceTree = "<group>";
		};
		3B5918841DAAB3EF00333777 /* Classes */ = {
			isa = PBXGroup;
			children = (
				3B5918851DAAB3EF00333777 /* ios */,
				3B5918891DAAB3EF00333777 /* osx */,
			);
			path = Classes;
			sourceTree = "<group>";
		};
		3B5918851DAAB3EF00333777 /* ios */ = {
			isa = PBXGroup;
			children = (
				3B5918861DAAB3EF00333777 /* Scanners */,
			);
			path = ios;
			sourceTree = "<group>";
		};
		3B5918861DAAB3EF00333777 /* Scanners */ = {
			isa = PBXGroup;
			children = (
				3B5918871DAAB3EF00333777 /* MTBBarcodeScanner.h */,
				3B5918881DAAB3EF00333777 /* MTBBarcodeScanner.m */,
			);
			path = Scanners;
			sourceTree = "<group>";
		};
		3B5918891DAAB3EF00333777 /* osx */ = {
			isa = PBXGroup;
			children = (
				3B59188A1DAAB3EF00333777 /* .gitkeep */,
			);
			path = osx;
			sourceTree = "<group>";
		};
		3B59188B1DAAB3EF00333777 /* Documentation */ = {
			isa = PBXGroup;
			children = (
				3B59188C1DAAB3EF00333777 /* SuggestedFeatures.md */,
			);
			path = Documentation;
			sourceTree = "<group>";
		};
		3B5918911DAAB3EF00333777 /* Project */ = {
			isa = PBXGroup;
			children = (
				3B5918921DAAB3EF00333777 /* MTBBarcodeScanner */,
				3B5918951DAAB3EF00333777 /* MTBBarcodeScannerExample */,
				3B5918AB1DAAB3EF00333777 /* MTBBarcodeScannerExample.xcodeproj */,
				3B5918AE1DAAB3EF00333777 /* MTBBarcodeScannerExampleTests */,
			);
			path = Project;
			sourceTree = "<group>";
		};
		3B5918921DAAB3EF00333777 /* MTBBarcodeScanner */ = {
			isa = PBXGroup;
			children = (
				3B5918931DAAB3EF00333777 /* Info.plist */,
				3B5918941DAAB3EF00333777 /* MTBBarcode.h */,
			);
			path = MTBBarcodeScanner;
			sourceTree = "<group>";
		};
		3B5918951DAAB3EF00333777 /* MTBBarcodeScannerExample */ = {
			isa = PBXGroup;
			children = (
				3B5918961DAAB3EF00333777 /* LaunchScreen.xib */,
				3B5918981DAAB3EF00333777 /* Main_iPad.storyboard */,
				3B59189A1DAAB3EF00333777 /* Main_iPhone.storyboard */,
				3B59189C1DAAB3EF00333777 /* Classes */,
				3B5918A51DAAB3EF00333777 /* InfoPlist.strings */,
				3B5918A71DAAB3EF00333777 /* Images.xcassets */,
				3B5918A81DAAB3EF00333777 /* main.m */,
				3B5918A91DAAB3EF00333777 /* MTBBarcodeScannerExample-Info.plist */,
				3B5918AA1DAAB3EF00333777 /* MTBBarcodeScannerExample-Prefix.pch */,
			);
			path = MTBBarcodeScannerExample;
			sourceTree = "<group>";
		};
		3B59189C1DAAB3EF00333777 /* Classes */ = {
			isa = PBXGroup;
			children = (
				3B59189D1DAAB3EF00333777 /* ApplicationDelegate */,
				3B5918A01DAAB3EF00333777 /* Controllers */,
			);
			path = Classes;
			sourceTree = "<group>";
		};
		3B59189D1DAAB3EF00333777 /* ApplicationDelegate */ = {
			isa = PBXGroup;
			children = (
				3B59189E1DAAB3EF00333777 /* MTBAppDelegate.h */,
				3B59189F1DAAB3EF00333777 /* MTBAppDelegate.m */,
			);
			path = ApplicationDelegate;
			sourceTree = "<group>";
		};
		3B5918A01DAAB3EF00333777 /* Controllers */ = {
			isa = PBXGroup;
			children = (
				3B5918A11DAAB3EF00333777 /* MTBAdvancedExampleViewController.h */,
				3B5918A21DAAB3EF00333777 /* MTBAdvancedExampleViewController.m */,
				3B5918A31DAAB3EF00333777 /* MTBBasicExampleViewController.h */,
				3B5918A41DAAB3EF00333777 /* MTBBasicExampleViewController.m */,
			);
			path = Controllers;
			sourceTree = "<group>";
		};
		3B5918AC1DAAB3EF00333777 /* Products */ = {
			isa = PBXGroup;
			children = (
				3B5918B71DAAB3EF00333777 /* MTBBarcodeScannerExample.app */,
				3B5918B91DAAB3EF00333777 /* MTBBarcodeScanner.framework */,
			);
			name = Products;
			sourceTree = "<group>";
		};
		3B5918AE1DAAB3EF00333777 /* MTBBarcodeScannerExampleTests */ = {
			isa = PBXGroup;
			children = (
				3B5918AF1DAAB3EF00333777 /* InfoPlist.strings */,
				3B5918B11DAAB3EF00333777 /* MTBBarcodeScannerExampleTests-Info.plist */,
			);
			path = MTBBarcodeScannerExampleTests;
			sourceTree = "<group>";
		};
		3B6CB7341D4CAAA9005C40D8 = {
			isa = PBXGroup;
			children = (
				3B6CB73F1D4CAAA9005C40D8 /* Panda Electric Mobile */,
				3B6CB7561D4CAAA9005C40D8 /* Panda Electric MobileTests */,
				3B6CB7611D4CAAAA005C40D8 /* Panda Electric MobileUITests */,
				3B6CB73E1D4CAAA9005C40D8 /* Products */,
				87C9DA0D5E9BB50E2282ECE9 /* Pods */,
				699C29B9832A2FA4CC29E84E /* Frameworks */,
			);
			sourceTree = "<group>";
		};
		3B6CB73E1D4CAAA9005C40D8 /* Products */ = {
			isa = PBXGroup;
			children = (
				3B6CB73D1D4CAAA9005C40D8 /* Panda Electric Mobile.app */,
				3B6CB7531D4CAAA9005C40D8 /* Panda Electric MobileTests.xctest */,
				3B6CB75E1D4CAAAA005C40D8 /* Panda Electric MobileUITests.xctest */,
			);
			name = Products;
			sourceTree = "<group>";
		};
		3B6CB73F1D4CAAA9005C40D8 /* Panda Electric Mobile */ = {
			isa = PBXGroup;
			children = (
				3B59181E1DAAB06900333777 /* Session */,
				3B59181D1DAAAB8700333777 /* Dependencies */,
				3B6CB7401D4CAAA9005C40D8 /* AppDelegate.swift */,
				3BC559721D8C91F200213420 /* Root Navigation */,
				3B6CB7441D4CAAA9005C40D8 /* DetailViewController.swift */,
				3B8C1D6F1D7AAE7F00500B43 /* FibonacciPickerView.swift */,
				3BDF2DE71D7C361300CFC1BB /* FibonacciSequence.swift */,
				3BDF2DE91D7C70D100CFC1BB /* FibonacciNumberButton.swift */,
				3B6CB7461D4CAAA9005C40D8 /* Main.storyboard */,
				3B6CB7491D4CAAA9005C40D8 /* Assets.xcassets */,
				3B6CB74B1D4CAAA9005C40D8 /* LaunchScreen.storyboard */,
				3B6CB74E1D4CAAA9005C40D8 /* Info.plist */,
			);
			path = "Panda Electric Mobile";
			sourceTree = "<group>";
		};
		3B6CB7561D4CAAA9005C40D8 /* Panda Electric MobileTests */ = {
			isa = PBXGroup;
			children = (
				3B6CB7571D4CAAA9005C40D8 /* Panda_Electric_MobileTests.swift */,
				3B6CB7591D4CAAA9005C40D8 /* Info.plist */,
			);
			path = "Panda Electric MobileTests";
			sourceTree = "<group>";
		};
		3B6CB7611D4CAAAA005C40D8 /* Panda Electric MobileUITests */ = {
			isa = PBXGroup;
			children = (
				3B6CB7621D4CAAAA005C40D8 /* Panda_Electric_MobileUITests.swift */,
				3B6CB7641D4CAAAA005C40D8 /* Info.plist */,
			);
			path = "Panda Electric MobileUITests";
			sourceTree = "<group>";
		};
		3BC559721D8C91F200213420 /* Root Navigation */ = {
			isa = PBXGroup;
			children = (
				3B6CB7421D4CAAA9005C40D8 /* MasterViewController.swift */,
			);
			name = "Root Navigation";
			sourceTree = "<group>";
		};
		699C29B9832A2FA4CC29E84E /* Frameworks */ = {
			isa = PBXGroup;
			children = (
				3B5917EC1DAA824B00333777 /* Panda.framework */,
				3B5917E81DAA824400333777 /* Starscream.framework */,
				3B7303221DA1A4D40000C028 /* Panda.framework */,
				3B607D411DA128BD008D7A82 /* Panda.framework */,
				3B607D3F1DA1273D008D7A82 /* Pods_Panda_Umbrella_Panda_Electric_Mobile.framework */,
				3B38ABBC1DA110430011EF08 /* Panda.framework */,
				3B38ABBA1DA10EAE0011EF08 /* Panda.framework */,
				3BC559701D8C89D400213420 /* GameplayKit.framework */,
				4BBB020C22EF819DADB39189 /* Pods_Panda_Electric_Mobile.framework */,
				82755F9E463367C954ADF3E9 /* Pods_Pandas_Panda_Electric_Mobile.framework */,
				461320F2C36DEEF54CDB3E49 /* Pods_Panda_Panda_Electric_Mobile.framework */,
				4F0763B6306A98BF86E68116 /* Pods_Panda_Umbrella_Panda_Electric_Mobile.framework */,
			);
			name = Frameworks;
			sourceTree = "<group>";
		};
		87C9DA0D5E9BB50E2282ECE9 /* Pods */ = {
			isa = PBXGroup;
			children = (
				DEB12B5A02D3F705BEEF7E20 /* Pods-Panda Electric Mobile.debug.xcconfig */,
				784A818E71732C57BDFEDABD /* Pods-Panda Electric Mobile.release.xcconfig */,
				1B509D07F3F783BA36046F0C /* Pods-Pandas-Panda Electric Mobile.debug.xcconfig */,
				092997EF7A7A55858CF41B22 /* Pods-Pandas-Panda Electric Mobile.release.xcconfig */,
				F95FBA379B6266CFC95125E3 /* Pods-Panda-Panda Electric Mobile.debug.xcconfig */,
				D476A156729D6D8422EB9DD5 /* Pods-Panda-Panda Electric Mobile.release.xcconfig */,
				B4BF2CC481461FC251D2FB34 /* Pods-Panda Umbrella-Panda Electric Mobile.debug.xcconfig */,
				D116713834A730FB781CA60C /* Pods-Panda Umbrella-Panda Electric Mobile.release.xcconfig */,
			);
			name = Pods;
			sourceTree = "<group>";
		};
/* End PBXGroup section */

/* Begin PBXNativeTarget section */
		3B6CB73C1D4CAAA9005C40D8 /* Panda Electric Mobile */ = {
			isa = PBXNativeTarget;
			buildConfigurationList = 3B6CB7671D4CAAAA005C40D8 /* Build configuration list for PBXNativeTarget "Panda Electric Mobile" */;
			buildPhases = (
				3B6CB7391D4CAAA9005C40D8 /* Sources */,
				3B6CB73A1D4CAAA9005C40D8 /* Frameworks */,
				3B6CB73B1D4CAAA9005C40D8 /* Resources */,
				3B5917EB1DAA824400333777 /* Embed Frameworks */,
			);
			buildRules = (
			);
			dependencies = (
				3B5918BD1DAAB3FD00333777 /* PBXTargetDependency */,
			);
			name = "Panda Electric Mobile";
			productName = "Panda Electric Mobile";
			productReference = 3B6CB73D1D4CAAA9005C40D8 /* Panda Electric Mobile.app */;
			productType = "com.apple.product-type.application";
		};
		3B6CB7521D4CAAA9005C40D8 /* Panda Electric MobileTests */ = {
			isa = PBXNativeTarget;
			buildConfigurationList = 3B6CB76A1D4CAAAA005C40D8 /* Build configuration list for PBXNativeTarget "Panda Electric MobileTests" */;
			buildPhases = (
				3B6CB74F1D4CAAA9005C40D8 /* Sources */,
				3B6CB7501D4CAAA9005C40D8 /* Frameworks */,
				3B6CB7511D4CAAA9005C40D8 /* Resources */,
			);
			buildRules = (
			);
			dependencies = (
				3B6CB7551D4CAAA9005C40D8 /* PBXTargetDependency */,
			);
			name = "Panda Electric MobileTests";
			productName = "Panda Electric MobileTests";
			productReference = 3B6CB7531D4CAAA9005C40D8 /* Panda Electric MobileTests.xctest */;
			productType = "com.apple.product-type.bundle.unit-test";
		};
		3B6CB75D1D4CAAA9005C40D8 /* Panda Electric MobileUITests */ = {
			isa = PBXNativeTarget;
			buildConfigurationList = 3B6CB76D1D4CAAAA005C40D8 /* Build configuration list for PBXNativeTarget "Panda Electric MobileUITests" */;
			buildPhases = (
				3B6CB75A1D4CAAA9005C40D8 /* Sources */,
				3B6CB75B1D4CAAA9005C40D8 /* Frameworks */,
				3B6CB75C1D4CAAA9005C40D8 /* Resources */,
			);
			buildRules = (
			);
			dependencies = (
				3B6CB7601D4CAAAA005C40D8 /* PBXTargetDependency */,
			);
			name = "Panda Electric MobileUITests";
			productName = "Panda Electric MobileUITests";
			productReference = 3B6CB75E1D4CAAAA005C40D8 /* Panda Electric MobileUITests.xctest */;
			productType = "com.apple.product-type.bundle.ui-testing";
		};
/* End PBXNativeTarget section */

/* Begin PBXProject section */
		3B6CB7351D4CAAA9005C40D8 /* Project object */ = {
			isa = PBXProject;
			attributes = {
				LastSwiftUpdateCheck = 0730;
				LastUpgradeCheck = 0800;
				ORGANIZATIONNAME = elbedev.com;
				TargetAttributes = {
					3B6CB73C1D4CAAA9005C40D8 = {
						CreatedOnToolsVersion = 7.3.1;
						DevelopmentTeam = X29V4JPQ55;
						LastSwiftMigration = 0800;
					};
					3B6CB7521D4CAAA9005C40D8 = {
						CreatedOnToolsVersion = 7.3.1;
						LastSwiftMigration = 0800;
						TestTargetID = 3B6CB73C1D4CAAA9005C40D8;
					};
					3B6CB75D1D4CAAA9005C40D8 = {
						CreatedOnToolsVersion = 7.3.1;
						LastSwiftMigration = 0800;
						TestTargetID = 3B6CB73C1D4CAAA9005C40D8;
					};
				};
			};
			buildConfigurationList = 3B6CB7381D4CAAA9005C40D8 /* Build configuration list for PBXProject "Panda Electric Mobile" */;
			compatibilityVersion = "Xcode 3.2";
			developmentRegion = English;
			hasScannedForEncodings = 0;
			knownRegions = (
				en,
				Base,
			);
			mainGroup = 3B6CB7341D4CAAA9005C40D8;
			productRefGroup = 3B6CB73E1D4CAAA9005C40D8 /* Products */;
			projectDirPath = "";
			projectReferences = (
				{
					ProductGroup = 3B5918AC1DAAB3EF00333777 /* Products */;
					ProjectRef = 3B5918AB1DAAB3EF00333777 /* MTBBarcodeScannerExample.xcodeproj */;
				},
			);
			projectRoot = "";
			targets = (
				3B6CB73C1D4CAAA9005C40D8 /* Panda Electric Mobile */,
				3B6CB7521D4CAAA9005C40D8 /* Panda Electric MobileTests */,
				3B6CB75D1D4CAAA9005C40D8 /* Panda Electric MobileUITests */,
			);
		};
/* End PBXProject section */

/* Begin PBXReferenceProxy section */
		3B5918B71DAAB3EF00333777 /* MTBBarcodeScannerExample.app */ = {
			isa = PBXReferenceProxy;
			fileType = wrapper.application;
			path = MTBBarcodeScannerExample.app;
			remoteRef = 3B5918B61DAAB3EF00333777 /* PBXContainerItemProxy */;
			sourceTree = BUILT_PRODUCTS_DIR;
		};
		3B5918B91DAAB3EF00333777 /* MTBBarcodeScanner.framework */ = {
			isa = PBXReferenceProxy;
			fileType = wrapper.framework;
			path = MTBBarcodeScanner.framework;
			remoteRef = 3B5918B81DAAB3EF00333777 /* PBXContainerItemProxy */;
			sourceTree = BUILT_PRODUCTS_DIR;
		};
/* End PBXReferenceProxy section */

/* Begin PBXResourcesBuildPhase section */
		3B6CB73B1D4CAAA9005C40D8 /* Resources */ = {
			isa = PBXResourcesBuildPhase;
			buildActionMask = 2147483647;
			files = (
				3B59181A1DAAAB7D00333777 /* Info.plist in Resources */,
				3B6CB74D1D4CAAA9005C40D8 /* LaunchScreen.storyboard in Resources */,
				3B6CB74A1D4CAAA9005C40D8 /* Assets.xcassets in Resources */,
				3B6CB7481D4CAAA9005C40D8 /* Main.storyboard in Resources */,
			);
			runOnlyForDeploymentPostprocessing = 0;
		};
		3B6CB7511D4CAAA9005C40D8 /* Resources */ = {
			isa = PBXResourcesBuildPhase;
			buildActionMask = 2147483647;
			files = (
			);
			runOnlyForDeploymentPostprocessing = 0;
		};
		3B6CB75C1D4CAAA9005C40D8 /* Resources */ = {
			isa = PBXResourcesBuildPhase;
			buildActionMask = 2147483647;
			files = (
			);
			runOnlyForDeploymentPostprocessing = 0;
		};
/* End PBXResourcesBuildPhase section */

/* Begin PBXSourcesBuildPhase section */
		3B6CB7391D4CAAA9005C40D8 /* Sources */ = {
			isa = PBXSourcesBuildPhase;
			buildActionMask = 2147483647;
			files = (
				3B5918101DAAA97700333777 /* AddMemberViewController.swift in Sources */,
				3B5918181DAAAB7D00333777 /* CIColorExtension.swift in Sources */,
				3BDF2DE81D7C361300CFC1BB /* FibonacciSequence.swift in Sources */,
				3B5918201DAAB09200333777 /* SessionSearchViewController.swift in Sources */,
				3B6CB7451D4CAAA9005C40D8 /* DetailViewController.swift in Sources */,
				3B8C1D701D7AAE7F00500B43 /* FibonacciPickerView.swift in Sources */,
				3B5918191DAAAB7D00333777 /* CIImageExtension.swift in Sources */,
				3B59181C1DAAAB7D00333777 /* UIImageViewExtension.swift in Sources */,
				3BDF2DEA1D7C70D100CFC1BB /* FibonacciNumberButton.swift in Sources */,
				3B6CB7431D4CAAA9005C40D8 /* MasterViewController.swift in Sources */,
				3B6CB7411D4CAAA9005C40D8 /* AppDelegate.swift in Sources */,
				3B59181B1DAAAB7D00333777 /* QRCode.swift in Sources */,
			);
			runOnlyForDeploymentPostprocessing = 0;
		};
		3B6CB74F1D4CAAA9005C40D8 /* Sources */ = {
			isa = PBXSourcesBuildPhase;
			buildActionMask = 2147483647;
			files = (
				3B6CB7581D4CAAA9005C40D8 /* Panda_Electric_MobileTests.swift in Sources */,
			);
			runOnlyForDeploymentPostprocessing = 0;
		};
		3B6CB75A1D4CAAA9005C40D8 /* Sources */ = {
			isa = PBXSourcesBuildPhase;
			buildActionMask = 2147483647;
			files = (
				3B6CB7631D4CAAAA005C40D8 /* Panda_Electric_MobileUITests.swift in Sources */,
			);
			runOnlyForDeploymentPostprocessing = 0;
		};
/* End PBXSourcesBuildPhase section */

/* Begin PBXTargetDependency section */
		3B5918BD1DAAB3FD00333777 /* PBXTargetDependency */ = {
			isa = PBXTargetDependency;
			name = MTBBarcodeScanner;
			targetProxy = 3B5918BC1DAAB3FD00333777 /* PBXContainerItemProxy */;
		};
		3B6CB7551D4CAAA9005C40D8 /* PBXTargetDependency */ = {
			isa = PBXTargetDependency;
			target = 3B6CB73C1D4CAAA9005C40D8 /* Panda Electric Mobile */;
			targetProxy = 3B6CB7541D4CAAA9005C40D8 /* PBXContainerItemProxy */;
		};
		3B6CB7601D4CAAAA005C40D8 /* PBXTargetDependency */ = {
			isa = PBXTargetDependency;
			target = 3B6CB73C1D4CAAA9005C40D8 /* Panda Electric Mobile */;
			targetProxy = 3B6CB75F1D4CAAAA005C40D8 /* PBXContainerItemProxy */;
		};
/* End PBXTargetDependency section */

/* Begin PBXVariantGroup section */
		3B5918961DAAB3EF00333777 /* LaunchScreen.xib */ = {
			isa = PBXVariantGroup;
			children = (
				3B5918971DAAB3EF00333777 /* Base */,
			);
			name = LaunchScreen.xib;
			sourceTree = "<group>";
		};
		3B5918981DAAB3EF00333777 /* Main_iPad.storyboard */ = {
			isa = PBXVariantGroup;
			children = (
				3B5918991DAAB3EF00333777 /* Base */,
			);
			name = Main_iPad.storyboard;
			sourceTree = "<group>";
		};
		3B59189A1DAAB3EF00333777 /* Main_iPhone.storyboard */ = {
			isa = PBXVariantGroup;
			children = (
				3B59189B1DAAB3EF00333777 /* Base */,
			);
			name = Main_iPhone.storyboard;
			sourceTree = "<group>";
		};
		3B5918A51DAAB3EF00333777 /* InfoPlist.strings */ = {
			isa = PBXVariantGroup;
			children = (
				3B5918A61DAAB3EF00333777 /* en */,
			);
			name = InfoPlist.strings;
			sourceTree = "<group>";
		};
		3B5918AF1DAAB3EF00333777 /* InfoPlist.strings */ = {
			isa = PBXVariantGroup;
			children = (
				3B5918B01DAAB3EF00333777 /* en */,
			);
			name = InfoPlist.strings;
			sourceTree = "<group>";
		};
		3B6CB7461D4CAAA9005C40D8 /* Main.storyboard */ = {
			isa = PBXVariantGroup;
			children = (
				3B6CB7471D4CAAA9005C40D8 /* Base */,
			);
			name = Main.storyboard;
			sourceTree = "<group>";
		};
		3B6CB74B1D4CAAA9005C40D8 /* LaunchScreen.storyboard */ = {
			isa = PBXVariantGroup;
			children = (
				3B6CB74C1D4CAAA9005C40D8 /* Base */,
			);
			name = LaunchScreen.storyboard;
			sourceTree = "<group>";
		};
/* End PBXVariantGroup section */

/* Begin XCBuildConfiguration section */
		3B6CB7651D4CAAAA005C40D8 /* Debug */ = {
			isa = XCBuildConfiguration;
			buildSettings = {
				ALWAYS_SEARCH_USER_PATHS = NO;
				CLANG_ANALYZER_NONNULL = YES;
				CLANG_CXX_LANGUAGE_STANDARD = "gnu++0x";
				CLANG_CXX_LIBRARY = "libc++";
				CLANG_ENABLE_MODULES = YES;
				CLANG_ENABLE_OBJC_ARC = YES;
				CLANG_WARN_BOOL_CONVERSION = YES;
				CLANG_WARN_CONSTANT_CONVERSION = YES;
				CLANG_WARN_DIRECT_OBJC_ISA_USAGE = YES_ERROR;
				CLANG_WARN_EMPTY_BODY = YES;
				CLANG_WARN_ENUM_CONVERSION = YES;
				CLANG_WARN_INFINITE_RECURSION = YES;
				CLANG_WARN_INT_CONVERSION = YES;
				CLANG_WARN_OBJC_ROOT_CLASS = YES_ERROR;
				CLANG_WARN_SUSPICIOUS_MOVE = YES;
				CLANG_WARN_UNREACHABLE_CODE = YES;
				CLANG_WARN__DUPLICATE_METHOD_MATCH = YES;
				"CODE_SIGN_IDENTITY[sdk=iphoneos*]" = "iPhone Developer";
				COPY_PHASE_STRIP = NO;
				DEBUG_INFORMATION_FORMAT = dwarf;
				ENABLE_STRICT_OBJC_MSGSEND = YES;
				ENABLE_TESTABILITY = YES;
				GCC_C_LANGUAGE_STANDARD = gnu99;
				GCC_DYNAMIC_NO_PIC = NO;
				GCC_NO_COMMON_BLOCKS = YES;
				GCC_OPTIMIZATION_LEVEL = 0;
				GCC_PREPROCESSOR_DEFINITIONS = (
					"DEBUG=1",
					"$(inherited)",
				);
				GCC_WARN_64_TO_32_BIT_CONVERSION = YES;
				GCC_WARN_ABOUT_RETURN_TYPE = YES_ERROR;
				GCC_WARN_UNDECLARED_SELECTOR = YES;
				GCC_WARN_UNINITIALIZED_AUTOS = YES_AGGRESSIVE;
				GCC_WARN_UNUSED_FUNCTION = YES;
				GCC_WARN_UNUSED_VARIABLE = YES;
				IPHONEOS_DEPLOYMENT_TARGET = 10.0;
				MTL_ENABLE_DEBUG_INFO = YES;
				ONLY_ACTIVE_ARCH = YES;
				SDKROOT = iphoneos;
				SWIFT_OPTIMIZATION_LEVEL = "-Onone";
				TARGETED_DEVICE_FAMILY = "1,2";
			};
			name = Debug;
		};
		3B6CB7661D4CAAAA005C40D8 /* Release */ = {
			isa = XCBuildConfiguration;
			buildSettings = {
				ALWAYS_SEARCH_USER_PATHS = NO;
				CLANG_ANALYZER_NONNULL = YES;
				CLANG_CXX_LANGUAGE_STANDARD = "gnu++0x";
				CLANG_CXX_LIBRARY = "libc++";
				CLANG_ENABLE_MODULES = YES;
				CLANG_ENABLE_OBJC_ARC = YES;
				CLANG_WARN_BOOL_CONVERSION = YES;
				CLANG_WARN_CONSTANT_CONVERSION = YES;
				CLANG_WARN_DIRECT_OBJC_ISA_USAGE = YES_ERROR;
				CLANG_WARN_EMPTY_BODY = YES;
				CLANG_WARN_ENUM_CONVERSION = YES;
				CLANG_WARN_INFINITE_RECURSION = YES;
				CLANG_WARN_INT_CONVERSION = YES;
				CLANG_WARN_OBJC_ROOT_CLASS = YES_ERROR;
				CLANG_WARN_SUSPICIOUS_MOVE = YES;
				CLANG_WARN_UNREACHABLE_CODE = YES;
				CLANG_WARN__DUPLICATE_METHOD_MATCH = YES;
				"CODE_SIGN_IDENTITY[sdk=iphoneos*]" = "iPhone Developer";
				COPY_PHASE_STRIP = NO;
				DEBUG_INFORMATION_FORMAT = "dwarf-with-dsym";
				ENABLE_NS_ASSERTIONS = NO;
				ENABLE_STRICT_OBJC_MSGSEND = YES;
				GCC_C_LANGUAGE_STANDARD = gnu99;
				GCC_NO_COMMON_BLOCKS = YES;
				GCC_WARN_64_TO_32_BIT_CONVERSION = YES;
				GCC_WARN_ABOUT_RETURN_TYPE = YES_ERROR;
				GCC_WARN_UNDECLARED_SELECTOR = YES;
				GCC_WARN_UNINITIALIZED_AUTOS = YES_AGGRESSIVE;
				GCC_WARN_UNUSED_FUNCTION = YES;
				GCC_WARN_UNUSED_VARIABLE = YES;
				IPHONEOS_DEPLOYMENT_TARGET = 10.0;
				MTL_ENABLE_DEBUG_INFO = NO;
				SDKROOT = iphoneos;
				SWIFT_OPTIMIZATION_LEVEL = "-Owholemodule";
				TARGETED_DEVICE_FAMILY = "1,2";
				VALIDATE_PRODUCT = YES;
			};
			name = Release;
		};
		3B6CB7681D4CAAAA005C40D8 /* Debug */ = {
			isa = XCBuildConfiguration;
			buildSettings = {
				ASSETCATALOG_COMPILER_APPICON_NAME = AppIcon;
				CODE_SIGN_IDENTITY = "iPhone Developer";
				FRAMEWORK_SEARCH_PATHS = (
					"$(inherited)",
					"$(PROJECT_DIR)/build/Debug-iphoneos",
				);
				INFOPLIST_FILE = "Panda Electric Mobile/Info.plist";
				LD_RUNPATH_SEARCH_PATHS = "$(inherited) @executable_path/Frameworks";
				PRODUCT_BUNDLE_IDENTIFIER = "com.elbedev.Panda-Electric-Mobile";
				PRODUCT_NAME = "$(TARGET_NAME)";
				SWIFT_VERSION = 3.0;
			};
			name = Debug;
		};
		3B6CB7691D4CAAAA005C40D8 /* Release */ = {
			isa = XCBuildConfiguration;
			buildSettings = {
				ASSETCATALOG_COMPILER_APPICON_NAME = AppIcon;
				CODE_SIGN_IDENTITY = "iPhone Developer";
				FRAMEWORK_SEARCH_PATHS = (
					"$(inherited)",
					"$(PROJECT_DIR)/build/Debug-iphoneos",
				);
				INFOPLIST_FILE = "Panda Electric Mobile/Info.plist";
				LD_RUNPATH_SEARCH_PATHS = "$(inherited) @executable_path/Frameworks";
				PRODUCT_BUNDLE_IDENTIFIER = "com.elbedev.Panda-Electric-Mobile";
				PRODUCT_NAME = "$(TARGET_NAME)";
				SWIFT_VERSION = 3.0;
			};
			name = Release;
		};
		3B6CB76B1D4CAAAA005C40D8 /* Debug */ = {
			isa = XCBuildConfiguration;
			buildSettings = {
				BUNDLE_LOADER = "$(TEST_HOST)";
				INFOPLIST_FILE = "Panda Electric MobileTests/Info.plist";
				LD_RUNPATH_SEARCH_PATHS = "$(inherited) @executable_path/Frameworks @loader_path/Frameworks";
				PRODUCT_BUNDLE_IDENTIFIER = "com.elbedev.Panda-Electric-MobileTests";
				PRODUCT_NAME = "$(TARGET_NAME)";
				SWIFT_VERSION = 3.0;
				TEST_HOST = "$(BUILT_PRODUCTS_DIR)/Panda Electric Mobile.app/Panda Electric Mobile";
			};
			name = Debug;
		};
		3B6CB76C1D4CAAAA005C40D8 /* Release */ = {
			isa = XCBuildConfiguration;
			buildSettings = {
				BUNDLE_LOADER = "$(TEST_HOST)";
				INFOPLIST_FILE = "Panda Electric MobileTests/Info.plist";
				LD_RUNPATH_SEARCH_PATHS = "$(inherited) @executable_path/Frameworks @loader_path/Frameworks";
				PRODUCT_BUNDLE_IDENTIFIER = "com.elbedev.Panda-Electric-MobileTests";
				PRODUCT_NAME = "$(TARGET_NAME)";
				SWIFT_VERSION = 3.0;
				TEST_HOST = "$(BUILT_PRODUCTS_DIR)/Panda Electric Mobile.app/Panda Electric Mobile";
			};
			name = Release;
		};
		3B6CB76E1D4CAAAA005C40D8 /* Debug */ = {
			isa = XCBuildConfiguration;
			buildSettings = {
				INFOPLIST_FILE = "Panda Electric MobileUITests/Info.plist";
				LD_RUNPATH_SEARCH_PATHS = "$(inherited) @executable_path/Frameworks @loader_path/Frameworks";
				PRODUCT_BUNDLE_IDENTIFIER = "com.elbedev.Panda-Electric-MobileUITests";
				PRODUCT_NAME = "$(TARGET_NAME)";
				SWIFT_VERSION = 3.0;
				TEST_TARGET_NAME = "Panda Electric Mobile";
			};
			name = Debug;
		};
		3B6CB76F1D4CAAAA005C40D8 /* Release */ = {
			isa = XCBuildConfiguration;
			buildSettings = {
				INFOPLIST_FILE = "Panda Electric MobileUITests/Info.plist";
				LD_RUNPATH_SEARCH_PATHS = "$(inherited) @executable_path/Frameworks @loader_path/Frameworks";
				PRODUCT_BUNDLE_IDENTIFIER = "com.elbedev.Panda-Electric-MobileUITests";
				PRODUCT_NAME = "$(TARGET_NAME)";
				SWIFT_VERSION = 3.0;
				TEST_TARGET_NAME = "Panda Electric Mobile";
			};
			name = Release;
		};
/* End XCBuildConfiguration section */

/* Begin XCConfigurationList section */
		3B6CB7381D4CAAA9005C40D8 /* Build configuration list for PBXProject "Panda Electric Mobile" */ = {
			isa = XCConfigurationList;
			buildConfigurations = (
				3B6CB7651D4CAAAA005C40D8 /* Debug */,
				3B6CB7661D4CAAAA005C40D8 /* Release */,
			);
			defaultConfigurationIsVisible = 0;
			defaultConfigurationName = Release;
		};
		3B6CB7671D4CAAAA005C40D8 /* Build configuration list for PBXNativeTarget "Panda Electric Mobile" */ = {
			isa = XCConfigurationList;
			buildConfigurations = (
				3B6CB7681D4CAAAA005C40D8 /* Debug */,
				3B6CB7691D4CAAAA005C40D8 /* Release */,
			);
			defaultConfigurationIsVisible = 0;
			defaultConfigurationName = Release;
		};
		3B6CB76A1D4CAAAA005C40D8 /* Build configuration list for PBXNativeTarget "Panda Electric MobileTests" */ = {
			isa = XCConfigurationList;
			buildConfigurations = (
				3B6CB76B1D4CAAAA005C40D8 /* Debug */,
				3B6CB76C1D4CAAAA005C40D8 /* Release */,
			);
			defaultConfigurationIsVisible = 0;
			defaultConfigurationName = Release;
		};
		3B6CB76D1D4CAAAA005C40D8 /* Build configuration list for PBXNativeTarget "Panda Electric MobileUITests" */ = {
			isa = XCConfigurationList;
			buildConfigurations = (
				3B6CB76E1D4CAAAA005C40D8 /* Debug */,
				3B6CB76F1D4CAAAA005C40D8 /* Release */,
			);
			defaultConfigurationIsVisible = 0;
			defaultConfigurationName = Release;
		};
/* End XCConfigurationList section */
	};
	rootObject = 3B6CB7351D4CAAA9005C40D8 /* Project object */;
}
