// !$*UTF8*$!
{
	archiveVersion = 1;
	classes = {
	};
	objectVersion = 46;
	objects = {

/* Begin PBXBuildFile section */
		134EC48685F6189ACEA797F9 /* Pods_Panda_Panda_Electric_Mobile.framework in Frameworks */ = {isa = PBXBuildFile; fileRef = 461320F2C36DEEF54CDB3E49 /* Pods_Panda_Panda_Electric_Mobile.framework */; };
		3B6CB7411D4CAAA9005C40D8 /* AppDelegate.swift in Sources */ = {isa = PBXBuildFile; fileRef = 3B6CB7401D4CAAA9005C40D8 /* AppDelegate.swift */; };
		3B6CB7431D4CAAA9005C40D8 /* MasterViewController.swift in Sources */ = {isa = PBXBuildFile; fileRef = 3B6CB7421D4CAAA9005C40D8 /* MasterViewController.swift */; };
		3B6CB7451D4CAAA9005C40D8 /* DetailViewController.swift in Sources */ = {isa = PBXBuildFile; fileRef = 3B6CB7441D4CAAA9005C40D8 /* DetailViewController.swift */; };
		3B6CB7481D4CAAA9005C40D8 /* Main.storyboard in Resources */ = {isa = PBXBuildFile; fileRef = 3B6CB7461D4CAAA9005C40D8 /* Main.storyboard */; };
		3B6CB74A1D4CAAA9005C40D8 /* Assets.xcassets in Resources */ = {isa = PBXBuildFile; fileRef = 3B6CB7491D4CAAA9005C40D8 /* Assets.xcassets */; };
		3B6CB74D1D4CAAA9005C40D8 /* LaunchScreen.storyboard in Resources */ = {isa = PBXBuildFile; fileRef = 3B6CB74B1D4CAAA9005C40D8 /* LaunchScreen.storyboard */; };
		3B6CB7581D4CAAA9005C40D8 /* Panda_Electric_MobileTests.swift in Sources */ = {isa = PBXBuildFile; fileRef = 3B6CB7571D4CAAA9005C40D8 /* Panda_Electric_MobileTests.swift */; };
		3B6CB7631D4CAAAA005C40D8 /* Panda_Electric_MobileUITests.swift in Sources */ = {isa = PBXBuildFile; fileRef = 3B6CB7621D4CAAAA005C40D8 /* Panda_Electric_MobileUITests.swift */; };
		3B8C1D701D7AAE7F00500B43 /* FibonacciPickerView.swift in Sources */ = {isa = PBXBuildFile; fileRef = 3B8C1D6F1D7AAE7F00500B43 /* FibonacciPickerView.swift */; };
		3BDF2DE81D7C361300CFC1BB /* FibonacciSequence.swift in Sources */ = {isa = PBXBuildFile; fileRef = 3BDF2DE71D7C361300CFC1BB /* FibonacciSequence.swift */; };
		3BDF2DEA1D7C70D100CFC1BB /* FibonacciNumberButton.swift in Sources */ = {isa = PBXBuildFile; fileRef = 3BDF2DE91D7C70D100CFC1BB /* FibonacciNumberButton.swift */; };
/* End PBXBuildFile section */

/* Begin PBXContainerItemProxy section */
		3B6CB7541D4CAAA9005C40D8 /* PBXContainerItemProxy */ = {
			isa = PBXContainerItemProxy;
			containerPortal = 3B6CB7351D4CAAA9005C40D8 /* Project object */;
			proxyType = 1;
			remoteGlobalIDString = 3B6CB73C1D4CAAA9005C40D8;
			remoteInfo = "Panda Electric Mobile";
		};
		3B6CB75F1D4CAAAA005C40D8 /* PBXContainerItemProxy */ = {
			isa = PBXContainerItemProxy;
			containerPortal = 3B6CB7351D4CAAA9005C40D8 /* Project object */;
			proxyType = 1;
			remoteGlobalIDString = 3B6CB73C1D4CAAA9005C40D8;
			remoteInfo = "Panda Electric Mobile";
		};
/* End PBXContainerItemProxy section */

/* Begin PBXFileReference section */
		092997EF7A7A55858CF41B22 /* Pods-Pandas-Panda Electric Mobile.release.xcconfig */ = {isa = PBXFileReference; includeInIndex = 1; lastKnownFileType = text.xcconfig; name = "Pods-Pandas-Panda Electric Mobile.release.xcconfig"; path = "Pods/Target Support Files/Pods-Pandas-Panda Electric Mobile/Pods-Pandas-Panda Electric Mobile.release.xcconfig"; sourceTree = "<group>"; };
		1B509D07F3F783BA36046F0C /* Pods-Pandas-Panda Electric Mobile.debug.xcconfig */ = {isa = PBXFileReference; includeInIndex = 1; lastKnownFileType = text.xcconfig; name = "Pods-Pandas-Panda Electric Mobile.debug.xcconfig"; path = "Pods/Target Support Files/Pods-Pandas-Panda Electric Mobile/Pods-Pandas-Panda Electric Mobile.debug.xcconfig"; sourceTree = "<group>"; };
		3B6CB73D1D4CAAA9005C40D8 /* Panda Electric Mobile.app */ = {isa = PBXFileReference; explicitFileType = wrapper.application; includeInIndex = 0; path = "Panda Electric Mobile.app"; sourceTree = BUILT_PRODUCTS_DIR; };
		3B6CB7401D4CAAA9005C40D8 /* AppDelegate.swift */ = {isa = PBXFileReference; lastKnownFileType = sourcecode.swift; path = AppDelegate.swift; sourceTree = "<group>"; };
		3B6CB7421D4CAAA9005C40D8 /* MasterViewController.swift */ = {isa = PBXFileReference; lastKnownFileType = sourcecode.swift; path = MasterViewController.swift; sourceTree = "<group>"; };
		3B6CB7441D4CAAA9005C40D8 /* DetailViewController.swift */ = {isa = PBXFileReference; lastKnownFileType = sourcecode.swift; path = DetailViewController.swift; sourceTree = "<group>"; };
		3B6CB7471D4CAAA9005C40D8 /* Base */ = {isa = PBXFileReference; lastKnownFileType = file.storyboard; name = Base; path = Base.lproj/Main.storyboard; sourceTree = "<group>"; };
		3B6CB7491D4CAAA9005C40D8 /* Assets.xcassets */ = {isa = PBXFileReference; lastKnownFileType = folder.assetcatalog; path = Assets.xcassets; sourceTree = "<group>"; };
		3B6CB74C1D4CAAA9005C40D8 /* Base */ = {isa = PBXFileReference; lastKnownFileType = file.storyboard; name = Base; path = Base.lproj/LaunchScreen.storyboard; sourceTree = "<group>"; };
		3B6CB74E1D4CAAA9005C40D8 /* Info.plist */ = {isa = PBXFileReference; lastKnownFileType = text.plist.xml; path = Info.plist; sourceTree = "<group>"; };
		3B6CB7531D4CAAA9005C40D8 /* Panda Electric MobileTests.xctest */ = {isa = PBXFileReference; explicitFileType = wrapper.cfbundle; includeInIndex = 0; path = "Panda Electric MobileTests.xctest"; sourceTree = BUILT_PRODUCTS_DIR; };
		3B6CB7571D4CAAA9005C40D8 /* Panda_Electric_MobileTests.swift */ = {isa = PBXFileReference; lastKnownFileType = sourcecode.swift; path = Panda_Electric_MobileTests.swift; sourceTree = "<group>"; };
		3B6CB7591D4CAAA9005C40D8 /* Info.plist */ = {isa = PBXFileReference; lastKnownFileType = text.plist.xml; path = Info.plist; sourceTree = "<group>"; };
		3B6CB75E1D4CAAAA005C40D8 /* Panda Electric MobileUITests.xctest */ = {isa = PBXFileReference; explicitFileType = wrapper.cfbundle; includeInIndex = 0; path = "Panda Electric MobileUITests.xctest"; sourceTree = BUILT_PRODUCTS_DIR; };
		3B6CB7621D4CAAAA005C40D8 /* Panda_Electric_MobileUITests.swift */ = {isa = PBXFileReference; lastKnownFileType = sourcecode.swift; path = Panda_Electric_MobileUITests.swift; sourceTree = "<group>"; };
		3B6CB7641D4CAAAA005C40D8 /* Info.plist */ = {isa = PBXFileReference; lastKnownFileType = text.plist.xml; path = Info.plist; sourceTree = "<group>"; };
		3B8C1D6F1D7AAE7F00500B43 /* FibonacciPickerView.swift */ = {isa = PBXFileReference; fileEncoding = 4; lastKnownFileType = sourcecode.swift; path = FibonacciPickerView.swift; sourceTree = "<group>"; };
		3BDF2DE71D7C361300CFC1BB /* FibonacciSequence.swift */ = {isa = PBXFileReference; fileEncoding = 4; lastKnownFileType = sourcecode.swift; path = FibonacciSequence.swift; sourceTree = "<group>"; };
		3BDF2DE91D7C70D100CFC1BB /* FibonacciNumberButton.swift */ = {isa = PBXFileReference; fileEncoding = 4; lastKnownFileType = sourcecode.swift; path = FibonacciNumberButton.swift; sourceTree = "<group>"; };
		461320F2C36DEEF54CDB3E49 /* Pods_Panda_Panda_Electric_Mobile.framework */ = {isa = PBXFileReference; explicitFileType = wrapper.framework; includeInIndex = 0; path = Pods_Panda_Panda_Electric_Mobile.framework; sourceTree = BUILT_PRODUCTS_DIR; };
		4BBB020C22EF819DADB39189 /* Pods_Panda_Electric_Mobile.framework */ = {isa = PBXFileReference; explicitFileType = wrapper.framework; includeInIndex = 0; path = Pods_Panda_Electric_Mobile.framework; sourceTree = BUILT_PRODUCTS_DIR; };
		784A818E71732C57BDFEDABD /* Pods-Panda Electric Mobile.release.xcconfig */ = {isa = PBXFileReference; includeInIndex = 1; lastKnownFileType = text.xcconfig; name = "Pods-Panda Electric Mobile.release.xcconfig"; path = "Pods/Target Support Files/Pods-Panda Electric Mobile/Pods-Panda Electric Mobile.release.xcconfig"; sourceTree = "<group>"; };
		82755F9E463367C954ADF3E9 /* Pods_Pandas_Panda_Electric_Mobile.framework */ = {isa = PBXFileReference; explicitFileType = wrapper.framework; includeInIndex = 0; path = Pods_Pandas_Panda_Electric_Mobile.framework; sourceTree = BUILT_PRODUCTS_DIR; };
		D476A156729D6D8422EB9DD5 /* Pods-Panda-Panda Electric Mobile.release.xcconfig */ = {isa = PBXFileReference; includeInIndex = 1; lastKnownFileType = text.xcconfig; name = "Pods-Panda-Panda Electric Mobile.release.xcconfig"; path = "Pods/Target Support Files/Pods-Panda-Panda Electric Mobile/Pods-Panda-Panda Electric Mobile.release.xcconfig"; sourceTree = "<group>"; };
		DEB12B5A02D3F705BEEF7E20 /* Pods-Panda Electric Mobile.debug.xcconfig */ = {isa = PBXFileReference; includeInIndex = 1; lastKnownFileType = text.xcconfig; name = "Pods-Panda Electric Mobile.debug.xcconfig"; path = "Pods/Target Support Files/Pods-Panda Electric Mobile/Pods-Panda Electric Mobile.debug.xcconfig"; sourceTree = "<group>"; };
		F95FBA379B6266CFC95125E3 /* Pods-Panda-Panda Electric Mobile.debug.xcconfig */ = {isa = PBXFileReference; includeInIndex = 1; lastKnownFileType = text.xcconfig; name = "Pods-Panda-Panda Electric Mobile.debug.xcconfig"; path = "Pods/Target Support Files/Pods-Panda-Panda Electric Mobile/Pods-Panda-Panda Electric Mobile.debug.xcconfig"; sourceTree = "<group>"; };
/* End PBXFileReference section */

/* Begin PBXFrameworksBuildPhase section */
		3B6CB73A1D4CAAA9005C40D8 /* Frameworks */ = {
			isa = PBXFrameworksBuildPhase;
			buildActionMask = 2147483647;
			files = (
				134EC48685F6189ACEA797F9 /* Pods_Panda_Panda_Electric_Mobile.framework in Frameworks */,
			);
			runOnlyForDeploymentPostprocessing = 0;
		};
		3B6CB7501D4CAAA9005C40D8 /* Frameworks */ = {
			isa = PBXFrameworksBuildPhase;
			buildActionMask = 2147483647;
			files = (
			);
			runOnlyForDeploymentPostprocessing = 0;
		};
		3B6CB75B1D4CAAA9005C40D8 /* Frameworks */ = {
			isa = PBXFrameworksBuildPhase;
			buildActionMask = 2147483647;
			files = (
			);
			runOnlyForDeploymentPostprocessing = 0;
		};
/* End PBXFrameworksBuildPhase section */

/* Begin PBXGroup section */
		3B6CB7341D4CAAA9005C40D8 = {
			isa = PBXGroup;
			children = (
				3B6CB73F1D4CAAA9005C40D8 /* Panda Electric Mobile */,
				3B6CB7561D4CAAA9005C40D8 /* Panda Electric MobileTests */,
				3B6CB7611D4CAAAA005C40D8 /* Panda Electric MobileUITests */,
				3B6CB73E1D4CAAA9005C40D8 /* Products */,
				87C9DA0D5E9BB50E2282ECE9 /* Pods */,
				699C29B9832A2FA4CC29E84E /* Frameworks */,
			);
			sourceTree = "<group>";
		};
		3B6CB73E1D4CAAA9005C40D8 /* Products */ = {
			isa = PBXGroup;
			children = (
				3B6CB73D1D4CAAA9005C40D8 /* Panda Electric Mobile.app */,
				3B6CB7531D4CAAA9005C40D8 /* Panda Electric MobileTests.xctest */,
				3B6CB75E1D4CAAAA005C40D8 /* Panda Electric MobileUITests.xctest */,
			);
			name = Products;
			sourceTree = "<group>";
		};
		3B6CB73F1D4CAAA9005C40D8 /* Panda Electric Mobile */ = {
			isa = PBXGroup;
			children = (
				3B6CB7401D4CAAA9005C40D8 /* AppDelegate.swift */,
				3B6CB7421D4CAAA9005C40D8 /* MasterViewController.swift */,
				3B6CB7441D4CAAA9005C40D8 /* DetailViewController.swift */,
				3B8C1D6F1D7AAE7F00500B43 /* FibonacciPickerView.swift */,
				3BDF2DE71D7C361300CFC1BB /* FibonacciSequence.swift */,
				3BDF2DE91D7C70D100CFC1BB /* FibonacciNumberButton.swift */,
				3B6CB7461D4CAAA9005C40D8 /* Main.storyboard */,
				3B6CB7491D4CAAA9005C40D8 /* Assets.xcassets */,
				3B6CB74B1D4CAAA9005C40D8 /* LaunchScreen.storyboard */,
				3B6CB74E1D4CAAA9005C40D8 /* Info.plist */,
			);
			path = "Panda Electric Mobile";
			sourceTree = "<group>";
		};
		3B6CB7561D4CAAA9005C40D8 /* Panda Electric MobileTests */ = {
			isa = PBXGroup;
			children = (
				3B6CB7571D4CAAA9005C40D8 /* Panda_Electric_MobileTests.swift */,
				3B6CB7591D4CAAA9005C40D8 /* Info.plist */,
			);
			path = "Panda Electric MobileTests";
			sourceTree = "<group>";
		};
		3B6CB7611D4CAAAA005C40D8 /* Panda Electric MobileUITests */ = {
			isa = PBXGroup;
			children = (
				3B6CB7621D4CAAAA005C40D8 /* Panda_Electric_MobileUITests.swift */,
				3B6CB7641D4CAAAA005C40D8 /* Info.plist */,
			);
			path = "Panda Electric MobileUITests";
			sourceTree = "<group>";
		};
		699C29B9832A2FA4CC29E84E /* Frameworks */ = {
			isa = PBXGroup;
			children = (
				4BBB020C22EF819DADB39189 /* Pods_Panda_Electric_Mobile.framework */,
				82755F9E463367C954ADF3E9 /* Pods_Pandas_Panda_Electric_Mobile.framework */,
				461320F2C36DEEF54CDB3E49 /* Pods_Panda_Panda_Electric_Mobile.framework */,
			);
			name = Frameworks;
			sourceTree = "<group>";
		};
		87C9DA0D5E9BB50E2282ECE9 /* Pods */ = {
			isa = PBXGroup;
			children = (
				DEB12B5A02D3F705BEEF7E20 /* Pods-Panda Electric Mobile.debug.xcconfig */,
				784A818E71732C57BDFEDABD /* Pods-Panda Electric Mobile.release.xcconfig */,
				1B509D07F3F783BA36046F0C /* Pods-Pandas-Panda Electric Mobile.debug.xcconfig */,
				092997EF7A7A55858CF41B22 /* Pods-Pandas-Panda Electric Mobile.release.xcconfig */,
				F95FBA379B6266CFC95125E3 /* Pods-Panda-Panda Electric Mobile.debug.xcconfig */,
				D476A156729D6D8422EB9DD5 /* Pods-Panda-Panda Electric Mobile.release.xcconfig */,
			);
			name = Pods;
			sourceTree = "<group>";
		};
/* End PBXGroup section */

/* Begin PBXNativeTarget section */
		3B6CB73C1D4CAAA9005C40D8 /* Panda Electric Mobile */ = {
			isa = PBXNativeTarget;
			buildConfigurationList = 3B6CB7671D4CAAAA005C40D8 /* Build configuration list for PBXNativeTarget "Panda Electric Mobile" */;
			buildPhases = (
				1D40E03572990333279FFA4E /* [CP] Check Pods Manifest.lock */,
				3B6CB7391D4CAAA9005C40D8 /* Sources */,
				3B6CB73A1D4CAAA9005C40D8 /* Frameworks */,
				3B6CB73B1D4CAAA9005C40D8 /* Resources */,
				5A3DDABFFE859844C75CB1DA /* [CP] Embed Pods Frameworks */,
				28BD5D6DDF64BA43DDA0C24A /* [CP] Copy Pods Resources */,
			);
			buildRules = (
			);
			dependencies = (
			);
			name = "Panda Electric Mobile";
			productName = "Panda Electric Mobile";
			productReference = 3B6CB73D1D4CAAA9005C40D8 /* Panda Electric Mobile.app */;
			productType = "com.apple.product-type.application";
		};
		3B6CB7521D4CAAA9005C40D8 /* Panda Electric MobileTests */ = {
			isa = PBXNativeTarget;
			buildConfigurationList = 3B6CB76A1D4CAAAA005C40D8 /* Build configuration list for PBXNativeTarget "Panda Electric MobileTests" */;
			buildPhases = (
				3B6CB74F1D4CAAA9005C40D8 /* Sources */,
				3B6CB7501D4CAAA9005C40D8 /* Frameworks */,
				3B6CB7511D4CAAA9005C40D8 /* Resources */,
			);
			buildRules = (
			);
			dependencies = (
				3B6CB7551D4CAAA9005C40D8 /* PBXTargetDependency */,
			);
			name = "Panda Electric MobileTests";
			productName = "Panda Electric MobileTests";
			productReference = 3B6CB7531D4CAAA9005C40D8 /* Panda Electric MobileTests.xctest */;
			productType = "com.apple.product-type.bundle.unit-test";
		};
		3B6CB75D1D4CAAA9005C40D8 /* Panda Electric MobileUITests */ = {
			isa = PBXNativeTarget;
			buildConfigurationList = 3B6CB76D1D4CAAAA005C40D8 /* Build configuration list for PBXNativeTarget "Panda Electric MobileUITests" */;
			buildPhases = (
				3B6CB75A1D4CAAA9005C40D8 /* Sources */,
				3B6CB75B1D4CAAA9005C40D8 /* Frameworks */,
				3B6CB75C1D4CAAA9005C40D8 /* Resources */,
			);
			buildRules = (
			);
			dependencies = (
				3B6CB7601D4CAAAA005C40D8 /* PBXTargetDependency */,
			);
			name = "Panda Electric MobileUITests";
			productName = "Panda Electric MobileUITests";
			productReference = 3B6CB75E1D4CAAAA005C40D8 /* Panda Electric MobileUITests.xctest */;
			productType = "com.apple.product-type.bundle.ui-testing";
		};
/* End PBXNativeTarget section */

/* Begin PBXProject section */
		3B6CB7351D4CAAA9005C40D8 /* Project object */ = {
			isa = PBXProject;
			attributes = {
				LastSwiftUpdateCheck = 0730;
				LastUpgradeCheck = 0730;
				ORGANIZATIONNAME = elbedev.com;
				TargetAttributes = {
					3B6CB73C1D4CAAA9005C40D8 = {
						CreatedOnToolsVersion = 7.3.1;
						DevelopmentTeam = X29V4JPQ55;
					};
					3B6CB7521D4CAAA9005C40D8 = {
						CreatedOnToolsVersion = 7.3.1;
						TestTargetID = 3B6CB73C1D4CAAA9005C40D8;
					};
					3B6CB75D1D4CAAA9005C40D8 = {
						CreatedOnToolsVersion = 7.3.1;
						TestTargetID = 3B6CB73C1D4CAAA9005C40D8;
					};
				};
			};
			buildConfigurationList = 3B6CB7381D4CAAA9005C40D8 /* Build configuration list for PBXProject "Panda Electric Mobile" */;
			compatibilityVersion = "Xcode 3.2";
			developmentRegion = English;
			hasScannedForEncodings = 0;
			knownRegions = (
				en,
				Base,
			);
			mainGroup = 3B6CB7341D4CAAA9005C40D8;
			productRefGroup = 3B6CB73E1D4CAAA9005C40D8 /* Products */;
			projectDirPath = "";
			projectRoot = "";
			targets = (
				3B6CB73C1D4CAAA9005C40D8 /* Panda Electric Mobile */,
				3B6CB7521D4CAAA9005C40D8 /* Panda Electric MobileTests */,
				3B6CB75D1D4CAAA9005C40D8 /* Panda Electric MobileUITests */,
			);
		};
/* End PBXProject section */

/* Begin PBXResourcesBuildPhase section */
		3B6CB73B1D4CAAA9005C40D8 /* Resources */ = {
			isa = PBXResourcesBuildPhase;
			buildActionMask = 2147483647;
			files = (
				3B6CB74D1D4CAAA9005C40D8 /* LaunchScreen.storyboard in Resources */,
				3B6CB74A1D4CAAA9005C40D8 /* Assets.xcassets in Resources */,
				3B6CB7481D4CAAA9005C40D8 /* Main.storyboard in Resources */,
			);
			runOnlyForDeploymentPostprocessing = 0;
		};
		3B6CB7511D4CAAA9005C40D8 /* Resources */ = {
			isa = PBXResourcesBuildPhase;
			buildActionMask = 2147483647;
			files = (
			);
			runOnlyForDeploymentPostprocessing = 0;
		};
		3B6CB75C1D4CAAA9005C40D8 /* Resources */ = {
			isa = PBXResourcesBuildPhase;
			buildActionMask = 2147483647;
			files = (
			);
			runOnlyForDeploymentPostprocessing = 0;
		};
/* End PBXResourcesBuildPhase section */

/* Begin PBXShellScriptBuildPhase section */
		1D40E03572990333279FFA4E /* [CP] Check Pods Manifest.lock */ = {
			isa = PBXShellScriptBuildPhase;
			buildActionMask = 2147483647;
			files = (
			);
			inputPaths = (
			);
			name = "[CP] Check Pods Manifest.lock";
			outputPaths = (
			);
			runOnlyForDeploymentPostprocessing = 0;
			shellPath = /bin/sh;
			shellScript = "diff \"${PODS_ROOT}/../Podfile.lock\" \"${PODS_ROOT}/Manifest.lock\" > /dev/null\nif [[ $? != 0 ]] ; then\n    cat << EOM\nerror: The sandbox is not in sync with the Podfile.lock. Run 'pod install' or update your CocoaPods installation.\nEOM\n    exit 1\nfi\n";
			showEnvVarsInLog = 0;
		};
		28BD5D6DDF64BA43DDA0C24A /* [CP] Copy Pods Resources */ = {
			isa = PBXShellScriptBuildPhase;
			buildActionMask = 2147483647;
			files = (
			);
			inputPaths = (
			);
			name = "[CP] Copy Pods Resources";
			outputPaths = (
			);
			runOnlyForDeploymentPostprocessing = 0;
			shellPath = /bin/sh;
			shellScript = "\"${SRCROOT}/Pods/Target Support Files/Pods-Panda-Panda Electric Mobile/Pods-Panda-Panda Electric Mobile-resources.sh\"\n";
			showEnvVarsInLog = 0;
		};
		5A3DDABFFE859844C75CB1DA /* [CP] Embed Pods Frameworks */ = {
			isa = PBXShellScriptBuildPhase;
			buildActionMask = 2147483647;
			files = (
			);
			inputPaths = (
			);
			name = "[CP] Embed Pods Frameworks";
			outputPaths = (
			);
			runOnlyForDeploymentPostprocessing = 0;
			shellPath = /bin/sh;
			shellScript = "\"${SRCROOT}/Pods/Target Support Files/Pods-Panda-Panda Electric Mobile/Pods-Panda-Panda Electric Mobile-frameworks.sh\"\n";
			showEnvVarsInLog = 0;
		};
/* End PBXShellScriptBuildPhase section */

/* Begin PBXSourcesBuildPhase section */
		3B6CB7391D4CAAA9005C40D8 /* Sources */ = {
			isa = PBXSourcesBuildPhase;
			buildActionMask = 2147483647;
			files = (
				3BDF2DE81D7C361300CFC1BB /* FibonacciSequence.swift in Sources */,
				3B6CB7451D4CAAA9005C40D8 /* DetailViewController.swift in Sources */,
				3B8C1D701D7AAE7F00500B43 /* FibonacciPickerView.swift in Sources */,
				3BDF2DEA1D7C70D100CFC1BB /* FibonacciNumberButton.swift in Sources */,
				3B6CB7431D4CAAA9005C40D8 /* MasterViewController.swift in Sources */,
				3B6CB7411D4CAAA9005C40D8 /* AppDelegate.swift in Sources */,
			);
			runOnlyForDeploymentPostprocessing = 0;
		};
		3B6CB74F1D4CAAA9005C40D8 /* Sources */ = {
			isa = PBXSourcesBuildPhase;
			buildActionMask = 2147483647;
			files = (
				3B6CB7581D4CAAA9005C40D8 /* Panda_Electric_MobileTests.swift in Sources */,
			);
			runOnlyForDeploymentPostprocessing = 0;
		};
		3B6CB75A1D4CAAA9005C40D8 /* Sources */ = {
			isa = PBXSourcesBuildPhase;
			buildActionMask = 2147483647;
			files = (
				3B6CB7631D4CAAAA005C40D8 /* Panda_Electric_MobileUITests.swift in Sources */,
			);
			runOnlyForDeploymentPostprocessing = 0;
		};
/* End PBXSourcesBuildPhase section */

/* Begin PBXTargetDependency section */
		3B6CB7551D4CAAA9005C40D8 /* PBXTargetDependency */ = {
			isa = PBXTargetDependency;
			target = 3B6CB73C1D4CAAA9005C40D8 /* Panda Electric Mobile */;
			targetProxy = 3B6CB7541D4CAAA9005C40D8 /* PBXContainerItemProxy */;
		};
		3B6CB7601D4CAAAA005C40D8 /* PBXTargetDependency */ = {
			isa = PBXTargetDependency;
			target = 3B6CB73C1D4CAAA9005C40D8 /* Panda Electric Mobile */;
			targetProxy = 3B6CB75F1D4CAAAA005C40D8 /* PBXContainerItemProxy */;
		};
/* End PBXTargetDependency section */

/* Begin PBXVariantGroup section */
		3B6CB7461D4CAAA9005C40D8 /* Main.storyboard */ = {
			isa = PBXVariantGroup;
			children = (
				3B6CB7471D4CAAA9005C40D8 /* Base */,
			);
			name = Main.storyboard;
			sourceTree = "<group>";
		};
		3B6CB74B1D4CAAA9005C40D8 /* LaunchScreen.storyboard */ = {
			isa = PBXVariantGroup;
			children = (
				3B6CB74C1D4CAAA9005C40D8 /* Base */,
			);
			name = LaunchScreen.storyboard;
			sourceTree = "<group>";
		};
/* End PBXVariantGroup section */

/* Begin XCBuildConfiguration section */
		3B6CB7651D4CAAAA005C40D8 /* Debug */ = {
			isa = XCBuildConfiguration;
			buildSettings = {
				ALWAYS_SEARCH_USER_PATHS = NO;
				CLANG_ANALYZER_NONNULL = YES;
				CLANG_CXX_LANGUAGE_STANDARD = "gnu++0x";
				CLANG_CXX_LIBRARY = "libc++";
				CLANG_ENABLE_MODULES = YES;
				CLANG_ENABLE_OBJC_ARC = YES;
				CLANG_WARN_BOOL_CONVERSION = YES;
				CLANG_WARN_CONSTANT_CONVERSION = YES;
				CLANG_WARN_DIRECT_OBJC_ISA_USAGE = YES_ERROR;
				CLANG_WARN_EMPTY_BODY = YES;
				CLANG_WARN_ENUM_CONVERSION = YES;
				CLANG_WARN_INT_CONVERSION = YES;
				CLANG_WARN_OBJC_ROOT_CLASS = YES_ERROR;
				CLANG_WARN_UNREACHABLE_CODE = YES;
				CLANG_WARN__DUPLICATE_METHOD_MATCH = YES;
				"CODE_SIGN_IDENTITY[sdk=iphoneos*]" = "iPhone Developer";
				COPY_PHASE_STRIP = NO;
				DEBUG_INFORMATION_FORMAT = dwarf;
				ENABLE_STRICT_OBJC_MSGSEND = YES;
				ENABLE_TESTABILITY = YES;
				GCC_C_LANGUAGE_STANDARD = gnu99;
				GCC_DYNAMIC_NO_PIC = NO;
				GCC_NO_COMMON_BLOCKS = YES;
				GCC_OPTIMIZATION_LEVEL = 0;
				GCC_PREPROCESSOR_DEFINITIONS = (
					"DEBUG=1",
					"$(inherited)",
				);
				GCC_WARN_64_TO_32_BIT_CONVERSION = YES;
				GCC_WARN_ABOUT_RETURN_TYPE = YES_ERROR;
				GCC_WARN_UNDECLARED_SELECTOR = YES;
				GCC_WARN_UNINITIALIZED_AUTOS = YES_AGGRESSIVE;
				GCC_WARN_UNUSED_FUNCTION = YES;
				GCC_WARN_UNUSED_VARIABLE = YES;
				IPHONEOS_DEPLOYMENT_TARGET = 9.3;
				MTL_ENABLE_DEBUG_INFO = YES;
				ONLY_ACTIVE_ARCH = YES;
				SDKROOT = iphoneos;
				SWIFT_OPTIMIZATION_LEVEL = "-Onone";
				TARGETED_DEVICE_FAMILY = "1,2";
			};
			name = Debug;
		};
		3B6CB7661D4CAAAA005C40D8 /* Release */ = {
			isa = XCBuildConfiguration;
			buildSettings = {
				ALWAYS_SEARCH_USER_PATHS = NO;
				CLANG_ANALYZER_NONNULL = YES;
				CLANG_CXX_LANGUAGE_STANDARD = "gnu++0x";
				CLANG_CXX_LIBRARY = "libc++";
				CLANG_ENABLE_MODULES = YES;
				CLANG_ENABLE_OBJC_ARC = YES;
				CLANG_WARN_BOOL_CONVERSION = YES;
				CLANG_WARN_CONSTANT_CONVERSION = YES;
				CLANG_WARN_DIRECT_OBJC_ISA_USAGE = YES_ERROR;
				CLANG_WARN_EMPTY_BODY = YES;
				CLANG_WARN_ENUM_CONVERSION = YES;
				CLANG_WARN_INT_CONVERSION = YES;
				CLANG_WARN_OBJC_ROOT_CLASS = YES_ERROR;
				CLANG_WARN_UNREACHABLE_CODE = YES;
				CLANG_WARN__DUPLICATE_METHOD_MATCH = YES;
				"CODE_SIGN_IDENTITY[sdk=iphoneos*]" = "iPhone Developer";
				COPY_PHASE_STRIP = NO;
				DEBUG_INFORMATION_FORMAT = "dwarf-with-dsym";
				ENABLE_NS_ASSERTIONS = NO;
				ENABLE_STRICT_OBJC_MSGSEND = YES;
				GCC_C_LANGUAGE_STANDARD = gnu99;
				GCC_NO_COMMON_BLOCKS = YES;
				GCC_WARN_64_TO_32_BIT_CONVERSION = YES;
				GCC_WARN_ABOUT_RETURN_TYPE = YES_ERROR;
				GCC_WARN_UNDECLARED_SELECTOR = YES;
				GCC_WARN_UNINITIALIZED_AUTOS = YES_AGGRESSIVE;
				GCC_WARN_UNUSED_FUNCTION = YES;
				GCC_WARN_UNUSED_VARIABLE = YES;
				IPHONEOS_DEPLOYMENT_TARGET = 9.3;
				MTL_ENABLE_DEBUG_INFO = NO;
				SDKROOT = iphoneos;
				TARGETED_DEVICE_FAMILY = "1,2";
				VALIDATE_PRODUCT = YES;
			};
			name = Release;
		};
		3B6CB7681D4CAAAA005C40D8 /* Debug */ = {
			isa = XCBuildConfiguration;
			baseConfigurationReference = F95FBA379B6266CFC95125E3 /* Pods-Panda-Panda Electric Mobile.debug.xcconfig */;
			buildSettings = {
				ASSETCATALOG_COMPILER_APPICON_NAME = AppIcon;
				CODE_SIGN_IDENTITY = "iPhone Developer";
				INFOPLIST_FILE = "Panda Electric Mobile/Info.plist";
				LD_RUNPATH_SEARCH_PATHS = "$(inherited) @executable_path/Frameworks";
				PRODUCT_BUNDLE_IDENTIFIER = "com.elbedev.Panda-Electric-Mobile";
				PRODUCT_NAME = "$(TARGET_NAME)";
			};
			name = Debug;
		};
		3B6CB7691D4CAAAA005C40D8 /* Release */ = {
			isa = XCBuildConfiguration;
			baseConfigurationReference = D476A156729D6D8422EB9DD5 /* Pods-Panda-Panda Electric Mobile.release.xcconfig */;
			buildSettings = {
				ASSETCATALOG_COMPILER_APPICON_NAME = AppIcon;
				CODE_SIGN_IDENTITY = "iPhone Developer";
				INFOPLIST_FILE = "Panda Electric Mobile/Info.plist";
				LD_RUNPATH_SEARCH_PATHS = "$(inherited) @executable_path/Frameworks";
				PRODUCT_BUNDLE_IDENTIFIER = "com.elbedev.Panda-Electric-Mobile";
				PRODUCT_NAME = "$(TARGET_NAME)";
			};
			name = Release;
		};
		3B6CB76B1D4CAAAA005C40D8 /* Debug */ = {
			isa = XCBuildConfiguration;
			buildSettings = {
				BUNDLE_LOADER = "$(TEST_HOST)";
				INFOPLIST_FILE = "Panda Electric MobileTests/Info.plist";
				LD_RUNPATH_SEARCH_PATHS = "$(inherited) @executable_path/Frameworks @loader_path/Frameworks";
				PRODUCT_BUNDLE_IDENTIFIER = "com.elbedev.Panda-Electric-MobileTests";
				PRODUCT_NAME = "$(TARGET_NAME)";
				TEST_HOST = "$(BUILT_PRODUCTS_DIR)/Panda Electric Mobile.app/Panda Electric Mobile";
			};
			name = Debug;
		};
		3B6CB76C1D4CAAAA005C40D8 /* Release */ = {
			isa = XCBuildConfiguration;
			buildSettings = {
				BUNDLE_LOADER = "$(TEST_HOST)";
				INFOPLIST_FILE = "Panda Electric MobileTests/Info.plist";
				LD_RUNPATH_SEARCH_PATHS = "$(inherited) @executable_path/Frameworks @loader_path/Frameworks";
				PRODUCT_BUNDLE_IDENTIFIER = "com.elbedev.Panda-Electric-MobileTests";
				PRODUCT_NAME = "$(TARGET_NAME)";
				TEST_HOST = "$(BUILT_PRODUCTS_DIR)/Panda Electric Mobile.app/Panda Electric Mobile";
			};
			name = Release;
		};
		3B6CB76E1D4CAAAA005C40D8 /* Debug */ = {
			isa = XCBuildConfiguration;
			buildSettings = {
				INFOPLIST_FILE = "Panda Electric MobileUITests/Info.plist";
				LD_RUNPATH_SEARCH_PATHS = "$(inherited) @executable_path/Frameworks @loader_path/Frameworks";
				PRODUCT_BUNDLE_IDENTIFIER = "com.elbedev.Panda-Electric-MobileUITests";
				PRODUCT_NAME = "$(TARGET_NAME)";
				TEST_TARGET_NAME = "Panda Electric Mobile";
			};
			name = Debug;
		};
		3B6CB76F1D4CAAAA005C40D8 /* Release */ = {
			isa = XCBuildConfiguration;
			buildSettings = {
				INFOPLIST_FILE = "Panda Electric MobileUITests/Info.plist";
				LD_RUNPATH_SEARCH_PATHS = "$(inherited) @executable_path/Frameworks @loader_path/Frameworks";
				PRODUCT_BUNDLE_IDENTIFIER = "com.elbedev.Panda-Electric-MobileUITests";
				PRODUCT_NAME = "$(TARGET_NAME)";
				TEST_TARGET_NAME = "Panda Electric Mobile";
			};
			name = Release;
		};
/* End XCBuildConfiguration section */

/* Begin XCConfigurationList section */
		3B6CB7381D4CAAA9005C40D8 /* Build configuration list for PBXProject "Panda Electric Mobile" */ = {
			isa = XCConfigurationList;
			buildConfigurations = (
				3B6CB7651D4CAAAA005C40D8 /* Debug */,
				3B6CB7661D4CAAAA005C40D8 /* Release */,
			);
			defaultConfigurationIsVisible = 0;
			defaultConfigurationName = Release;
		};
		3B6CB7671D4CAAAA005C40D8 /* Build configuration list for PBXNativeTarget "Panda Electric Mobile" */ = {
			isa = XCConfigurationList;
			buildConfigurations = (
				3B6CB7681D4CAAAA005C40D8 /* Debug */,
				3B6CB7691D4CAAAA005C40D8 /* Release */,
			);
			defaultConfigurationIsVisible = 0;
			defaultConfigurationName = Release;
		};
		3B6CB76A1D4CAAAA005C40D8 /* Build configuration list for PBXNativeTarget "Panda Electric MobileTests" */ = {
			isa = XCConfigurationList;
			buildConfigurations = (
				3B6CB76B1D4CAAAA005C40D8 /* Debug */,
				3B6CB76C1D4CAAAA005C40D8 /* Release */,
			);
			defaultConfigurationIsVisible = 0;
			defaultConfigurationName = Release;
		};
		3B6CB76D1D4CAAAA005C40D8 /* Build configuration list for PBXNativeTarget "Panda Electric MobileUITests" */ = {
			isa = XCConfigurationList;
			buildConfigurations = (
				3B6CB76E1D4CAAAA005C40D8 /* Debug */,
				3B6CB76F1D4CAAAA005C40D8 /* Release */,
			);
			defaultConfigurationIsVisible = 0;
			defaultConfigurationName = Release;
		};
/* End XCConfigurationList section */
	};
	rootObject = 3B6CB7351D4CAAA9005C40D8 /* Project object */;
}
